<?xml version="1.0" encoding="utf-8"?>
<Project ToolsVersion="4.0" xmlns="http://schemas.microsoft.com/developer/msbuild/2003">
  <ItemGroup>
    <ClCompile Include="pch.cpp" />
    <ClCompile Include="Main.cpp" />
    <ClCompile Include="KeyboardTest.cpp" />
  </ItemGroup>
  <ItemGroup>
    <ClInclude Include="pch.h" />
    <ClInclude Include="StepTimer.h" />
    <ClInclude Include="KeyboardTest.h" />
  </ItemGroup>
  <ItemGroup>
    <AppxManifest Include="Package.appxmanifest" />
  </ItemGroup>
  <ItemGroup>
    <Filter Include="Assets">
      <UniqueIdentifier>{d8fac03d-76f6-42ba-b0ec-73a0caffee76}</UniqueIdentifier>
    </Filter>
  </ItemGroup>
  <ItemGroup>
    <Image Include="Logo.scale-100.png">
      <Filter>Assets</Filter>
    </Image>
    <Image Include="SmallLogo.scale-100.png">
      <Filter>Assets</Filter>
    </Image>
    <Image Include="SplashScreen.scale-100.png">
      <Filter>Assets</Filter>
    </Image>
    <Image Include="StoreLogo.scale-100.png">
      <Filter>Assets</Filter>
    </Image>
    <Image Include="WideLogo.scale-100.png">
      <Filter>Assets</Filter>
    </Image>
    <Image Include="texture.dds">
      <Filter>Assets</Filter>
    </Image>
  </ItemGroup>
  <ItemGroup>
    <None Include="KeyboardTest_TemporaryKey.pfx" />
    <None Include="comic.spritefont">
      <Filter>Assets</Filter>
    </None>
  </ItemGroup>
</Project>