
Microsoft Visual Studio Solution File, Format Version 12.00
# Visual Studio 15
VisualStudioVersion = 15.0.26430.6
MinimumVisualStudioVersion = 10.0.40219.1
Project("{8BC9CEB8-8B4A-11D0-8D11-00A0C91BC942}") = "DirectXTK_Desktop_2017", "..\DirectXTK_Desktop_2017.vcxproj", "{E0B52AE7-E160-4D32-BF3F-910B785E5A8E}"
EndProject
Project("{8BC9CEB8-8B4A-11D0-8D11-00A0C91BC942}") = "SpriteBatchTest_Desktop_2017", "SpriteBatchTest\SpriteBatchTest_Desktop_2017.vcxproj", "{828531CE-0C3C-4B9A-884C-3726623C4666}"
EndProject
Project("{2150E333-8FDC-42A3-9474-1A3956D46DE8}") = "Graphics", "Graphics", "{4D16B144-34CC-42E7-8078-A5504ECF2C9E}"
EndProject
Project("{8BC9CEB8-8B4A-11D0-8D11-00A0C91BC942}") = "PrimitivesTest_Desktop_2017", "PrimitivesTest\PrimitivesTest_Desktop_2017.vcxproj", "{DA8EBCA6-B579-4210-B718-C80FD1FF4688}"
EndProject
Project("{8BC9CEB8-8B4A-11D0-8D11-00A0C91BC942}") = "EffectsTest_Desktop_2017", "EffectsTest\EffectsTest_Desktop_2017.vcxproj", "{73D86084-E42E-48AE-A7AD-609784B13304}"
EndProject
Project("{8BC9CEB8-8B4A-11D0-8D11-00A0C91BC942}") = "LoadTest_Desktop_2017", "LoadTest\LoadTest_Desktop_2017.vcxproj", "{5304DBDA-A842-4E40-B187-8C4DD9E93654}"
EndProject
Project("{8BC9CEB8-8B4A-11D0-8D11-00A0C91BC942}") = "SpriteFontTest_Desktop_2017", "SpriteFontTest\SpriteFontTest_Desktop_2017.vcxproj", "{E78B7F1D-F6FD-44F9-A715-B2280E517B6C}"
EndProject
Project("{8BC9CEB8-8B4A-11D0-8D11-00A0C91BC942}") = "ModelTest_Desktop_2017", "ModelTest\ModelTest_Desktop_2017.vcxproj", "{7F3B9A57-102D-4370-9EDA-1BF79FDE908E}"
EndProject
Project("{8BC9CEB8-8B4A-11D0-8D11-00A0C91BC942}") = "SimpleMathTest_Desktop_2017", "SimpleMathTest\SimpleMathTest_Desktop_2017.vcxproj", "{790758E2-27F9-48EB-B3A7-B8828F54EDD6}"
EndProject
Project("{8BC9CEB8-8B4A-11D0-8D11-00A0C91BC942}") = "DGSLTest_Desktop_2017", "DGSLTest\DGSLTest_Desktop_2017.vcxproj", "{5D68BEC8-0B2E-40AF-B8A0-491F9C45148A}"
EndProject
Project("{8BC9CEB8-8B4A-11D0-8D11-00A0C91BC942}") = "DirectXTKAudio_Desktop_2017_Win8", "..\Audio\DirectXTKAudio_Desktop_2017_Win8.vcxproj", "{4F150A30-CECB-49D1-8283-6A3F57438CF5}"
EndProject
Project("{8BC9CEB8-8B4A-11D0-8D11-00A0C91BC942}") = "Audio3DTest_Desktop_2017_Win8", "Audio3DTest\Audio3DTest_Desktop_2017_Win8.vcxproj", "{28E0E100-6368-4BAD-AF65-832248DD0B73}"
EndProject
Project("{8BC9CEB8-8B4A-11D0-8D11-00A0C91BC942}") = "BasicAudioTest_Desktop_2017_Win8", "BasicAudioTest\BasicAudioTest_Desktop_2017_Win8.vcxproj", "{C81EFCF2-0DD3-4BF6-BB74-B2CC876CFA4B}"
EndProject
Project("{8BC9CEB8-8B4A-11D0-8D11-00A0C91BC942}") = "DynamicAudioTest_Desktop_2017_Win8", "DynamicAudioTest\DynamicAudioTest_Desktop_2017_Win8.vcxproj", "{C0702EBA-C4C6-4530-9AE3-8D74BF7D7644}"
EndProject
Project("{8BC9CEB8-8B4A-11D0-8D11-00A0C91BC942}") = "GamePadTest_Desktop_2017", "GamePadTest\GamePadTest_Desktop_2017.vcxproj", "{C526C2CB-1E62-4ABD-AAD1-05B52BEDDA6C}"
EndProject
Project("{8BC9CEB8-8B4A-11D0-8D11-00A0C91BC942}") = "AnimTest_Desktop_2017", "AnimTest\AnimTest_Desktop_2017.vcxproj", "{68B6C0D1-60A6-45B9-AD0B-86FB10407A53}"
EndProject
Project("{8BC9CEB8-8B4A-11D0-8D11-00A0C91BC942}") = "D3D11Test_Desktop_2017", "D3D11Test\D3D11Test_Desktop_2017.vcxproj", "{BAD524A1-A164-4B82-83C7-A38E2601E6A5}"
EndProject
Project("{8BC9CEB8-8B4A-11D0-8D11-00A0C91BC942}") = "KeyboardTest_Desktop_2017", "KeyboardTest\KeyboardTest_Desktop_2017.vcxproj", "{AC25E98A-7B4F-4799-B00B-5F327D837CE0}"
EndProject
Project("{8BC9CEB8-8B4A-11D0-8D11-00A0C91BC942}") = "MouseTest_Desktop_2017", "MouseTest\MouseTest_Desktop_2017.vcxproj", "{2510E3E7-F869-42A6-A8A1-BF1EDB69172C}"
EndProject
Project("{8BC9CEB8-8B4A-11D0-8D11-00A0C91BC942}") = "ShaderTest_Desktop_2017", "ShaderTest\ShaderTest_Desktop_2017.vcxproj", "{7E9CD78A-EB07-4299-B015-DBC2383F14FD}"
EndProject
Project("{8BC9CEB8-8B4A-11D0-8D11-00A0C91BC942}") = "SimpleAudioTest_Desktop_2017_Win8", "SimpleAudioTest\SimpleAudioTest_Desktop_2017_Win8.vcxproj", "{C3281769-B603-4C38-A765-29F9EA00C84E}"
EndProject
Project("{2150E333-8FDC-42A3-9474-1A3956D46DE8}") = "Audio", "Audio", "{AA1E3381-323C-48B8-A3C2-37559BE3C544}"
EndProject
Project("{2150E333-8FDC-42A3-9474-1A3956D46DE8}") = "Input", "Input", "{47AFCC01-4A23-47CA-B8C5-5850F3B8841D}"
EndProject
Project("{2150E333-8FDC-42A3-9474-1A3956D46DE8}") = "Math", "Math", "{A851C40B-4A25-49F1-B551-63E53949F0CA}"
EndProject
Project("{8BC9CEB8-8B4A-11D0-8D11-00A0C91BC942}") = "fuzzloaders_Desktop_2017", "fuzzloaders\fuzzloaders_Desktop_2017.vcxproj", "{65A50BAD-23BA-426B-9D72-2BD06F31F13B}"
EndProject
Project("{8BC9CEB8-8B4A-11D0-8D11-00A0C91BC942}") = "PostProcessTest_Desktop_2017", "PostProcessTest\PostProcessTest_Desktop_2017.vcxproj", "{8C932F60-6BDF-4FAC-9E08-53B6CA85BCB3}"
EndProject
Global
	GlobalSection(SolutionConfigurationPlatforms) = preSolution
		Debug|Mixed Platforms = Debug|Mixed Platforms
		Debug|Win32 = Debug|Win32
		Debug|x64 = Debug|x64
		Release|Mixed Platforms = Release|Mixed Platforms
		Release|Win32 = Release|Win32
		Release|x64 = Release|x64
	EndGlobalSection
	GlobalSection(ProjectConfigurationPlatforms) = postSolution
		{E0B52AE7-E160-4D32-BF3F-910B785E5A8E}.Debug|Mixed Platforms.ActiveCfg = Debug|Win32
		{E0B52AE7-E160-4D32-BF3F-910B785E5A8E}.Debug|Mixed Platforms.Build.0 = Debug|Win32
		{E0B52AE7-E160-4D32-BF3F-910B785E5A8E}.Debug|Mixed Platforms.Deploy.0 = Debug|Win32
		{E0B52AE7-E160-4D32-BF3F-910B785E5A8E}.Debug|Win32.ActiveCfg = Debug|Win32
		{E0B52AE7-E160-4D32-BF3F-910B785E5A8E}.Debug|Win32.Build.0 = Debug|Win32
		{E0B52AE7-E160-4D32-BF3F-910B785E5A8E}.Debug|x64.ActiveCfg = Debug|x64
		{E0B52AE7-E160-4D32-BF3F-910B785E5A8E}.Debug|x64.Build.0 = Debug|x64
		{E0B52AE7-E160-4D32-BF3F-910B785E5A8E}.Release|Mixed Platforms.ActiveCfg = Release|Win32
		{E0B52AE7-E160-4D32-BF3F-910B785E5A8E}.Release|Mixed Platforms.Build.0 = Release|Win32
		{E0B52AE7-E160-4D32-BF3F-910B785E5A8E}.Release|Mixed Platforms.Deploy.0 = Release|Win32
		{E0B52AE7-E160-4D32-BF3F-910B785E5A8E}.Release|Win32.ActiveCfg = Release|Win32
		{E0B52AE7-E160-4D32-BF3F-910B785E5A8E}.Release|Win32.Build.0 = Release|Win32
		{E0B52AE7-E160-4D32-BF3F-910B785E5A8E}.Release|x64.ActiveCfg = Release|x64
		{E0B52AE7-E160-4D32-BF3F-910B785E5A8E}.Release|x64.Build.0 = Release|x64
		{828531CE-0C3C-4B9A-884C-3726623C4666}.Debug|Mixed Platforms.ActiveCfg = Debug|Win32
		{828531CE-0C3C-4B9A-884C-3726623C4666}.Debug|Mixed Platforms.Build.0 = Debug|Win32
		{828531CE-0C3C-4B9A-884C-3726623C4666}.Debug|Mixed Platforms.Deploy.0 = Debug|Win32
		{828531CE-0C3C-4B9A-884C-3726623C4666}.Debug|Win32.ActiveCfg = Debug|Win32
		{828531CE-0C3C-4B9A-884C-3726623C4666}.Debug|Win32.Build.0 = Debug|Win32
		{828531CE-0C3C-4B9A-884C-3726623C4666}.Debug|x64.ActiveCfg = Debug|x64
		{828531CE-0C3C-4B9A-884C-3726623C4666}.Debug|x64.Build.0 = Debug|x64
		{828531CE-0C3C-4B9A-884C-3726623C4666}.Release|Mixed Platforms.ActiveCfg = Release|Win32
		{828531CE-0C3C-4B9A-884C-3726623C4666}.Release|Mixed Platforms.Build.0 = Release|Win32
		{828531CE-0C3C-4B9A-884C-3726623C4666}.Release|Mixed Platforms.Deploy.0 = Release|Win32
		{828531CE-0C3C-4B9A-884C-3726623C4666}.Release|Win32.ActiveCfg = Release|Win32
		{828531CE-0C3C-4B9A-884C-3726623C4666}.Release|Win32.Build.0 = Release|Win32
		{828531CE-0C3C-4B9A-884C-3726623C4666}.Release|x64.ActiveCfg = Release|x64
		{828531CE-0C3C-4B9A-884C-3726623C4666}.Release|x64.Build.0 = Release|x64
		{DA8EBCA6-B579-4210-B718-C80FD1FF4688}.Debug|Mixed Platforms.ActiveCfg = Debug|Win32
		{DA8EBCA6-B579-4210-B718-C80FD1FF4688}.Debug|Mixed Platforms.Build.0 = Debug|Win32
		{DA8EBCA6-B579-4210-B718-C80FD1FF4688}.Debug|Mixed Platforms.Deploy.0 = Debug|Win32
		{DA8EBCA6-B579-4210-B718-C80FD1FF4688}.Debug|Win32.ActiveCfg = Debug|Win32
		{DA8EBCA6-B579-4210-B718-C80FD1FF4688}.Debug|Win32.Build.0 = Debug|Win32
		{DA8EBCA6-B579-4210-B718-C80FD1FF4688}.Debug|x64.ActiveCfg = Debug|x64
		{DA8EBCA6-B579-4210-B718-C80FD1FF4688}.Debug|x64.Build.0 = Debug|x64
		{DA8EBCA6-B579-4210-B718-C80FD1FF4688}.Release|Mixed Platforms.ActiveCfg = Release|Win32
		{DA8EBCA6-B579-4210-B718-C80FD1FF4688}.Release|Mixed Platforms.Build.0 = Release|Win32
		{DA8EBCA6-B579-4210-B718-C80FD1FF4688}.Release|Mixed Platforms.Deploy.0 = Release|Win32
		{DA8EBCA6-B579-4210-B718-C80FD1FF4688}.Release|Win32.ActiveCfg = Release|Win32
		{DA8EBCA6-B579-4210-B718-C80FD1FF4688}.Release|Win32.Build.0 = Release|Win32
		{DA8EBCA6-B579-4210-B718-C80FD1FF4688}.Release|x64.ActiveCfg = Release|x64
		{DA8EBCA6-B579-4210-B718-C80FD1FF4688}.Release|x64.Build.0 = Release|x64
		{73D86084-E42E-48AE-A7AD-609784B13304}.Debug|Mixed Platforms.ActiveCfg = Debug|Win32
		{73D86084-E42E-48AE-A7AD-609784B13304}.Debug|Mixed Platforms.Build.0 = Debug|Win32
		{73D86084-E42E-48AE-A7AD-609784B13304}.Debug|Mixed Platforms.Deploy.0 = Debug|Win32
		{73D86084-E42E-48AE-A7AD-609784B13304}.Debug|Win32.ActiveCfg = Debug|Win32
		{73D86084-E42E-48AE-A7AD-609784B13304}.Debug|Win32.Build.0 = Debug|Win32
		{73D86084-E42E-48AE-A7AD-609784B13304}.Debug|x64.ActiveCfg = Debug|x64
		{73D86084-E42E-48AE-A7AD-609784B13304}.Debug|x64.Build.0 = Debug|x64
		{73D86084-E42E-48AE-A7AD-609784B13304}.Release|Mixed Platforms.ActiveCfg = Release|Win32
		{73D86084-E42E-48AE-A7AD-609784B13304}.Release|Mixed Platforms.Build.0 = Release|Win32
		{73D86084-E42E-48AE-A7AD-609784B13304}.Release|Mixed Platforms.Deploy.0 = Release|Win32
		{73D86084-E42E-48AE-A7AD-609784B13304}.Release|Win32.ActiveCfg = Release|Win32
		{73D86084-E42E-48AE-A7AD-609784B13304}.Release|Win32.Build.0 = Release|Win32
		{73D86084-E42E-48AE-A7AD-609784B13304}.Release|x64.ActiveCfg = Release|x64
		{73D86084-E42E-48AE-A7AD-609784B13304}.Release|x64.Build.0 = Release|x64
		{5304DBDA-A842-4E40-B187-8C4DD9E93654}.Debug|Mixed Platforms.ActiveCfg = Debug|Win32
		{5304DBDA-A842-4E40-B187-8C4DD9E93654}.Debug|Mixed Platforms.Build.0 = Debug|Win32
		{5304DBDA-A842-4E40-B187-8C4DD9E93654}.Debug|Mixed Platforms.Deploy.0 = Debug|Win32
		{5304DBDA-A842-4E40-B187-8C4DD9E93654}.Debug|Win32.ActiveCfg = Debug|Win32
		{5304DBDA-A842-4E40-B187-8C4DD9E93654}.Debug|Win32.Build.0 = Debug|Win32
		{5304DBDA-A842-4E40-B187-8C4DD9E93654}.Debug|x64.ActiveCfg = Debug|x64
		{5304DBDA-A842-4E40-B187-8C4DD9E93654}.Debug|x64.Build.0 = Debug|x64
		{5304DBDA-A842-4E40-B187-8C4DD9E93654}.Release|Mixed Platforms.ActiveCfg = Release|Win32
		{5304DBDA-A842-4E40-B187-8C4DD9E93654}.Release|Mixed Platforms.Build.0 = Release|Win32
		{5304DBDA-A842-4E40-B187-8C4DD9E93654}.Release|Mixed Platforms.Deploy.0 = Release|Win32
		{5304DBDA-A842-4E40-B187-8C4DD9E93654}.Release|Win32.ActiveCfg = Release|Win32
		{5304DBDA-A842-4E40-B187-8C4DD9E93654}.Release|Win32.Build.0 = Release|Win32
		{5304DBDA-A842-4E40-B187-8C4DD9E93654}.Release|x64.ActiveCfg = Release|x64
		{5304DBDA-A842-4E40-B187-8C4DD9E93654}.Release|x64.Build.0 = Release|x64
		{E78B7F1D-F6FD-44F9-A715-B2280E517B6C}.Debug|Mixed Platforms.ActiveCfg = Debug|Win32
		{E78B7F1D-F6FD-44F9-A715-B2280E517B6C}.Debug|Mixed Platforms.Build.0 = Debug|Win32
		{E78B7F1D-F6FD-44F9-A715-B2280E517B6C}.Debug|Mixed Platforms.Deploy.0 = Debug|Win32
		{E78B7F1D-F6FD-44F9-A715-B2280E517B6C}.Debug|Win32.ActiveCfg = Debug|Win32
		{E78B7F1D-F6FD-44F9-A715-B2280E517B6C}.Debug|Win32.Build.0 = Debug|Win32
		{E78B7F1D-F6FD-44F9-A715-B2280E517B6C}.Debug|x64.ActiveCfg = Debug|x64
		{E78B7F1D-F6FD-44F9-A715-B2280E517B6C}.Debug|x64.Build.0 = Debug|x64
		{E78B7F1D-F6FD-44F9-A715-B2280E517B6C}.Release|Mixed Platforms.ActiveCfg = Release|Win32
		{E78B7F1D-F6FD-44F9-A715-B2280E517B6C}.Release|Mixed Platforms.Build.0 = Release|Win32
		{E78B7F1D-F6FD-44F9-A715-B2280E517B6C}.Release|Mixed Platforms.Deploy.0 = Release|Win32
		{E78B7F1D-F6FD-44F9-A715-B2280E517B6C}.Release|Win32.ActiveCfg = Release|Win32
		{E78B7F1D-F6FD-44F9-A715-B2280E517B6C}.Release|Win32.Build.0 = Release|Win32
		{E78B7F1D-F6FD-44F9-A715-B2280E517B6C}.Release|x64.ActiveCfg = Release|x64
		{E78B7F1D-F6FD-44F9-A715-B2280E517B6C}.Release|x64.Build.0 = Release|x64
		{7F3B9A57-102D-4370-9EDA-1BF79FDE908E}.Debug|Mixed Platforms.ActiveCfg = Debug|Win32
		{7F3B9A57-102D-4370-9EDA-1BF79FDE908E}.Debug|Mixed Platforms.Build.0 = Debug|Win32
		{7F3B9A57-102D-4370-9EDA-1BF79FDE908E}.Debug|Mixed Platforms.Deploy.0 = Debug|Win32
		{7F3B9A57-102D-4370-9EDA-1BF79FDE908E}.Debug|Win32.ActiveCfg = Debug|Win32
		{7F3B9A57-102D-4370-9EDA-1BF79FDE908E}.Debug|Win32.Build.0 = Debug|Win32
		{7F3B9A57-102D-4370-9EDA-1BF79FDE908E}.Debug|Win32.Deploy.0 = Debug|Win32
		{7F3B9A57-102D-4370-9EDA-1BF79FDE908E}.Debug|x64.ActiveCfg = Debug|x64
		{7F3B9A57-102D-4370-9EDA-1BF79FDE908E}.Debug|x64.Build.0 = Debug|x64
		{7F3B9A57-102D-4370-9EDA-1BF79FDE908E}.Release|Mixed Platforms.ActiveCfg = Release|Win32
		{7F3B9A57-102D-4370-9EDA-1BF79FDE908E}.Release|Mixed Platforms.Build.0 = Release|Win32
		{7F3B9A57-102D-4370-9EDA-1BF79FDE908E}.Release|Mixed Platforms.Deploy.0 = Release|Win32
		{7F3B9A57-102D-4370-9EDA-1BF79FDE908E}.Release|Win32.ActiveCfg = Release|Win32
		{7F3B9A57-102D-4370-9EDA-1BF79FDE908E}.Release|Win32.Build.0 = Release|Win32
		{7F3B9A57-102D-4370-9EDA-1BF79FDE908E}.Release|Win32.Deploy.0 = Release|Win32
		{7F3B9A57-102D-4370-9EDA-1BF79FDE908E}.Release|x64.ActiveCfg = Release|x64
		{7F3B9A57-102D-4370-9EDA-1BF79FDE908E}.Release|x64.Build.0 = Release|x64
		{790758E2-27F9-48EB-B3A7-B8828F54EDD6}.Debug|Mixed Platforms.ActiveCfg = Debug|Win32
		{790758E2-27F9-48EB-B3A7-B8828F54EDD6}.Debug|Mixed Platforms.Build.0 = Debug|Win32
		{790758E2-27F9-48EB-B3A7-B8828F54EDD6}.Debug|Win32.ActiveCfg = Debug|Win32
		{790758E2-27F9-48EB-B3A7-B8828F54EDD6}.Debug|Win32.Build.0 = Debug|Win32
		{790758E2-27F9-48EB-B3A7-B8828F54EDD6}.Debug|x64.ActiveCfg = Debug|x64
		{790758E2-27F9-48EB-B3A7-B8828F54EDD6}.Debug|x64.Build.0 = Debug|x64
		{790758E2-27F9-48EB-B3A7-B8828F54EDD6}.Release|Mixed Platforms.ActiveCfg = Release|Win32
		{790758E2-27F9-48EB-B3A7-B8828F54EDD6}.Release|Mixed Platforms.Build.0 = Release|Win32
		{790758E2-27F9-48EB-B3A7-B8828F54EDD6}.Release|Win32.ActiveCfg = Release|Win32
		{790758E2-27F9-48EB-B3A7-B8828F54EDD6}.Release|Win32.Build.0 = Release|Win32
		{790758E2-27F9-48EB-B3A7-B8828F54EDD6}.Release|x64.ActiveCfg = Release|x64
		{790758E2-27F9-48EB-B3A7-B8828F54EDD6}.Release|x64.Build.0 = Release|x64
		{5D68BEC8-0B2E-40AF-B8A0-491F9C45148A}.Debug|Mixed Platforms.ActiveCfg = Debug|Win32
		{5D68BEC8-0B2E-40AF-B8A0-491F9C45148A}.Debug|Mixed Platforms.Build.0 = Debug|Win32
		{5D68BEC8-0B2E-40AF-B8A0-491F9C45148A}.Debug|Win32.ActiveCfg = Debug|Win32
		{5D68BEC8-0B2E-40AF-B8A0-491F9C45148A}.Debug|Win32.Build.0 = Debug|Win32
		{5D68BEC8-0B2E-40AF-B8A0-491F9C45148A}.Debug|x64.ActiveCfg = Debug|x64
		{5D68BEC8-0B2E-40AF-B8A0-491F9C45148A}.Debug|x64.Build.0 = Debug|x64
		{5D68BEC8-0B2E-40AF-B8A0-491F9C45148A}.Release|Mixed Platforms.ActiveCfg = Release|Win32
		{5D68BEC8-0B2E-40AF-B8A0-491F9C45148A}.Release|Mixed Platforms.Build.0 = Release|Win32
		{5D68BEC8-0B2E-40AF-B8A0-491F9C45148A}.Release|Win32.ActiveCfg = Release|Win32
		{5D68BEC8-0B2E-40AF-B8A0-491F9C45148A}.Release|Win32.Build.0 = Release|Win32
		{5D68BEC8-0B2E-40AF-B8A0-491F9C45148A}.Release|x64.ActiveCfg = Release|x64
		{5D68BEC8-0B2E-40AF-B8A0-491F9C45148A}.Release|x64.Build.0 = Release|x64
		{4F150A30-CECB-49D1-8283-6A3F57438CF5}.Debug|Mixed Platforms.ActiveCfg = Debug|Win32
		{4F150A30-CECB-49D1-8283-6A3F57438CF5}.Debug|Mixed Platforms.Build.0 = Debug|Win32
		{4F150A30-CECB-49D1-8283-6A3F57438CF5}.Debug|Win32.ActiveCfg = Debug|Win32
		{4F150A30-CECB-49D1-8283-6A3F57438CF5}.Debug|Win32.Build.0 = Debug|Win32
		{4F150A30-CECB-49D1-8283-6A3F57438CF5}.Debug|x64.ActiveCfg = Debug|x64
		{4F150A30-CECB-49D1-8283-6A3F57438CF5}.Debug|x64.Build.0 = Debug|x64
		{4F150A30-CECB-49D1-8283-6A3F57438CF5}.Release|Mixed Platforms.ActiveCfg = Release|Win32
		{4F150A30-CECB-49D1-8283-6A3F57438CF5}.Release|Mixed Platforms.Build.0 = Release|Win32
		{4F150A30-CECB-49D1-8283-6A3F57438CF5}.Release|Win32.ActiveCfg = Release|Win32
		{4F150A30-CECB-49D1-8283-6A3F57438CF5}.Release|Win32.Build.0 = Release|Win32
		{4F150A30-CECB-49D1-8283-6A3F57438CF5}.Release|x64.ActiveCfg = Release|x64
		{4F150A30-CECB-49D1-8283-6A3F57438CF5}.Release|x64.Build.0 = Release|x64
		{28E0E100-6368-4BAD-AF65-832248DD0B73}.Debug|Mixed Platforms.ActiveCfg = Debug|Win32
		{28E0E100-6368-4BAD-AF65-832248DD0B73}.Debug|Mixed Platforms.Build.0 = Debug|Win32
		{28E0E100-6368-4BAD-AF65-832248DD0B73}.Debug|Win32.ActiveCfg = Debug|Win32
		{28E0E100-6368-4BAD-AF65-832248DD0B73}.Debug|Win32.Build.0 = Debug|Win32
		{28E0E100-6368-4BAD-AF65-832248DD0B73}.Debug|x64.ActiveCfg = Debug|x64
		{28E0E100-6368-4BAD-AF65-832248DD0B73}.Debug|x64.Build.0 = Debug|x64
		{28E0E100-6368-4BAD-AF65-832248DD0B73}.Release|Mixed Platforms.ActiveCfg = Release|Win32
		{28E0E100-6368-4BAD-AF65-832248DD0B73}.Release|Mixed Platforms.Build.0 = Release|Win32
		{28E0E100-6368-4BAD-AF65-832248DD0B73}.Release|Win32.ActiveCfg = Release|Win32
		{28E0E100-6368-4BAD-AF65-832248DD0B73}.Release|Win32.Build.0 = Release|Win32
		{28E0E100-6368-4BAD-AF65-832248DD0B73}.Release|x64.ActiveCfg = Release|x64
		{28E0E100-6368-4BAD-AF65-832248DD0B73}.Release|x64.Build.0 = Release|x64
		{C81EFCF2-0DD3-4BF6-BB74-B2CC876CFA4B}.Debug|Mixed Platforms.ActiveCfg = Debug|Win32
		{C81EFCF2-0DD3-4BF6-BB74-B2CC876CFA4B}.Debug|Mixed Platforms.Build.0 = Debug|Win32
		{C81EFCF2-0DD3-4BF6-BB74-B2CC876CFA4B}.Debug|Win32.ActiveCfg = Debug|Win32
		{C81EFCF2-0DD3-4BF6-BB74-B2CC876CFA4B}.Debug|Win32.Build.0 = Debug|Win32
		{C81EFCF2-0DD3-4BF6-BB74-B2CC876CFA4B}.Debug|x64.ActiveCfg = Debug|x64
		{C81EFCF2-0DD3-4BF6-BB74-B2CC876CFA4B}.Debug|x64.Build.0 = Debug|x64
		{C81EFCF2-0DD3-4BF6-BB74-B2CC876CFA4B}.Release|Mixed Platforms.ActiveCfg = Release|Win32
		{C81EFCF2-0DD3-4BF6-BB74-B2CC876CFA4B}.Release|Mixed Platforms.Build.0 = Release|Win32
		{C81EFCF2-0DD3-4BF6-BB74-B2CC876CFA4B}.Release|Win32.ActiveCfg = Release|Win32
		{C81EFCF2-0DD3-4BF6-BB74-B2CC876CFA4B}.Release|Win32.Build.0 = Release|Win32
		{C81EFCF2-0DD3-4BF6-BB74-B2CC876CFA4B}.Release|x64.ActiveCfg = Release|x64
		{C81EFCF2-0DD3-4BF6-BB74-B2CC876CFA4B}.Release|x64.Build.0 = Release|x64
		{C0702EBA-C4C6-4530-9AE3-8D74BF7D7644}.Debug|Mixed Platforms.ActiveCfg = Debug|Win32
		{C0702EBA-C4C6-4530-9AE3-8D74BF7D7644}.Debug|Mixed Platforms.Build.0 = Debug|Win32
		{C0702EBA-C4C6-4530-9AE3-8D74BF7D7644}.Debug|Win32.ActiveCfg = Debug|Win32
		{C0702EBA-C4C6-4530-9AE3-8D74BF7D7644}.Debug|Win32.Build.0 = Debug|Win32
		{C0702EBA-C4C6-4530-9AE3-8D74BF7D7644}.Debug|x64.ActiveCfg = Debug|x64
		{C0702EBA-C4C6-4530-9AE3-8D74BF7D7644}.Debug|x64.Build.0 = Debug|x64
		{C0702EBA-C4C6-4530-9AE3-8D74BF7D7644}.Release|Mixed Platforms.ActiveCfg = Release|Win32
		{C0702EBA-C4C6-4530-9AE3-8D74BF7D7644}.Release|Mixed Platforms.Build.0 = Release|Win32
		{C0702EBA-C4C6-4530-9AE3-8D74BF7D7644}.Release|Win32.ActiveCfg = Release|Win32
		{C0702EBA-C4C6-4530-9AE3-8D74BF7D7644}.Release|Win32.Build.0 = Release|Win32
		{C0702EBA-C4C6-4530-9AE3-8D74BF7D7644}.Release|x64.ActiveCfg = Release|x64
		{C0702EBA-C4C6-4530-9AE3-8D74BF7D7644}.Release|x64.Build.0 = Release|x64
		{C526C2CB-1E62-4ABD-AAD1-05B52BEDDA6C}.Debug|Mixed Platforms.ActiveCfg = Debug|Win32
		{C526C2CB-1E62-4ABD-AAD1-05B52BEDDA6C}.Debug|Mixed Platforms.Build.0 = Debug|Win32
		{C526C2CB-1E62-4ABD-AAD1-05B52BEDDA6C}.Debug|Win32.ActiveCfg = Debug|Win32
		{C526C2CB-1E62-4ABD-AAD1-05B52BEDDA6C}.Debug|Win32.Build.0 = Debug|Win32
		{C526C2CB-1E62-4ABD-AAD1-05B52BEDDA6C}.Debug|x64.ActiveCfg = Debug|x64
		{C526C2CB-1E62-4ABD-AAD1-05B52BEDDA6C}.Debug|x64.Build.0 = Debug|x64
		{C526C2CB-1E62-4ABD-AAD1-05B52BEDDA6C}.Release|Mixed Platforms.ActiveCfg = Release|Win32
		{C526C2CB-1E62-4ABD-AAD1-05B52BEDDA6C}.Release|Mixed Platforms.Build.0 = Release|Win32
		{C526C2CB-1E62-4ABD-AAD1-05B52BEDDA6C}.Release|Win32.ActiveCfg = Release|Win32
		{C526C2CB-1E62-4ABD-AAD1-05B52BEDDA6C}.Release|Win32.Build.0 = Release|Win32
		{C526C2CB-1E62-4ABD-AAD1-05B52BEDDA6C}.Release|x64.ActiveCfg = Release|x64
		{C526C2CB-1E62-4ABD-AAD1-05B52BEDDA6C}.Release|x64.Build.0 = Release|x64
		{68B6C0D1-60A6-45B9-AD0B-86FB10407A53}.Debug|Mixed Platforms.ActiveCfg = Debug|Win32
		{68B6C0D1-60A6-45B9-AD0B-86FB10407A53}.Debug|Mixed Platforms.Build.0 = Debug|Win32
		{68B6C0D1-60A6-45B9-AD0B-86FB10407A53}.Debug|Win32.ActiveCfg = Debug|Win32
		{68B6C0D1-60A6-45B9-AD0B-86FB10407A53}.Debug|Win32.Build.0 = Debug|Win32
		{68B6C0D1-60A6-45B9-AD0B-86FB10407A53}.Debug|x64.ActiveCfg = Debug|x64
		{68B6C0D1-60A6-45B9-AD0B-86FB10407A53}.Debug|x64.Build.0 = Debug|x64
		{68B6C0D1-60A6-45B9-AD0B-86FB10407A53}.Release|Mixed Platforms.ActiveCfg = Release|Win32
		{68B6C0D1-60A6-45B9-AD0B-86FB10407A53}.Release|Mixed Platforms.Build.0 = Release|Win32
		{68B6C0D1-60A6-45B9-AD0B-86FB10407A53}.Release|Win32.ActiveCfg = Release|Win32
		{68B6C0D1-60A6-45B9-AD0B-86FB10407A53}.Release|Win32.Build.0 = Release|Win32
		{68B6C0D1-60A6-45B9-AD0B-86FB10407A53}.Release|x64.ActiveCfg = Release|x64
		{68B6C0D1-60A6-45B9-AD0B-86FB10407A53}.Release|x64.Build.0 = Release|x64
		{BAD524A1-A164-4B82-83C7-A38E2601E6A5}.Debug|Mixed Platforms.ActiveCfg = Debug|Win32
		{BAD524A1-A164-4B82-83C7-A38E2601E6A5}.Debug|Mixed Platforms.Build.0 = Debug|Win32
		{BAD524A1-A164-4B82-83C7-A38E2601E6A5}.Debug|Win32.ActiveCfg = Debug|Win32
		{BAD524A1-A164-4B82-83C7-A38E2601E6A5}.Debug|Win32.Build.0 = Debug|Win32
		{BAD524A1-A164-4B82-83C7-A38E2601E6A5}.Debug|x64.ActiveCfg = Debug|x64
		{BAD524A1-A164-4B82-83C7-A38E2601E6A5}.Debug|x64.Build.0 = Debug|x64
		{BAD524A1-A164-4B82-83C7-A38E2601E6A5}.Release|Mixed Platforms.ActiveCfg = Release|Win32
		{BAD524A1-A164-4B82-83C7-A38E2601E6A5}.Release|Mixed Platforms.Build.0 = Release|Win32
		{BAD524A1-A164-4B82-83C7-A38E2601E6A5}.Release|Win32.ActiveCfg = Release|Win32
		{BAD524A1-A164-4B82-83C7-A38E2601E6A5}.Release|Win32.Build.0 = Release|Win32
		{BAD524A1-A164-4B82-83C7-A38E2601E6A5}.Release|x64.ActiveCfg = Release|x64
		{BAD524A1-A164-4B82-83C7-A38E2601E6A5}.Release|x64.Build.0 = Release|x64
		{AC25E98A-7B4F-4799-B00B-5F327D837CE0}.Debug|Mixed Platforms.ActiveCfg = Debug|Win32
		{AC25E98A-7B4F-4799-B00B-5F327D837CE0}.Debug|Mixed Platforms.Build.0 = Debug|Win32
		{AC25E98A-7B4F-4799-B00B-5F327D837CE0}.Debug|Win32.ActiveCfg = Debug|Win32
		{AC25E98A-7B4F-4799-B00B-5F327D837CE0}.Debug|Win32.Build.0 = Debug|Win32
		{AC25E98A-7B4F-4799-B00B-5F327D837CE0}.Debug|x64.ActiveCfg = Debug|x64
		{AC25E98A-7B4F-4799-B00B-5F327D837CE0}.Debug|x64.Build.0 = Debug|x64
		{AC25E98A-7B4F-4799-B00B-5F327D837CE0}.Release|Mixed Platforms.ActiveCfg = Release|Win32
		{AC25E98A-7B4F-4799-B00B-5F327D837CE0}.Release|Mixed Platforms.Build.0 = Release|Win32
		{AC25E98A-7B4F-4799-B00B-5F327D837CE0}.Release|Win32.ActiveCfg = Release|Win32
		{AC25E98A-7B4F-4799-B00B-5F327D837CE0}.Release|Win32.Build.0 = Release|Win32
		{AC25E98A-7B4F-4799-B00B-5F327D837CE0}.Release|x64.ActiveCfg = Release|x64
		{AC25E98A-7B4F-4799-B00B-5F327D837CE0}.Release|x64.Build.0 = Release|x64
		{2510E3E7-F869-42A6-A8A1-BF1EDB69172C}.Debug|Mixed Platforms.ActiveCfg = Debug|Win32
		{2510E3E7-F869-42A6-A8A1-BF1EDB69172C}.Debug|Mixed Platforms.Build.0 = Debug|Win32
		{2510E3E7-F869-42A6-A8A1-BF1EDB69172C}.Debug|Win32.ActiveCfg = Debug|Win32
		{2510E3E7-F869-42A6-A8A1-BF1EDB69172C}.Debug|Win32.Build.0 = Debug|Win32
		{2510E3E7-F869-42A6-A8A1-BF1EDB69172C}.Debug|x64.ActiveCfg = Debug|x64
		{2510E3E7-F869-42A6-A8A1-BF1EDB69172C}.Debug|x64.Build.0 = Debug|x64
		{2510E3E7-F869-42A6-A8A1-BF1EDB69172C}.Release|Mixed Platforms.ActiveCfg = Release|Win32
		{2510E3E7-F869-42A6-A8A1-BF1EDB69172C}.Release|Mixed Platforms.Build.0 = Release|Win32
		{2510E3E7-F869-42A6-A8A1-BF1EDB69172C}.Release|Win32.ActiveCfg = Release|Win32
		{2510E3E7-F869-42A6-A8A1-BF1EDB69172C}.Release|Win32.Build.0 = Release|Win32
		{2510E3E7-F869-42A6-A8A1-BF1EDB69172C}.Release|x64.ActiveCfg = Release|x64
		{2510E3E7-F869-42A6-A8A1-BF1EDB69172C}.Release|x64.Build.0 = Release|x64
		{7E9CD78A-EB07-4299-B015-DBC2383F14FD}.Debug|Mixed Platforms.ActiveCfg = Debug|Win32
		{7E9CD78A-EB07-4299-B015-DBC2383F14FD}.Debug|Mixed Platforms.Build.0 = Debug|Win32
		{7E9CD78A-EB07-4299-B015-DBC2383F14FD}.Debug|Win32.ActiveCfg = Debug|Win32
		{7E9CD78A-EB07-4299-B015-DBC2383F14FD}.Debug|Win32.Build.0 = Debug|Win32
		{7E9CD78A-EB07-4299-B015-DBC2383F14FD}.Debug|x64.ActiveCfg = Debug|x64
		{7E9CD78A-EB07-4299-B015-DBC2383F14FD}.Debug|x64.Build.0 = Debug|x64
		{7E9CD78A-EB07-4299-B015-DBC2383F14FD}.Release|Mixed Platforms.ActiveCfg = Release|Win32
		{7E9CD78A-EB07-4299-B015-DBC2383F14FD}.Release|Mixed Platforms.Build.0 = Release|Win32
		{7E9CD78A-EB07-4299-B015-DBC2383F14FD}.Release|Win32.ActiveCfg = Release|Win32
		{7E9CD78A-EB07-4299-B015-DBC2383F14FD}.Release|Win32.Build.0 = Release|Win32
		{7E9CD78A-EB07-4299-B015-DBC2383F14FD}.Release|x64.ActiveCfg = Release|x64
		{7E9CD78A-EB07-4299-B015-DBC2383F14FD}.Release|x64.Build.0 = Release|x64
		{C3281769-B603-4C38-A765-29F9EA00C84E}.Debug|Mixed Platforms.ActiveCfg = Debug|Win32
		{C3281769-B603-4C38-A765-29F9EA00C84E}.Debug|Mixed Platforms.Build.0 = Debug|Win32
		{C3281769-B603-4C38-A765-29F9EA00C84E}.Debug|Win32.ActiveCfg = Debug|Win32
		{C3281769-B603-4C38-A765-29F9EA00C84E}.Debug|Win32.Build.0 = Debug|Win32
		{C3281769-B603-4C38-A765-29F9EA00C84E}.Debug|x64.ActiveCfg = Debug|x64
		{C3281769-B603-4C38-A765-29F9EA00C84E}.Debug|x64.Build.0 = Debug|x64
		{C3281769-B603-4C38-A765-29F9EA00C84E}.Release|Mixed Platforms.ActiveCfg = Release|Win32
		{C3281769-B603-4C38-A765-29F9EA00C84E}.Release|Mixed Platforms.Build.0 = Release|Win32
		{C3281769-B603-4C38-A765-29F9EA00C84E}.Release|Win32.ActiveCfg = Release|Win32
		{C3281769-B603-4C38-A765-29F9EA00C84E}.Release|Win32.Build.0 = Release|Win32
		{C3281769-B603-4C38-A765-29F9EA00C84E}.Release|x64.ActiveCfg = Release|x64
		{C3281769-B603-4C38-A765-29F9EA00C84E}.Release|x64.Build.0 = Release|x64
		{65A50BAD-23BA-426B-9D72-2BD06F31F13B}.Debug|Mixed Platforms.ActiveCfg = Debug|Win32
		{65A50BAD-23BA-426B-9D72-2BD06F31F13B}.Debug|Mixed Platforms.Build.0 = Debug|Win32
		{65A50BAD-23BA-426B-9D72-2BD06F31F13B}.Debug|Win32.ActiveCfg = Debug|Win32
		{65A50BAD-23BA-426B-9D72-2BD06F31F13B}.Debug|Win32.Build.0 = Debug|Win32
		{65A50BAD-23BA-426B-9D72-2BD06F31F13B}.Debug|x64.ActiveCfg = Debug|x64
		{65A50BAD-23BA-426B-9D72-2BD06F31F13B}.Debug|x64.Build.0 = Debug|x64
		{65A50BAD-23BA-426B-9D72-2BD06F31F13B}.Release|Mixed Platforms.ActiveCfg = Release|Win32
		{65A50BAD-23BA-426B-9D72-2BD06F31F13B}.Release|Mixed Platforms.Build.0 = Release|Win32
		{65A50BAD-23BA-426B-9D72-2BD06F31F13B}.Release|Win32.ActiveCfg = Release|Win32
		{65A50BAD-23BA-426B-9D72-2BD06F31F13B}.Release|Win32.Build.0 = Release|Win32
		{65A50BAD-23BA-426B-9D72-2BD06F31F13B}.Release|x64.ActiveCfg = Release|x64
		{65A50BAD-23BA-426B-9D72-2BD06F31F13B}.Release|x64.Build.0 = Release|x64
		{8C932F60-6BDF-4FAC-9E08-53B6CA85BCB3}.Debug|Mixed Platforms.ActiveCfg = Debug|Win32
		{8C932F60-6BDF-4FAC-9E08-53B6CA85BCB3}.Debug|Mixed Platforms.Build.0 = Debug|Win32
		{8C932F60-6BDF-4FAC-9E08-53B6CA85BCB3}.Debug|Win32.ActiveCfg = Debug|Win32
		{8C932F60-6BDF-4FAC-9E08-53B6CA85BCB3}.Debug|Win32.Build.0 = Debug|Win32
		{8C932F60-6BDF-4FAC-9E08-53B6CA85BCB3}.Debug|x64.ActiveCfg = Debug|x64
		{8C932F60-6BDF-4FAC-9E08-53B6CA85BCB3}.Debug|x64.Build.0 = Debug|x64
		{8C932F60-6BDF-4FAC-9E08-53B6CA85BCB3}.Release|Mixed Platforms.ActiveCfg = Release|Win32
		{8C932F60-6BDF-4FAC-9E08-53B6CA85BCB3}.Release|Mixed Platforms.Build.0 = Release|Win32
		{8C932F60-6BDF-4FAC-9E08-53B6CA85BCB3}.Release|Win32.ActiveCfg = Release|Win32
		{8C932F60-6BDF-4FAC-9E08-53B6CA85BCB3}.Release|Win32.Build.0 = Release|Win32
		{8C932F60-6BDF-4FAC-9E08-53B6CA85BCB3}.Release|x64.ActiveCfg = Release|x64
		{8C932F60-6BDF-4FAC-9E08-53B6CA85BCB3}.Release|x64.Build.0 = Release|x64
	EndGlobalSection
	GlobalSection(SolutionProperties) = preSolution
		HideSolutionNode = FALSE
	EndGlobalSection
	GlobalSection(NestedProjects) = preSolution
		{828531CE-0C3C-4B9A-884C-3726623C4666} = {4D16B144-34CC-42E7-8078-A5504ECF2C9E}
		{DA8EBCA6-B579-4210-B718-C80FD1FF4688} = {4D16B144-34CC-42E7-8078-A5504ECF2C9E}
		{73D86084-E42E-48AE-A7AD-609784B13304} = {4D16B144-34CC-42E7-8078-A5504ECF2C9E}
		{5304DBDA-A842-4E40-B187-8C4DD9E93654} = {4D16B144-34CC-42E7-8078-A5504ECF2C9E}
		{E78B7F1D-F6FD-44F9-A715-B2280E517B6C} = {4D16B144-34CC-42E7-8078-A5504ECF2C9E}
		{7F3B9A57-102D-4370-9EDA-1BF79FDE908E} = {4D16B144-34CC-42E7-8078-A5504ECF2C9E}
		{790758E2-27F9-48EB-B3A7-B8828F54EDD6} = {A851C40B-4A25-49F1-B551-63E53949F0CA}
		{5D68BEC8-0B2E-40AF-B8A0-491F9C45148A} = {4D16B144-34CC-42E7-8078-A5504ECF2C9E}
		{28E0E100-6368-4BAD-AF65-832248DD0B73} = {AA1E3381-323C-48B8-A3C2-37559BE3C544}
		{C81EFCF2-0DD3-4BF6-BB74-B2CC876CFA4B} = {AA1E3381-323C-48B8-A3C2-37559BE3C544}
		{C0702EBA-C4C6-4530-9AE3-8D74BF7D7644} = {AA1E3381-323C-48B8-A3C2-37559BE3C544}
		{C526C2CB-1E62-4ABD-AAD1-05B52BEDDA6C} = {47AFCC01-4A23-47CA-B8C5-5850F3B8841D}
		{68B6C0D1-60A6-45B9-AD0B-86FB10407A53} = {4D16B144-34CC-42E7-8078-A5504ECF2C9E}
		{BAD524A1-A164-4B82-83C7-A38E2601E6A5} = {4D16B144-34CC-42E7-8078-A5504ECF2C9E}
		{AC25E98A-7B4F-4799-B00B-5F327D837CE0} = {47AFCC01-4A23-47CA-B8C5-5850F3B8841D}
		{2510E3E7-F869-42A6-A8A1-BF1EDB69172C} = {47AFCC01-4A23-47CA-B8C5-5850F3B8841D}
		{7E9CD78A-EB07-4299-B015-DBC2383F14FD} = {4D16B144-34CC-42E7-8078-A5504ECF2C9E}
		{C3281769-B603-4C38-A765-29F9EA00C84E} = {AA1E3381-323C-48B8-A3C2-37559BE3C544}
		{8C932F60-6BDF-4FAC-9E08-53B6CA85BCB3} = {4D16B144-34CC-42E7-8078-A5504ECF2C9E}
	EndGlobalSection
EndGlobal
