
Microsoft Visual Studio Solution File, Format Version 12.00
# Visual Studio Version 16
VisualStudioVersion = 16.0.29613.14
MinimumVisualStudioVersion = 10.0.40219.1
Project("{8BC9CEB8-8B4A-11D0-8D11-00A0C91BC942}") = "DirectXTK_Desktop_2019_Win10", "..\DirectXTK_Desktop_2019_Win10.vcxproj", "{E0B52AE7-E160-4D32-BF3F-910B785E5A8E}"
EndProject
Project("{2150E333-8FDC-42A3-9474-1A3956D46DE8}") = "Graphics", "Graphics", "{4D16B144-34CC-42E7-8078-A5504ECF2C9E}"
EndProject
Project("{8BC9CEB8-8B4A-11D0-8D11-00A0C91BC942}") = "Audio3DTest_Desktop_2019_Win10", "Audio3DTest\Audio3DTest_Desktop_2019_Win10.vcxproj", "{28E0E100-6368-4BAD-AF65-832248DD0B73}"
	ProjectSection(ProjectDependencies) = postProject
		{E0B52AE7-E160-4D32-BF3F-910B785E5A8E} = {E0B52AE7-E160-4D32-BF3F-910B785E5A8E}
	EndProjectSection
EndProject
Project("{8BC9CEB8-8B4A-11D0-8D11-00A0C91BC942}") = "BasicAudioTest_Desktop_2019_Win10", "BasicAudioTest\BasicAudioTest_Desktop_2019_Win10.vcxproj", "{C81EFCF2-0DD3-4BF6-BB74-B2CC876CFA4B}"
EndProject
Project("{8BC9CEB8-8B4A-11D0-8D11-00A0C91BC942}") = "DynamicAudioTest_Desktop_2019_Win10", "DynamicAudioTest\DynamicAudioTest_Desktop_2019_Win10.vcxproj", "{C0702EBA-C4C6-4530-9AE3-8D74BF7D7644}"
	ProjectSection(ProjectDependencies) = postProject
		{E0B52AE7-E160-4D32-BF3F-910B785E5A8E} = {E0B52AE7-E160-4D32-BF3F-910B785E5A8E}
	EndProjectSection
EndProject
Project("{8BC9CEB8-8B4A-11D0-8D11-00A0C91BC942}") = "GamePadTest_Desktop_2019_Win10", "GamePadTest\GamePadTest_Desktop_2019_Win10.vcxproj", "{C526C2CB-1E62-4ABD-AAD1-05B52BEDDA6C}"
	ProjectSection(ProjectDependencies) = postProject
		{E0B52AE7-E160-4D32-BF3F-910B785E5A8E} = {E0B52AE7-E160-4D32-BF3F-910B785E5A8E}
	EndProjectSection
EndProject
Project("{8BC9CEB8-8B4A-11D0-8D11-00A0C91BC942}") = "D3D11Test_Desktop_2019_Win10", "D3D11Test\D3D11Test_Desktop_2019_Win10.vcxproj", "{BAD524A1-A164-4B82-83C7-A38E2601E6A5}"
	ProjectSection(ProjectDependencies) = postProject
		{E0B52AE7-E160-4D32-BF3F-910B785E5A8E} = {E0B52AE7-E160-4D32-BF3F-910B785E5A8E}
	EndProjectSection
EndProject
Project("{8BC9CEB8-8B4A-11D0-8D11-00A0C91BC942}") = "SimpleAudioTest_Desktop_2019_Win10", "SimpleAudioTest\SimpleAudioTest_Desktop_2019_Win10.vcxproj", "{C3281769-B603-4C38-A765-29F9EA00C84E}"
EndProject
Project("{2150E333-8FDC-42A3-9474-1A3956D46DE8}") = "Audio", "Audio", "{B2E111BD-C45E-4155-B9B8-D4D065772C76}"
EndProject
Project("{2150E333-8FDC-42A3-9474-1A3956D46DE8}") = "Input", "Input", "{950E2175-DCCB-4A4E-8A83-A4B0A8CF8A5B}"
EndProject
Project("{8BC9CEB8-8B4A-11D0-8D11-00A0C91BC942}") = "StreamingAudioTest_Desktop_2019_Win10", "StreamingAudioTest\StreamingAudioTest_Desktop_2019_Win10.vcxproj", "{49A006E0-354D-45B5-AE7B-2C2F92DF7928}"
EndProject
Project("{2150E333-8FDC-42A3-9474-1A3956D46DE8}") = "Solution Items", "Solution Items", "{2A30803A-FCB3-4103-A1B9-896A605EA7C3}"
	ProjectSection(SolutionItems) = preProject
		..\.editorconfig = ..\.editorconfig
	EndProjectSection
EndProject
Global
	GlobalSection(SolutionConfigurationPlatforms) = preSolution
		Debug|x64 = Debug|x64
		Debug|x86 = Debug|x86
		Release|x64 = Release|x64
		Release|x86 = Release|x86
	EndGlobalSection
	GlobalSection(ProjectConfigurationPlatforms) = postSolution
		{E0B52AE7-E160-4D32-BF3F-910B785E5A8E}.Debug|x64.ActiveCfg = Debug|x64
		{E0B52AE7-E160-4D32-BF3F-910B785E5A8E}.Debug|x64.Build.0 = Debug|x64
		{E0B52AE7-E160-4D32-BF3F-910B785E5A8E}.Debug|x86.ActiveCfg = Debug|Win32
		{E0B52AE7-E160-4D32-BF3F-910B785E5A8E}.Debug|x86.Build.0 = Debug|Win32
		{E0B52AE7-E160-4D32-BF3F-910B785E5A8E}.Release|x64.ActiveCfg = Release|x64
		{E0B52AE7-E160-4D32-BF3F-910B785E5A8E}.Release|x64.Build.0 = Release|x64
		{E0B52AE7-E160-4D32-BF3F-910B785E5A8E}.Release|x86.ActiveCfg = Release|Win32
		{E0B52AE7-E160-4D32-BF3F-910B785E5A8E}.Release|x86.Build.0 = Release|Win32
		{28E0E100-6368-4BAD-AF65-832248DD0B73}.Debug|x64.ActiveCfg = Debug|x64
		{28E0E100-6368-4BAD-AF65-832248DD0B73}.Debug|x64.Build.0 = Debug|x64
		{28E0E100-6368-4BAD-AF65-832248DD0B73}.Debug|x86.ActiveCfg = Debug|Win32
		{28E0E100-6368-4BAD-AF65-832248DD0B73}.Debug|x86.Build.0 = Debug|Win32
		{28E0E100-6368-4BAD-AF65-832248DD0B73}.Release|x64.ActiveCfg = Release|x64
		{28E0E100-6368-4BAD-AF65-832248DD0B73}.Release|x64.Build.0 = Release|x64
		{28E0E100-6368-4BAD-AF65-832248DD0B73}.Release|x86.ActiveCfg = Release|Win32
		{28E0E100-6368-4BAD-AF65-832248DD0B73}.Release|x86.Build.0 = Release|Win32
		{C81EFCF2-0DD3-4BF6-BB74-B2CC876CFA4B}.Debug|x64.ActiveCfg = Debug|x64
		{C81EFCF2-0DD3-4BF6-BB74-B2CC876CFA4B}.Debug|x64.Build.0 = Debug|x64
		{C81EFCF2-0DD3-4BF6-BB74-B2CC876CFA4B}.Debug|x86.ActiveCfg = Debug|Win32
		{C81EFCF2-0DD3-4BF6-BB74-B2CC876CFA4B}.Debug|x86.Build.0 = Debug|Win32
		{C81EFCF2-0DD3-4BF6-BB74-B2CC876CFA4B}.Release|x64.ActiveCfg = Release|x64
		{C81EFCF2-0DD3-4BF6-BB74-B2CC876CFA4B}.Release|x64.Build.0 = Release|x64
		{C81EFCF2-0DD3-4BF6-BB74-B2CC876CFA4B}.Release|x86.ActiveCfg = Release|Win32
		{C81EFCF2-0DD3-4BF6-BB74-B2CC876CFA4B}.Release|x86.Build.0 = Release|Win32
		{C0702EBA-C4C6-4530-9AE3-8D74BF7D7644}.Debug|x64.ActiveCfg = Debug|x64
		{C0702EBA-C4C6-4530-9AE3-8D74BF7D7644}.Debug|x64.Build.0 = Debug|x64
		{C0702EBA-C4C6-4530-9AE3-8D74BF7D7644}.Debug|x86.ActiveCfg = Debug|Win32
		{C0702EBA-C4C6-4530-9AE3-8D74BF7D7644}.Debug|x86.Build.0 = Debug|Win32
		{C0702EBA-C4C6-4530-9AE3-8D74BF7D7644}.Release|x64.ActiveCfg = Release|x64
		{C0702EBA-C4C6-4530-9AE3-8D74BF7D7644}.Release|x64.Build.0 = Release|x64
		{C0702EBA-C4C6-4530-9AE3-8D74BF7D7644}.Release|x86.ActiveCfg = Release|Win32
		{C0702EBA-C4C6-4530-9AE3-8D74BF7D7644}.Release|x86.Build.0 = Release|Win32
		{C526C2CB-1E62-4ABD-AAD1-05B52BEDDA6C}.Debug|x64.ActiveCfg = Debug|x64
		{C526C2CB-1E62-4ABD-AAD1-05B52BEDDA6C}.Debug|x64.Build.0 = Debug|x64
		{C526C2CB-1E62-4ABD-AAD1-05B52BEDDA6C}.Debug|x86.ActiveCfg = Debug|Win32
		{C526C2CB-1E62-4ABD-AAD1-05B52BEDDA6C}.Debug|x86.Build.0 = Debug|Win32
		{C526C2CB-1E62-4ABD-AAD1-05B52BEDDA6C}.Release|x64.ActiveCfg = Release|x64
		{C526C2CB-1E62-4ABD-AAD1-05B52BEDDA6C}.Release|x64.Build.0 = Release|x64
		{C526C2CB-1E62-4ABD-AAD1-05B52BEDDA6C}.Release|x86.ActiveCfg = Release|Win32
		{C526C2CB-1E62-4ABD-AAD1-05B52BEDDA6C}.Release|x86.Build.0 = Release|Win32
		{BAD524A1-A164-4B82-83C7-A38E2601E6A5}.Debug|x64.ActiveCfg = Debug|x64
		{BAD524A1-A164-4B82-83C7-A38E2601E6A5}.Debug|x64.Build.0 = Debug|x64
		{BAD524A1-A164-4B82-83C7-A38E2601E6A5}.Debug|x86.ActiveCfg = Debug|Win32
		{BAD524A1-A164-4B82-83C7-A38E2601E6A5}.Debug|x86.Build.0 = Debug|Win32
		{BAD524A1-A164-4B82-83C7-A38E2601E6A5}.Release|x64.ActiveCfg = Release|x64
		{BAD524A1-A164-4B82-83C7-A38E2601E6A5}.Release|x64.Build.0 = Release|x64
		{BAD524A1-A164-4B82-83C7-A38E2601E6A5}.Release|x86.ActiveCfg = Release|Win32
		{BAD524A1-A164-4B82-83C7-A38E2601E6A5}.Release|x86.Build.0 = Release|Win32
		{C3281769-B603-4C38-A765-29F9EA00C84E}.Debug|x64.ActiveCfg = Debug|x64
		{C3281769-B603-4C38-A765-29F9EA00C84E}.Debug|x64.Build.0 = Debug|x64
		{C3281769-B603-4C38-A765-29F9EA00C84E}.Debug|x86.ActiveCfg = Debug|Win32
		{C3281769-B603-4C38-A765-29F9EA00C84E}.Debug|x86.Build.0 = Debug|Win32
		{C3281769-B603-4C38-A765-29F9EA00C84E}.Release|x64.ActiveCfg = Release|x64
		{C3281769-B603-4C38-A765-29F9EA00C84E}.Release|x64.Build.0 = Release|x64
		{C3281769-B603-4C38-A765-29F9EA00C84E}.Release|x86.ActiveCfg = Release|Win32
		{C3281769-B603-4C38-A765-29F9EA00C84E}.Release|x86.Build.0 = Release|Win32
		{49A006E0-354D-45B5-AE7B-2C2F92DF7928}.Debug|x64.ActiveCfg = Debug|x64
		{49A006E0-354D-45B5-AE7B-2C2F92DF7928}.Debug|x64.Build.0 = Debug|x64
		{49A006E0-354D-45B5-AE7B-2C2F92DF7928}.Debug|x86.ActiveCfg = Debug|Win32
		{49A006E0-354D-45B5-AE7B-2C2F92DF7928}.Debug|x86.Build.0 = Debug|Win32
		{49A006E0-354D-45B5-AE7B-2C2F92DF7928}.Release|x64.ActiveCfg = Release|x64
		{49A006E0-354D-45B5-AE7B-2C2F92DF7928}.Release|x64.Build.0 = Release|x64
		{49A006E0-354D-45B5-AE7B-2C2F92DF7928}.Release|x86.ActiveCfg = Release|Win32
		{49A006E0-354D-45B5-AE7B-2C2F92DF7928}.Release|x86.Build.0 = Release|Win32
	EndGlobalSection
	GlobalSection(SolutionProperties) = preSolution
		HideSolutionNode = FALSE
	EndGlobalSection
	GlobalSection(NestedProjects) = preSolution
		{28E0E100-6368-4BAD-AF65-832248DD0B73} = {B2E111BD-C45E-4155-B9B8-D4D065772C76}
		{C81EFCF2-0DD3-4BF6-BB74-B2CC876CFA4B} = {B2E111BD-C45E-4155-B9B8-D4D065772C76}
		{C0702EBA-C4C6-4530-9AE3-8D74BF7D7644} = {B2E111BD-C45E-4155-B9B8-D4D065772C76}
		{C526C2CB-1E62-4ABD-AAD1-05B52BEDDA6C} = {950E2175-DCCB-4A4E-8A83-A4B0A8CF8A5B}
		{BAD524A1-A164-4B82-83C7-A38E2601E6A5} = {4D16B144-34CC-42E7-8078-A5504ECF2C9E}
		{C3281769-B603-4C38-A765-29F9EA00C84E} = {B2E111BD-C45E-4155-B9B8-D4D065772C76}
		{49A006E0-354D-45B5-AE7B-2C2F92DF7928} = {B2E111BD-C45E-4155-B9B8-D4D065772C76}
	EndGlobalSection
	GlobalSection(ExtensibilityGlobals) = postSolution
		SolutionGuid = {C794377C-1D03-46C7-B778-B7B54141B666}
	EndGlobalSection
EndGlobal
