
Microsoft Visual Studio Solution File, Format Version 12.00
# Visual Studio 2013
VisualStudioVersion = 12.0.40629.0
MinimumVisualStudioVersion = 10.0.40219.1
Project("{2150E333-8FDC-42A3-9474-1A3956D46DE8}") = "Tests", "Tests", "{4D16B144-34CC-42E7-8078-A5504ECF2C9E}"
EndProject
Project("{8BC9CEB8-8B4A-11D0-8D11-00A0C91BC942}") = "DirectXTKAudio_Desktop_2013_DXSDK", "..\Audio\DirectXTKAudio_Desktop_2013_DXSDK.vcxproj", "{4F150A30-CECB-49D1-8283-6A3F57438CF5}"
EndProject
Project("{8BC9CEB8-8B4A-11D0-8D11-00A0C91BC942}") = "DirectXTK_Desktop_2013", "..\DirectXTK_Desktop_2013.vcxproj", "{E0B52AE7-E160-4D32-BF3F-910B785E5A8E}"
EndProject
Project("{8BC9CEB8-8B4A-11D0-8D11-00A0C91BC942}") = "BasicAudioTest_Desktop_2013_DXSDK", "BasicAudioTest\BasicAudioTest_Desktop_2013_DXSDK.vcxproj", "{C81EFCF2-0DD3-4BF6-BB74-B2CC876CFA4B}"
EndProject
Project("{8BC9CEB8-8B4A-11D0-8D11-00A0C91BC942}") = "Audio3DTest_Desktop_2013_DXSDK", "Audio3DTest\Audio3DTest_Desktop_2013_DXSDK.vcxproj", "{28E0E100-6368-4BAD-AF65-832248DD0B73}"
EndProject
Project("{8BC9CEB8-8B4A-11D0-8D11-00A0C91BC942}") = "DynamicAudioTest_Desktop_2013_DXSDK", "DynamicAudioTest\DynamicAudioTest_Desktop_2013_DXSDK.vcxproj", "{F7273BDA-F567-4172-9B5A-C8A9BAD5E968}"
EndProject
Global
	GlobalSection(SolutionConfigurationPlatforms) = preSolution
		Debug|Win32 = Debug|Win32
		Debug|x64 = Debug|x64
		Release|Win32 = Release|Win32
		Release|x64 = Release|x64
	EndGlobalSection
	GlobalSection(ProjectConfigurationPlatforms) = postSolution
		{4F150A30-CECB-49D1-8283-6A3F57438CF5}.Debug|Win32.ActiveCfg = Debug|Win32
		{4F150A30-CECB-49D1-8283-6A3F57438CF5}.Debug|Win32.Build.0 = Debug|Win32
		{4F150A30-CECB-49D1-8283-6A3F57438CF5}.Debug|Win32.Deploy.0 = Debug|Win32
		{4F150A30-CECB-49D1-8283-6A3F57438CF5}.Debug|x64.ActiveCfg = Debug|x64
		{4F150A30-CECB-49D1-8283-6A3F57438CF5}.Debug|x64.Build.0 = Debug|x64
		{4F150A30-CECB-49D1-8283-6A3F57438CF5}.Debug|x64.Deploy.0 = Debug|x64
		{4F150A30-CECB-49D1-8283-6A3F57438CF5}.Release|Win32.ActiveCfg = Release|Win32
		{4F150A30-CECB-49D1-8283-6A3F57438CF5}.Release|Win32.Build.0 = Release|Win32
		{4F150A30-CECB-49D1-8283-6A3F57438CF5}.Release|Win32.Deploy.0 = Release|Win32
		{4F150A30-CECB-49D1-8283-6A3F57438CF5}.Release|x64.ActiveCfg = Release|x64
		{4F150A30-CECB-49D1-8283-6A3F57438CF5}.Release|x64.Build.0 = Release|x64
		{4F150A30-CECB-49D1-8283-6A3F57438CF5}.Release|x64.Deploy.0 = Release|x64
		{E0B52AE7-E160-4D32-BF3F-910B785E5A8E}.Debug|Win32.ActiveCfg = Debug|Win32
		{E0B52AE7-E160-4D32-BF3F-910B785E5A8E}.Debug|Win32.Build.0 = Debug|Win32
		{E0B52AE7-E160-4D32-BF3F-910B785E5A8E}.Debug|x64.ActiveCfg = Debug|x64
		{E0B52AE7-E160-4D32-BF3F-910B785E5A8E}.Debug|x64.Build.0 = Debug|x64
		{E0B52AE7-E160-4D32-BF3F-910B785E5A8E}.Release|Win32.ActiveCfg = Release|Win32
		{E0B52AE7-E160-4D32-BF3F-910B785E5A8E}.Release|Win32.Build.0 = Release|Win32
		{E0B52AE7-E160-4D32-BF3F-910B785E5A8E}.Release|x64.ActiveCfg = Release|x64
		{E0B52AE7-E160-4D32-BF3F-910B785E5A8E}.Release|x64.Build.0 = Release|x64
		{C81EFCF2-0DD3-4BF6-BB74-B2CC876CFA4B}.Debug|Win32.ActiveCfg = Debug|Win32
		{C81EFCF2-0DD3-4BF6-BB74-B2CC876CFA4B}.Debug|Win32.Build.0 = Debug|Win32
		{C81EFCF2-0DD3-4BF6-BB74-B2CC876CFA4B}.Debug|x64.ActiveCfg = Debug|x64
		{C81EFCF2-0DD3-4BF6-BB74-B2CC876CFA4B}.Debug|x64.Build.0 = Debug|x64
		{C81EFCF2-0DD3-4BF6-BB74-B2CC876CFA4B}.Release|Win32.ActiveCfg = Release|Win32
		{C81EFCF2-0DD3-4BF6-BB74-B2CC876CFA4B}.Release|Win32.Build.0 = Release|Win32
		{C81EFCF2-0DD3-4BF6-BB74-B2CC876CFA4B}.Release|x64.ActiveCfg = Release|x64
		{C81EFCF2-0DD3-4BF6-BB74-B2CC876CFA4B}.Release|x64.Build.0 = Release|x64
		{28E0E100-6368-4BAD-AF65-832248DD0B73}.Debug|Win32.ActiveCfg = Debug|Win32
		{28E0E100-6368-4BAD-AF65-832248DD0B73}.Debug|Win32.Build.0 = Debug|Win32
		{28E0E100-6368-4BAD-AF65-832248DD0B73}.Debug|x64.ActiveCfg = Debug|x64
		{28E0E100-6368-4BAD-AF65-832248DD0B73}.Debug|x64.Build.0 = Debug|x64
		{28E0E100-6368-4BAD-AF65-832248DD0B73}.Release|Win32.ActiveCfg = Release|Win32
		{28E0E100-6368-4BAD-AF65-832248DD0B73}.Release|Win32.Build.0 = Release|Win32
		{28E0E100-6368-4BAD-AF65-832248DD0B73}.Release|x64.ActiveCfg = Release|x64
		{28E0E100-6368-4BAD-AF65-832248DD0B73}.Release|x64.Build.0 = Release|x64
		{F7273BDA-F567-4172-9B5A-C8A9BAD5E968}.Debug|Win32.ActiveCfg = Debug|Win32
		{F7273BDA-F567-4172-9B5A-C8A9BAD5E968}.Debug|Win32.Build.0 = Debug|Win32
		{F7273BDA-F567-4172-9B5A-C8A9BAD5E968}.Debug|Win32.Deploy.0 = Debug|Win32
		{F7273BDA-F567-4172-9B5A-C8A9BAD5E968}.Debug|x64.ActiveCfg = Debug|x64
		{F7273BDA-F567-4172-9B5A-C8A9BAD5E968}.Debug|x64.Build.0 = Debug|x64
		{F7273BDA-F567-4172-9B5A-C8A9BAD5E968}.Debug|x64.Deploy.0 = Debug|x64
		{F7273BDA-F567-4172-9B5A-C8A9BAD5E968}.Release|Win32.ActiveCfg = Release|Win32
		{F7273BDA-F567-4172-9B5A-C8A9BAD5E968}.Release|Win32.Build.0 = Release|Win32
		{F7273BDA-F567-4172-9B5A-C8A9BAD5E968}.Release|Win32.Deploy.0 = Release|Win32
		{F7273BDA-F567-4172-9B5A-C8A9BAD5E968}.Release|x64.ActiveCfg = Release|x64
		{F7273BDA-F567-4172-9B5A-C8A9BAD5E968}.Release|x64.Build.0 = Release|x64
		{F7273BDA-F567-4172-9B5A-C8A9BAD5E968}.Release|x64.Deploy.0 = Release|x64
	EndGlobalSection
	GlobalSection(SolutionProperties) = preSolution
		HideSolutionNode = FALSE
	EndGlobalSection
	GlobalSection(NestedProjects) = preSolution
		{C81EFCF2-0DD3-4BF6-BB74-B2CC876CFA4B} = {4D16B144-34CC-42E7-8078-A5504ECF2C9E}
		{28E0E100-6368-4BAD-AF65-832248DD0B73} = {4D16B144-34CC-42E7-8078-A5504ECF2C9E}
		{F7273BDA-F567-4172-9B5A-C8A9BAD5E968} = {4D16B144-34CC-42E7-8078-A5504ECF2C9E}
	EndGlobalSection
EndGlobal
