
Microsoft Visual Studio Solution File, Format Version 11.00
# Visual Studio 2010
Project("{8BC9CEB8-8B4A-11D0-8D11-00A0C91BC942}") = "DirectXTK_Desktop_2010", "..\DirectXTK_Desktop_2010.vcxproj", "{E0B52AE7-E160-4D32-BF3F-910B785E5A8E}"
EndProject
Project("{8BC9CEB8-8B4A-11D0-8D11-00A0C91BC942}") = "SpriteBatchTest_Desktop_2010", "SpriteBatchTest\SpriteBatchTest_Desktop_2010.vcxproj", "{828531CE-0C3C-4B9A-884C-3726623C4666}"
	ProjectSection(ProjectDependencies) = postProject
		{E0B52AE7-E160-4D32-BF3F-910B785E5A8E} = {E0B52AE7-E160-4D32-BF3F-910B785E5A8E}
	EndProjectSection
EndProject
Project("{2150E333-8FDC-42A3-9474-1A3956D46DE8}") = "Tests", "Tests", "{4D16B144-34CC-42E7-8078-A5504ECF2C9E}"
EndProject
Project("{8BC9CEB8-8B4A-11D0-8D11-00A0C91BC942}") = "PrimitivesTest_Desktop_2010", "PrimitivesTest\PrimitivesTest_Desktop_2010.vcxproj", "{DA8EBCA6-B579-4210-B718-C80FD1FF4688}"
	ProjectSection(ProjectDependencies) = postProject
		{E0B52AE7-E160-4D32-BF3F-910B785E5A8E} = {E0B52AE7-E160-4D32-BF3F-910B785E5A8E}
	EndProjectSection
EndProject
Project("{8BC9CEB8-8B4A-11D0-8D11-00A0C91BC942}") = "EffectsTest_Desktop_2010", "EffectsTest\EffectsTest_Desktop_2010.vcxproj", "{73D86084-E42E-48AE-A7AD-609784B13304}"
	ProjectSection(ProjectDependencies) = postProject
		{E0B52AE7-E160-4D32-BF3F-910B785E5A8E} = {E0B52AE7-E160-4D32-BF3F-910B785E5A8E}
	EndProjectSection
EndProject
Project("{8BC9CEB8-8B4A-11D0-8D11-00A0C91BC942}") = "LoadTest_Desktop_2010", "LoadTest\LoadTest_Desktop_2010.vcxproj", "{5304DBDA-A842-4E40-B187-8C4DD9E93654}"
	ProjectSection(ProjectDependencies) = postProject
		{E0B52AE7-E160-4D32-BF3F-910B785E5A8E} = {E0B52AE7-E160-4D32-BF3F-910B785E5A8E}
	EndProjectSection
EndProject
Project("{FAE04EC0-301F-11D3-BF4B-00C04F79EFBC}") = "MakeSpriteFont", "..\MakeSpriteFont\MakeSpriteFont.csproj", "{7329B02D-C504-482A-A156-181D48CE493C}"
EndProject
Project("{8BC9CEB8-8B4A-11D0-8D11-00A0C91BC942}") = "SpriteFontTest_Desktop_2010", "SpriteFontTest\SpriteFontTest_Desktop_2010.vcxproj", "{633050F0-5753-4857-9E67-A135C9796974}"
	ProjectSection(ProjectDependencies) = postProject
		{E0B52AE7-E160-4D32-BF3F-910B785E5A8E} = {E0B52AE7-E160-4D32-BF3F-910B785E5A8E}
	EndProjectSection
EndProject
Project("{8BC9CEB8-8B4A-11D0-8D11-00A0C91BC942}") = "ModelTest_Desktop_2010", "ModelTest\ModelTest_Desktop_2010.vcxproj", "{7F3B9A57-102D-4370-9EDA-1BF79FDE908E}"
	ProjectSection(ProjectDependencies) = postProject
		{E0B52AE7-E160-4D32-BF3F-910B785E5A8E} = {E0B52AE7-E160-4D32-BF3F-910B785E5A8E}
	EndProjectSection
EndProject
Project("{8BC9CEB8-8B4A-11D0-8D11-00A0C91BC942}") = "SimpleMathTest_Desktop_2010", "SimpleMathTest\SimpleMathTest_Desktop_2010.vcxproj", "{07C1CC77-E21C-4409-B3FB-AB13346BB329}"
	ProjectSection(ProjectDependencies) = postProject
		{E0B52AE7-E160-4D32-BF3F-910B785E5A8E} = {E0B52AE7-E160-4D32-BF3F-910B785E5A8E}
	EndProjectSection
EndProject
Project("{8BC9CEB8-8B4A-11D0-8D11-00A0C91BC942}") = "DGSLTest_Desktop_2010", "DGSLTest\DGSLTest_Desktop_2010.vcxproj", "{5D68BEC8-0B2E-40AF-B8A0-491F9C45148A}"
EndProject
Project("{8BC9CEB8-8B4A-11D0-8D11-00A0C91BC942}") = "GamePadTest_Desktop_2010", "GamePadTest\GamePadTest_Desktop_2010.vcxproj", "{C526C2CB-1E62-4ABD-AAD1-05B52BEDDA6C}"
	ProjectSection(ProjectDependencies) = postProject
		{E0B52AE7-E160-4D32-BF3F-910B785E5A8E} = {E0B52AE7-E160-4D32-BF3F-910B785E5A8E}
	EndProjectSection
EndProject
Global
	GlobalSection(SolutionConfigurationPlatforms) = preSolution
		Debug|Mixed Platforms = Debug|Mixed Platforms
		Debug|Win32 = Debug|Win32
		Debug|x64 = Debug|x64
		Release|Mixed Platforms = Release|Mixed Platforms
		Release|Win32 = Release|Win32
		Release|x64 = Release|x64
	EndGlobalSection
	GlobalSection(ProjectConfigurationPlatforms) = postSolution
		{E0B52AE7-E160-4D32-BF3F-910B785E5A8E}.Debug|Mixed Platforms.ActiveCfg = Debug|x64
		{E0B52AE7-E160-4D32-BF3F-910B785E5A8E}.Debug|Mixed Platforms.Build.0 = Debug|x64
		{E0B52AE7-E160-4D32-BF3F-910B785E5A8E}.Debug|Win32.ActiveCfg = Debug|Win32
		{E0B52AE7-E160-4D32-BF3F-910B785E5A8E}.Debug|Win32.Build.0 = Debug|Win32
		{E0B52AE7-E160-4D32-BF3F-910B785E5A8E}.Debug|x64.ActiveCfg = Debug|x64
		{E0B52AE7-E160-4D32-BF3F-910B785E5A8E}.Debug|x64.Build.0 = Debug|x64
		{E0B52AE7-E160-4D32-BF3F-910B785E5A8E}.Release|Mixed Platforms.ActiveCfg = Release|x64
		{E0B52AE7-E160-4D32-BF3F-910B785E5A8E}.Release|Mixed Platforms.Build.0 = Release|x64
		{E0B52AE7-E160-4D32-BF3F-910B785E5A8E}.Release|Win32.ActiveCfg = Release|Win32
		{E0B52AE7-E160-4D32-BF3F-910B785E5A8E}.Release|Win32.Build.0 = Release|Win32
		{E0B52AE7-E160-4D32-BF3F-910B785E5A8E}.Release|x64.ActiveCfg = Release|x64
		{E0B52AE7-E160-4D32-BF3F-910B785E5A8E}.Release|x64.Build.0 = Release|x64
		{828531CE-0C3C-4B9A-884C-3726623C4666}.Debug|Mixed Platforms.ActiveCfg = Debug|x64
		{828531CE-0C3C-4B9A-884C-3726623C4666}.Debug|Mixed Platforms.Build.0 = Debug|x64
		{828531CE-0C3C-4B9A-884C-3726623C4666}.Debug|Win32.ActiveCfg = Debug|Win32
		{828531CE-0C3C-4B9A-884C-3726623C4666}.Debug|Win32.Build.0 = Debug|Win32
		{828531CE-0C3C-4B9A-884C-3726623C4666}.Debug|x64.ActiveCfg = Debug|x64
		{828531CE-0C3C-4B9A-884C-3726623C4666}.Debug|x64.Build.0 = Debug|x64
		{828531CE-0C3C-4B9A-884C-3726623C4666}.Release|Mixed Platforms.ActiveCfg = Release|x64
		{828531CE-0C3C-4B9A-884C-3726623C4666}.Release|Mixed Platforms.Build.0 = Release|x64
		{828531CE-0C3C-4B9A-884C-3726623C4666}.Release|Win32.ActiveCfg = Release|Win32
		{828531CE-0C3C-4B9A-884C-3726623C4666}.Release|Win32.Build.0 = Release|Win32
		{828531CE-0C3C-4B9A-884C-3726623C4666}.Release|x64.ActiveCfg = Release|x64
		{828531CE-0C3C-4B9A-884C-3726623C4666}.Release|x64.Build.0 = Release|x64
		{DA8EBCA6-B579-4210-B718-C80FD1FF4688}.Debug|Mixed Platforms.ActiveCfg = Debug|x64
		{DA8EBCA6-B579-4210-B718-C80FD1FF4688}.Debug|Mixed Platforms.Build.0 = Debug|x64
		{DA8EBCA6-B579-4210-B718-C80FD1FF4688}.Debug|Win32.ActiveCfg = Debug|Win32
		{DA8EBCA6-B579-4210-B718-C80FD1FF4688}.Debug|Win32.Build.0 = Debug|Win32
		{DA8EBCA6-B579-4210-B718-C80FD1FF4688}.Debug|x64.ActiveCfg = Debug|x64
		{DA8EBCA6-B579-4210-B718-C80FD1FF4688}.Debug|x64.Build.0 = Debug|x64
		{DA8EBCA6-B579-4210-B718-C80FD1FF4688}.Release|Mixed Platforms.ActiveCfg = Release|x64
		{DA8EBCA6-B579-4210-B718-C80FD1FF4688}.Release|Mixed Platforms.Build.0 = Release|x64
		{DA8EBCA6-B579-4210-B718-C80FD1FF4688}.Release|Win32.ActiveCfg = Release|Win32
		{DA8EBCA6-B579-4210-B718-C80FD1FF4688}.Release|Win32.Build.0 = Release|Win32
		{DA8EBCA6-B579-4210-B718-C80FD1FF4688}.Release|x64.ActiveCfg = Release|x64
		{DA8EBCA6-B579-4210-B718-C80FD1FF4688}.Release|x64.Build.0 = Release|x64
		{73D86084-E42E-48AE-A7AD-609784B13304}.Debug|Mixed Platforms.ActiveCfg = Debug|x64
		{73D86084-E42E-48AE-A7AD-609784B13304}.Debug|Mixed Platforms.Build.0 = Debug|x64
		{73D86084-E42E-48AE-A7AD-609784B13304}.Debug|Win32.ActiveCfg = Debug|Win32
		{73D86084-E42E-48AE-A7AD-609784B13304}.Debug|Win32.Build.0 = Debug|Win32
		{73D86084-E42E-48AE-A7AD-609784B13304}.Debug|x64.ActiveCfg = Debug|x64
		{73D86084-E42E-48AE-A7AD-609784B13304}.Debug|x64.Build.0 = Debug|x64
		{73D86084-E42E-48AE-A7AD-609784B13304}.Release|Mixed Platforms.ActiveCfg = Release|x64
		{73D86084-E42E-48AE-A7AD-609784B13304}.Release|Mixed Platforms.Build.0 = Release|x64
		{73D86084-E42E-48AE-A7AD-609784B13304}.Release|Win32.ActiveCfg = Release|Win32
		{73D86084-E42E-48AE-A7AD-609784B13304}.Release|Win32.Build.0 = Release|Win32
		{73D86084-E42E-48AE-A7AD-609784B13304}.Release|x64.ActiveCfg = Release|x64
		{73D86084-E42E-48AE-A7AD-609784B13304}.Release|x64.Build.0 = Release|x64
		{5304DBDA-A842-4E40-B187-8C4DD9E93654}.Debug|Mixed Platforms.ActiveCfg = Debug|x64
		{5304DBDA-A842-4E40-B187-8C4DD9E93654}.Debug|Mixed Platforms.Build.0 = Debug|x64
		{5304DBDA-A842-4E40-B187-8C4DD9E93654}.Debug|Win32.ActiveCfg = Debug|Win32
		{5304DBDA-A842-4E40-B187-8C4DD9E93654}.Debug|Win32.Build.0 = Debug|Win32
		{5304DBDA-A842-4E40-B187-8C4DD9E93654}.Debug|x64.ActiveCfg = Debug|x64
		{5304DBDA-A842-4E40-B187-8C4DD9E93654}.Debug|x64.Build.0 = Debug|x64
		{5304DBDA-A842-4E40-B187-8C4DD9E93654}.Release|Mixed Platforms.ActiveCfg = Release|x64
		{5304DBDA-A842-4E40-B187-8C4DD9E93654}.Release|Mixed Platforms.Build.0 = Release|x64
		{5304DBDA-A842-4E40-B187-8C4DD9E93654}.Release|Win32.ActiveCfg = Release|Win32
		{5304DBDA-A842-4E40-B187-8C4DD9E93654}.Release|Win32.Build.0 = Release|Win32
		{5304DBDA-A842-4E40-B187-8C4DD9E93654}.Release|x64.ActiveCfg = Release|x64
		{5304DBDA-A842-4E40-B187-8C4DD9E93654}.Release|x64.Build.0 = Release|x64
		{7329B02D-C504-482A-A156-181D48CE493C}.Debug|Mixed Platforms.ActiveCfg = Debug|Any CPU
		{7329B02D-C504-482A-A156-181D48CE493C}.Debug|Mixed Platforms.Build.0 = Debug|Any CPU
		{7329B02D-C504-482A-A156-181D48CE493C}.Debug|Win32.ActiveCfg = Debug|Any CPU
		{7329B02D-C504-482A-A156-181D48CE493C}.Debug|Win32.Build.0 = Debug|Any CPU
		{7329B02D-C504-482A-A156-181D48CE493C}.Debug|x64.ActiveCfg = Debug|Any CPU
		{7329B02D-C504-482A-A156-181D48CE493C}.Debug|x64.Build.0 = Debug|Any CPU
		{7329B02D-C504-482A-A156-181D48CE493C}.Release|Mixed Platforms.ActiveCfg = Release|Any CPU
		{7329B02D-C504-482A-A156-181D48CE493C}.Release|Mixed Platforms.Build.0 = Release|Any CPU
		{7329B02D-C504-482A-A156-181D48CE493C}.Release|Win32.ActiveCfg = Release|Any CPU
		{7329B02D-C504-482A-A156-181D48CE493C}.Release|Win32.Build.0 = Release|Any CPU
		{7329B02D-C504-482A-A156-181D48CE493C}.Release|x64.ActiveCfg = Release|Any CPU
		{7329B02D-C504-482A-A156-181D48CE493C}.Release|x64.Build.0 = Release|Any CPU
		{633050F0-5753-4857-9E67-A135C9796974}.Debug|Mixed Platforms.ActiveCfg = Debug|x64
		{633050F0-5753-4857-9E67-A135C9796974}.Debug|Mixed Platforms.Build.0 = Debug|x64
		{633050F0-5753-4857-9E67-A135C9796974}.Debug|Win32.ActiveCfg = Debug|Win32
		{633050F0-5753-4857-9E67-A135C9796974}.Debug|Win32.Build.0 = Debug|Win32
		{633050F0-5753-4857-9E67-A135C9796974}.Debug|x64.ActiveCfg = Debug|x64
		{633050F0-5753-4857-9E67-A135C9796974}.Debug|x64.Build.0 = Debug|x64
		{633050F0-5753-4857-9E67-A135C9796974}.Release|Mixed Platforms.ActiveCfg = Release|x64
		{633050F0-5753-4857-9E67-A135C9796974}.Release|Mixed Platforms.Build.0 = Release|x64
		{633050F0-5753-4857-9E67-A135C9796974}.Release|Win32.ActiveCfg = Release|Win32
		{633050F0-5753-4857-9E67-A135C9796974}.Release|Win32.Build.0 = Release|Win32
		{633050F0-5753-4857-9E67-A135C9796974}.Release|x64.ActiveCfg = Release|x64
		{633050F0-5753-4857-9E67-A135C9796974}.Release|x64.Build.0 = Release|x64
		{7F3B9A57-102D-4370-9EDA-1BF79FDE908E}.Debug|Mixed Platforms.ActiveCfg = Debug|x64
		{7F3B9A57-102D-4370-9EDA-1BF79FDE908E}.Debug|Mixed Platforms.Build.0 = Debug|x64
		{7F3B9A57-102D-4370-9EDA-1BF79FDE908E}.Debug|Win32.ActiveCfg = Debug|Win32
		{7F3B9A57-102D-4370-9EDA-1BF79FDE908E}.Debug|Win32.Build.0 = Debug|Win32
		{7F3B9A57-102D-4370-9EDA-1BF79FDE908E}.Debug|x64.ActiveCfg = Debug|x64
		{7F3B9A57-102D-4370-9EDA-1BF79FDE908E}.Debug|x64.Build.0 = Debug|x64
		{7F3B9A57-102D-4370-9EDA-1BF79FDE908E}.Release|Mixed Platforms.ActiveCfg = Release|x64
		{7F3B9A57-102D-4370-9EDA-1BF79FDE908E}.Release|Mixed Platforms.Build.0 = Release|x64
		{7F3B9A57-102D-4370-9EDA-1BF79FDE908E}.Release|Win32.ActiveCfg = Release|Win32
		{7F3B9A57-102D-4370-9EDA-1BF79FDE908E}.Release|Win32.Build.0 = Release|Win32
		{7F3B9A57-102D-4370-9EDA-1BF79FDE908E}.Release|x64.ActiveCfg = Release|x64
		{7F3B9A57-102D-4370-9EDA-1BF79FDE908E}.Release|x64.Build.0 = Release|x64
		{07C1CC77-E21C-4409-B3FB-AB13346BB329}.Debug|Mixed Platforms.ActiveCfg = Debug|x64
		{07C1CC77-E21C-4409-B3FB-AB13346BB329}.Debug|Mixed Platforms.Build.0 = Debug|x64
		{07C1CC77-E21C-4409-B3FB-AB13346BB329}.Debug|Win32.ActiveCfg = Debug|Win32
		{07C1CC77-E21C-4409-B3FB-AB13346BB329}.Debug|Win32.Build.0 = Debug|Win32
		{07C1CC77-E21C-4409-B3FB-AB13346BB329}.Debug|x64.ActiveCfg = Debug|x64
		{07C1CC77-E21C-4409-B3FB-AB13346BB329}.Debug|x64.Build.0 = Debug|x64
		{07C1CC77-E21C-4409-B3FB-AB13346BB329}.Release|Mixed Platforms.ActiveCfg = Release|x64
		{07C1CC77-E21C-4409-B3FB-AB13346BB329}.Release|Mixed Platforms.Build.0 = Release|x64
		{07C1CC77-E21C-4409-B3FB-AB13346BB329}.Release|Win32.ActiveCfg = Release|Win32
		{07C1CC77-E21C-4409-B3FB-AB13346BB329}.Release|Win32.Build.0 = Release|Win32
		{07C1CC77-E21C-4409-B3FB-AB13346BB329}.Release|x64.ActiveCfg = Release|x64
		{07C1CC77-E21C-4409-B3FB-AB13346BB329}.Release|x64.Build.0 = Release|x64
		{5D68BEC8-0B2E-40AF-B8A0-491F9C45148A}.Debug|Mixed Platforms.ActiveCfg = Debug|x64
		{5D68BEC8-0B2E-40AF-B8A0-491F9C45148A}.Debug|Mixed Platforms.Build.0 = Debug|x64
		{5D68BEC8-0B2E-40AF-B8A0-491F9C45148A}.Debug|Win32.ActiveCfg = Debug|Win32
		{5D68BEC8-0B2E-40AF-B8A0-491F9C45148A}.Debug|Win32.Build.0 = Debug|Win32
		{5D68BEC8-0B2E-40AF-B8A0-491F9C45148A}.Debug|x64.ActiveCfg = Debug|x64
		{5D68BEC8-0B2E-40AF-B8A0-491F9C45148A}.Debug|x64.Build.0 = Debug|x64
		{5D68BEC8-0B2E-40AF-B8A0-491F9C45148A}.Release|Mixed Platforms.ActiveCfg = Release|x64
		{5D68BEC8-0B2E-40AF-B8A0-491F9C45148A}.Release|Mixed Platforms.Build.0 = Release|x64
		{5D68BEC8-0B2E-40AF-B8A0-491F9C45148A}.Release|Win32.ActiveCfg = Release|Win32
		{5D68BEC8-0B2E-40AF-B8A0-491F9C45148A}.Release|Win32.Build.0 = Release|Win32
		{5D68BEC8-0B2E-40AF-B8A0-491F9C45148A}.Release|x64.ActiveCfg = Release|x64
		{5D68BEC8-0B2E-40AF-B8A0-491F9C45148A}.Release|x64.Build.0 = Release|x64
		{C526C2CB-1E62-4ABD-AAD1-05B52BEDDA6C}.Debug|Mixed Platforms.ActiveCfg = Debug|x64
		{C526C2CB-1E62-4ABD-AAD1-05B52BEDDA6C}.Debug|Mixed Platforms.Build.0 = Debug|x64
		{C526C2CB-1E62-4ABD-AAD1-05B52BEDDA6C}.Debug|Win32.ActiveCfg = Debug|Win32
		{C526C2CB-1E62-4ABD-AAD1-05B52BEDDA6C}.Debug|Win32.Build.0 = Debug|Win32
		{C526C2CB-1E62-4ABD-AAD1-05B52BEDDA6C}.Debug|x64.ActiveCfg = Debug|x64
		{C526C2CB-1E62-4ABD-AAD1-05B52BEDDA6C}.Debug|x64.Build.0 = Debug|x64
		{C526C2CB-1E62-4ABD-AAD1-05B52BEDDA6C}.Release|Mixed Platforms.ActiveCfg = Release|x64
		{C526C2CB-1E62-4ABD-AAD1-05B52BEDDA6C}.Release|Mixed Platforms.Build.0 = Release|x64
		{C526C2CB-1E62-4ABD-AAD1-05B52BEDDA6C}.Release|Win32.ActiveCfg = Release|Win32
		{C526C2CB-1E62-4ABD-AAD1-05B52BEDDA6C}.Release|Win32.Build.0 = Release|Win32
		{C526C2CB-1E62-4ABD-AAD1-05B52BEDDA6C}.Release|x64.ActiveCfg = Release|x64
		{C526C2CB-1E62-4ABD-AAD1-05B52BEDDA6C}.Release|x64.Build.0 = Release|x64
	EndGlobalSection
	GlobalSection(SolutionProperties) = preSolution
		HideSolutionNode = FALSE
	EndGlobalSection
	GlobalSection(NestedProjects) = preSolution
		{828531CE-0C3C-4B9A-884C-3726623C4666} = {4D16B144-34CC-42E7-8078-A5504ECF2C9E}
		{DA8EBCA6-B579-4210-B718-C80FD1FF4688} = {4D16B144-34CC-42E7-8078-A5504ECF2C9E}
		{73D86084-E42E-48AE-A7AD-609784B13304} = {4D16B144-34CC-42E7-8078-A5504ECF2C9E}
		{5304DBDA-A842-4E40-B187-8C4DD9E93654} = {4D16B144-34CC-42E7-8078-A5504ECF2C9E}
		{633050F0-5753-4857-9E67-A135C9796974} = {4D16B144-34CC-42E7-8078-A5504ECF2C9E}
		{7F3B9A57-102D-4370-9EDA-1BF79FDE908E} = {4D16B144-34CC-42E7-8078-A5504ECF2C9E}
		{07C1CC77-E21C-4409-B3FB-AB13346BB329} = {4D16B144-34CC-42E7-8078-A5504ECF2C9E}
		{5D68BEC8-0B2E-40AF-B8A0-491F9C45148A} = {4D16B144-34CC-42E7-8078-A5504ECF2C9E}
		{C526C2CB-1E62-4ABD-AAD1-05B52BEDDA6C} = {4D16B144-34CC-42E7-8078-A5504ECF2C9E}
	EndGlobalSection
EndGlobal
