
Microsoft Visual Studio Solution File, Format Version 12.00
# Visual Studio Version 16
VisualStudioVersion = 16.0.29911.84
MinimumVisualStudioVersion = 10.0.40219.1
Project("{8BC9CEB8-8B4A-11D0-8D11-00A0C91BC942}") = "DirectXTK", "..\DirectXTK_Windows10_2019.vcxproj", "{F4776924-619C-42C7-88B2-82C947CCC9E7}"
EndProject
Project("{2150E333-8FDC-42A3-9474-1A3956D46DE8}") = "Graphics", "Graphics", "{91743623-2C82-4825-B518-60470957082D}"
EndProject
Project("{8BC9CEB8-8B4A-11D0-8D11-00A0C91BC942}") = "D3D11Test_Windows10", "D3D11Test\D3D11Test_Windows10.vcxproj", "{70AA9C7E-9EF9-40BD-9490-29D395FAC820}"
EndProject
Project("{8BC9CEB8-8B4A-11D0-8D11-00A0C91BC942}") = "KeyboardTest_Windows10", "KeyboardTest\KeyboardTest_Windows10.vcxproj", "{1BDC589F-054B-40B1-8D94-4D14B59DEC95}"
EndProject
Project("{8BC9CEB8-8B4A-11D0-8D11-00A0C91BC942}") = "MouseTest_Windows10", "MouseTest\MouseTest_Windows10.vcxproj", "{8A103F71-2471-490E-9495-CDD5726B18D2}"
EndProject
Project("{8BC9CEB8-8B4A-11D0-8D11-00A0C91BC942}") = "GamePadTest_Windows10", "GamePadTest\GamePadTest_Windows10.vcxproj", "{513A7B5A-05CE-4811-981C-646708FB7BBB}"
EndProject
Project("{8BC9CEB8-8B4A-11D0-8D11-00A0C91BC942}") = "SpriteBatchTest_Windows10", "SpriteBatchTest\SpriteBatchTest_Windows10.vcxproj", "{58DAE92B-4A58-4DB1-A691-D0BF21ADA2F5}"
EndProject
Project("{8BC9CEB8-8B4A-11D0-8D11-00A0C91BC942}") = "SpriteFontTest_Windows10", "SpriteFontTest\SpriteFontTest_Windows10.vcxproj", "{C553820A-2D56-45E8-86CC-47E920D1B595}"
EndProject
Project("{8BC9CEB8-8B4A-11D0-8D11-00A0C91BC942}") = "PrimitivesTest_Windows10", "PrimitivesTest\PrimitivesTest_Windows10.vcxproj", "{F2ED7772-F723-4546-80E4-A25166404D62}"
EndProject
Project("{8BC9CEB8-8B4A-11D0-8D11-00A0C91BC942}") = "ModelTest_Windows10", "ModelTest\ModelTest_Windows10.vcxproj", "{D5EA0B06-AEE8-494C-A52B-9156DB5E2F3C}"
EndProject
Project("{8BC9CEB8-8B4A-11D0-8D11-00A0C91BC942}") = "LoadTest_Windows10", "LoadTest\LoadTest_Windows10.vcxproj", "{933208DF-4391-4802-A006-E608D5EDDFD8}"
EndProject
Project("{8BC9CEB8-8B4A-11D0-8D11-00A0C91BC942}") = "EffectsTest_Windows10", "EffectsTest\EffectsTest_Windows10.vcxproj", "{0117D5A4-DB90-41B5-9693-25920377C39E}"
EndProject
Project("{8BC9CEB8-8B4A-11D0-8D11-00A0C91BC942}") = "DGSLTest_Windows10", "DGSLTest\DGSLTest_Windows10.vcxproj", "{03AAD255-CA20-4FFF-AADF-95D33C9A7CFF}"
EndProject
Project("{8BC9CEB8-8B4A-11D0-8D11-00A0C91BC942}") = "Audio3DTest_Windows10", "Audio3DTest\Audio3DTest_Windows10.vcxproj", "{64C17049-09C8-4E1F-9EF7-310786433A7D}"
EndProject
Project("{8BC9CEB8-8B4A-11D0-8D11-00A0C91BC942}") = "AnimTest_Windows10", "AnimTest\AnimTest_Windows10.vcxproj", "{EC92B77E-5A93-4FA4-8847-682953172B0C}"
EndProject
Project("{8BC9CEB8-8B4A-11D0-8D11-00A0C91BC942}") = "ShaderTest_Windows10", "ShaderTest\ShaderTest_Windows10.vcxproj", "{4822319B-E153-4623-8AAA-95A36305A7AB}"
EndProject
Project("{8BC9CEB8-8B4A-11D0-8D11-00A0C91BC942}") = "SimpleAudioTest_Windows10", "SimpleAudioTest\SimpleAudioTest_Windows10.vcxproj", "{721C6820-8CDD-464E-B5B6-A53DE5C6D17C}"
EndProject
Project("{2150E333-8FDC-42A3-9474-1A3956D46DE8}") = "Audio", "Audio", "{87989B14-27D6-4AB0-AFDD-620A4A678130}"
EndProject
Project("{2150E333-8FDC-42A3-9474-1A3956D46DE8}") = "Input", "Input", "{38918EFB-8D82-4782-A842-54460D84DAC6}"
EndProject
Project("{8BC9CEB8-8B4A-11D0-8D11-00A0C91BC942}") = "PostProcessTest_Windows10", "PostProcessTest\PostProcessTest_Windows10.vcxproj", "{12A25C83-2BA6-49CC-9DCB-074B410EB6C4}"
EndProject
Project("{8BC9CEB8-8B4A-11D0-8D11-00A0C91BC942}") = "HDRTest_Windows10", "HDRTest\HDRTest_Windows10.vcxproj", "{E527E4BD-665A-4732-8FD8-65574DF0C0B2}"
EndProject
Project("{8BC9CEB8-8B4A-11D0-8D11-00A0C91BC942}") = "PBRTest_Windows10", "PBRTest\PBRTest_Windows10.vcxproj", "{B9CBEABA-7973-4E59-A57B-2827A1228C6D}"
EndProject
Project("{8BC9CEB8-8B4A-11D0-8D11-00A0C91BC942}") = "PBRModelTest_Windows10", "PBRModelTest\PBRModelTest_Windows10.vcxproj", "{97219A66-9C70-4509-9B43-78584D19B34D}"
EndProject
Project("{2150E333-8FDC-42A3-9474-1A3956D46DE8}") = "Solution Items", "Solution Items", "{4B0B29B9-F456-4416-82F0-830DEC3AAA3C}"
	ProjectSection(SolutionItems) = preProject
		..\.editorconfig = ..\.editorconfig
	EndProjectSection
EndProject
Global
	GlobalSection(SolutionConfigurationPlatforms) = preSolution
		Debug|ARM = Debug|ARM
		Debug|ARM64 = Debug|ARM64
		Debug|x64 = Debug|x64
		Debug|x86 = Debug|x86
		Release|ARM = Release|ARM
		Release|ARM64 = Release|ARM64
		Release|x64 = Release|x64
		Release|x86 = Release|x86
	EndGlobalSection
	GlobalSection(ProjectConfigurationPlatforms) = postSolution
		{F4776924-619C-42C7-88B2-82C947CCC9E7}.Debug|ARM.ActiveCfg = Debug|ARM
		{F4776924-619C-42C7-88B2-82C947CCC9E7}.Debug|ARM.Build.0 = Debug|ARM
		{F4776924-619C-42C7-88B2-82C947CCC9E7}.Debug|ARM64.ActiveCfg = Debug|ARM64
		{F4776924-619C-42C7-88B2-82C947CCC9E7}.Debug|ARM64.Build.0 = Debug|ARM64
		{F4776924-619C-42C7-88B2-82C947CCC9E7}.Debug|x64.ActiveCfg = Debug|x64
		{F4776924-619C-42C7-88B2-82C947CCC9E7}.Debug|x64.Build.0 = Debug|x64
		{F4776924-619C-42C7-88B2-82C947CCC9E7}.Debug|x86.ActiveCfg = Debug|Win32
		{F4776924-619C-42C7-88B2-82C947CCC9E7}.Debug|x86.Build.0 = Debug|Win32
		{F4776924-619C-42C7-88B2-82C947CCC9E7}.Release|ARM.ActiveCfg = Release|ARM
		{F4776924-619C-42C7-88B2-82C947CCC9E7}.Release|ARM.Build.0 = Release|ARM
		{F4776924-619C-42C7-88B2-82C947CCC9E7}.Release|ARM64.ActiveCfg = Release|ARM64
		{F4776924-619C-42C7-88B2-82C947CCC9E7}.Release|ARM64.Build.0 = Release|ARM64
		{F4776924-619C-42C7-88B2-82C947CCC9E7}.Release|x64.ActiveCfg = Release|x64
		{F4776924-619C-42C7-88B2-82C947CCC9E7}.Release|x64.Build.0 = Release|x64
		{F4776924-619C-42C7-88B2-82C947CCC9E7}.Release|x86.ActiveCfg = Release|Win32
		{F4776924-619C-42C7-88B2-82C947CCC9E7}.Release|x86.Build.0 = Release|Win32
		{70AA9C7E-9EF9-40BD-9490-29D395FAC820}.Debug|ARM.ActiveCfg = Debug|ARM
		{70AA9C7E-9EF9-40BD-9490-29D395FAC820}.Debug|ARM.Build.0 = Debug|ARM
		{70AA9C7E-9EF9-40BD-9490-29D395FAC820}.Debug|ARM.Deploy.0 = Debug|ARM
		{70AA9C7E-9EF9-40BD-9490-29D395FAC820}.Debug|ARM64.ActiveCfg = Debug|ARM64
		{70AA9C7E-9EF9-40BD-9490-29D395FAC820}.Debug|ARM64.Build.0 = Debug|ARM64
		{70AA9C7E-9EF9-40BD-9490-29D395FAC820}.Debug|ARM64.Deploy.0 = Debug|ARM64
		{70AA9C7E-9EF9-40BD-9490-29D395FAC820}.Debug|x64.ActiveCfg = Debug|x64
		{70AA9C7E-9EF9-40BD-9490-29D395FAC820}.Debug|x64.Build.0 = Debug|x64
		{70AA9C7E-9EF9-40BD-9490-29D395FAC820}.Debug|x64.Deploy.0 = Debug|x64
		{70AA9C7E-9EF9-40BD-9490-29D395FAC820}.Debug|x86.ActiveCfg = Debug|Win32
		{70AA9C7E-9EF9-40BD-9490-29D395FAC820}.Debug|x86.Build.0 = Debug|Win32
		{70AA9C7E-9EF9-40BD-9490-29D395FAC820}.Debug|x86.Deploy.0 = Debug|Win32
		{70AA9C7E-9EF9-40BD-9490-29D395FAC820}.Release|ARM.ActiveCfg = Release|ARM
		{70AA9C7E-9EF9-40BD-9490-29D395FAC820}.Release|ARM.Build.0 = Release|ARM
		{70AA9C7E-9EF9-40BD-9490-29D395FAC820}.Release|ARM.Deploy.0 = Release|ARM
		{70AA9C7E-9EF9-40BD-9490-29D395FAC820}.Release|ARM64.ActiveCfg = Release|ARM64
		{70AA9C7E-9EF9-40BD-9490-29D395FAC820}.Release|ARM64.Build.0 = Release|ARM64
		{70AA9C7E-9EF9-40BD-9490-29D395FAC820}.Release|ARM64.Deploy.0 = Release|ARM64
		{70AA9C7E-9EF9-40BD-9490-29D395FAC820}.Release|x64.ActiveCfg = Release|x64
		{70AA9C7E-9EF9-40BD-9490-29D395FAC820}.Release|x64.Build.0 = Release|x64
		{70AA9C7E-9EF9-40BD-9490-29D395FAC820}.Release|x64.Deploy.0 = Release|x64
		{70AA9C7E-9EF9-40BD-9490-29D395FAC820}.Release|x86.ActiveCfg = Release|Win32
		{70AA9C7E-9EF9-40BD-9490-29D395FAC820}.Release|x86.Build.0 = Release|Win32
		{70AA9C7E-9EF9-40BD-9490-29D395FAC820}.Release|x86.Deploy.0 = Release|Win32
		{1BDC589F-054B-40B1-8D94-4D14B59DEC95}.Debug|ARM.ActiveCfg = Debug|ARM
		{1BDC589F-054B-40B1-8D94-4D14B59DEC95}.Debug|ARM.Build.0 = Debug|ARM
		{1BDC589F-054B-40B1-8D94-4D14B59DEC95}.Debug|ARM.Deploy.0 = Debug|ARM
		{1BDC589F-054B-40B1-8D94-4D14B59DEC95}.Debug|ARM64.ActiveCfg = Debug|ARM64
		{1BDC589F-054B-40B1-8D94-4D14B59DEC95}.Debug|ARM64.Build.0 = Debug|ARM64
		{1BDC589F-054B-40B1-8D94-4D14B59DEC95}.Debug|ARM64.Deploy.0 = Debug|ARM64
		{1BDC589F-054B-40B1-8D94-4D14B59DEC95}.Debug|x64.ActiveCfg = Debug|x64
		{1BDC589F-054B-40B1-8D94-4D14B59DEC95}.Debug|x64.Build.0 = Debug|x64
		{1BDC589F-054B-40B1-8D94-4D14B59DEC95}.Debug|x64.Deploy.0 = Debug|x64
		{1BDC589F-054B-40B1-8D94-4D14B59DEC95}.Debug|x86.ActiveCfg = Debug|Win32
		{1BDC589F-054B-40B1-8D94-4D14B59DEC95}.Debug|x86.Build.0 = Debug|Win32
		{1BDC589F-054B-40B1-8D94-4D14B59DEC95}.Debug|x86.Deploy.0 = Debug|Win32
		{1BDC589F-054B-40B1-8D94-4D14B59DEC95}.Release|ARM.ActiveCfg = Release|ARM
		{1BDC589F-054B-40B1-8D94-4D14B59DEC95}.Release|ARM.Build.0 = Release|ARM
		{1BDC589F-054B-40B1-8D94-4D14B59DEC95}.Release|ARM.Deploy.0 = Release|ARM
		{1BDC589F-054B-40B1-8D94-4D14B59DEC95}.Release|ARM64.ActiveCfg = Release|ARM64
		{1BDC589F-054B-40B1-8D94-4D14B59DEC95}.Release|ARM64.Build.0 = Release|ARM64
		{1BDC589F-054B-40B1-8D94-4D14B59DEC95}.Release|ARM64.Deploy.0 = Release|ARM64
		{1BDC589F-054B-40B1-8D94-4D14B59DEC95}.Release|x64.ActiveCfg = Release|x64
		{1BDC589F-054B-40B1-8D94-4D14B59DEC95}.Release|x64.Build.0 = Release|x64
		{1BDC589F-054B-40B1-8D94-4D14B59DEC95}.Release|x64.Deploy.0 = Release|x64
		{1BDC589F-054B-40B1-8D94-4D14B59DEC95}.Release|x86.ActiveCfg = Release|Win32
		{1BDC589F-054B-40B1-8D94-4D14B59DEC95}.Release|x86.Build.0 = Release|Win32
		{1BDC589F-054B-40B1-8D94-4D14B59DEC95}.Release|x86.Deploy.0 = Release|Win32
		{8A103F71-2471-490E-9495-CDD5726B18D2}.Debug|ARM.ActiveCfg = Debug|ARM
		{8A103F71-2471-490E-9495-CDD5726B18D2}.Debug|ARM.Build.0 = Debug|ARM
		{8A103F71-2471-490E-9495-CDD5726B18D2}.Debug|ARM.Deploy.0 = Debug|ARM
		{8A103F71-2471-490E-9495-CDD5726B18D2}.Debug|ARM64.ActiveCfg = Debug|ARM64
		{8A103F71-2471-490E-9495-CDD5726B18D2}.Debug|ARM64.Build.0 = Debug|ARM64
		{8A103F71-2471-490E-9495-CDD5726B18D2}.Debug|ARM64.Deploy.0 = Debug|ARM64
		{8A103F71-2471-490E-9495-CDD5726B18D2}.Debug|x64.ActiveCfg = Debug|x64
		{8A103F71-2471-490E-9495-CDD5726B18D2}.Debug|x64.Build.0 = Debug|x64
		{8A103F71-2471-490E-9495-CDD5726B18D2}.Debug|x64.Deploy.0 = Debug|x64
		{8A103F71-2471-490E-9495-CDD5726B18D2}.Debug|x86.ActiveCfg = Debug|Win32
		{8A103F71-2471-490E-9495-CDD5726B18D2}.Debug|x86.Build.0 = Debug|Win32
		{8A103F71-2471-490E-9495-CDD5726B18D2}.Debug|x86.Deploy.0 = Debug|Win32
		{8A103F71-2471-490E-9495-CDD5726B18D2}.Release|ARM.ActiveCfg = Release|ARM
		{8A103F71-2471-490E-9495-CDD5726B18D2}.Release|ARM.Build.0 = Release|ARM
		{8A103F71-2471-490E-9495-CDD5726B18D2}.Release|ARM.Deploy.0 = Release|ARM
		{8A103F71-2471-490E-9495-CDD5726B18D2}.Release|ARM64.ActiveCfg = Release|ARM64
		{8A103F71-2471-490E-9495-CDD5726B18D2}.Release|ARM64.Build.0 = Release|ARM64
		{8A103F71-2471-490E-9495-CDD5726B18D2}.Release|ARM64.Deploy.0 = Release|ARM64
		{8A103F71-2471-490E-9495-CDD5726B18D2}.Release|x64.ActiveCfg = Release|x64
		{8A103F71-2471-490E-9495-CDD5726B18D2}.Release|x64.Build.0 = Release|x64
		{8A103F71-2471-490E-9495-CDD5726B18D2}.Release|x64.Deploy.0 = Release|x64
		{8A103F71-2471-490E-9495-CDD5726B18D2}.Release|x86.ActiveCfg = Release|Win32
		{8A103F71-2471-490E-9495-CDD5726B18D2}.Release|x86.Build.0 = Release|Win32
		{8A103F71-2471-490E-9495-CDD5726B18D2}.Release|x86.Deploy.0 = Release|Win32
		{513A7B5A-05CE-4811-981C-646708FB7BBB}.Debug|ARM.ActiveCfg = Debug|ARM
		{513A7B5A-05CE-4811-981C-646708FB7BBB}.Debug|ARM.Build.0 = Debug|ARM
		{513A7B5A-05CE-4811-981C-646708FB7BBB}.Debug|ARM.Deploy.0 = Debug|ARM
		{513A7B5A-05CE-4811-981C-646708FB7BBB}.Debug|ARM64.ActiveCfg = Debug|ARM64
		{513A7B5A-05CE-4811-981C-646708FB7BBB}.Debug|ARM64.Build.0 = Debug|ARM64
		{513A7B5A-05CE-4811-981C-646708FB7BBB}.Debug|ARM64.Deploy.0 = Debug|ARM64
		{513A7B5A-05CE-4811-981C-646708FB7BBB}.Debug|x64.ActiveCfg = Debug|x64
		{513A7B5A-05CE-4811-981C-646708FB7BBB}.Debug|x64.Build.0 = Debug|x64
		{513A7B5A-05CE-4811-981C-646708FB7BBB}.Debug|x64.Deploy.0 = Debug|x64
		{513A7B5A-05CE-4811-981C-646708FB7BBB}.Debug|x86.ActiveCfg = Debug|Win32
		{513A7B5A-05CE-4811-981C-646708FB7BBB}.Debug|x86.Build.0 = Debug|Win32
		{513A7B5A-05CE-4811-981C-646708FB7BBB}.Debug|x86.Deploy.0 = Debug|Win32
		{513A7B5A-05CE-4811-981C-646708FB7BBB}.Release|ARM.ActiveCfg = Release|ARM
		{513A7B5A-05CE-4811-981C-646708FB7BBB}.Release|ARM.Build.0 = Release|ARM
		{513A7B5A-05CE-4811-981C-646708FB7BBB}.Release|ARM.Deploy.0 = Release|ARM
		{513A7B5A-05CE-4811-981C-646708FB7BBB}.Release|ARM64.ActiveCfg = Release|ARM64
		{513A7B5A-05CE-4811-981C-646708FB7BBB}.Release|ARM64.Build.0 = Release|ARM64
		{513A7B5A-05CE-4811-981C-646708FB7BBB}.Release|ARM64.Deploy.0 = Release|ARM64
		{513A7B5A-05CE-4811-981C-646708FB7BBB}.Release|x64.ActiveCfg = Release|x64
		{513A7B5A-05CE-4811-981C-646708FB7BBB}.Release|x64.Build.0 = Release|x64
		{513A7B5A-05CE-4811-981C-646708FB7BBB}.Release|x64.Deploy.0 = Release|x64
		{513A7B5A-05CE-4811-981C-646708FB7BBB}.Release|x86.ActiveCfg = Release|Win32
		{513A7B5A-05CE-4811-981C-646708FB7BBB}.Release|x86.Build.0 = Release|Win32
		{513A7B5A-05CE-4811-981C-646708FB7BBB}.Release|x86.Deploy.0 = Release|Win32
		{58DAE92B-4A58-4DB1-A691-D0BF21ADA2F5}.Debug|ARM.ActiveCfg = Debug|ARM
		{58DAE92B-4A58-4DB1-A691-D0BF21ADA2F5}.Debug|ARM.Build.0 = Debug|ARM
		{58DAE92B-4A58-4DB1-A691-D0BF21ADA2F5}.Debug|ARM.Deploy.0 = Debug|ARM
		{58DAE92B-4A58-4DB1-A691-D0BF21ADA2F5}.Debug|ARM64.ActiveCfg = Debug|ARM64
		{58DAE92B-4A58-4DB1-A691-D0BF21ADA2F5}.Debug|ARM64.Build.0 = Debug|ARM64
		{58DAE92B-4A58-4DB1-A691-D0BF21ADA2F5}.Debug|ARM64.Deploy.0 = Debug|ARM64
		{58DAE92B-4A58-4DB1-A691-D0BF21ADA2F5}.Debug|x64.ActiveCfg = Debug|x64
		{58DAE92B-4A58-4DB1-A691-D0BF21ADA2F5}.Debug|x64.Build.0 = Debug|x64
		{58DAE92B-4A58-4DB1-A691-D0BF21ADA2F5}.Debug|x64.Deploy.0 = Debug|x64
		{58DAE92B-4A58-4DB1-A691-D0BF21ADA2F5}.Debug|x86.ActiveCfg = Debug|Win32
		{58DAE92B-4A58-4DB1-A691-D0BF21ADA2F5}.Debug|x86.Build.0 = Debug|Win32
		{58DAE92B-4A58-4DB1-A691-D0BF21ADA2F5}.Debug|x86.Deploy.0 = Debug|Win32
		{58DAE92B-4A58-4DB1-A691-D0BF21ADA2F5}.Release|ARM.ActiveCfg = Release|ARM
		{58DAE92B-4A58-4DB1-A691-D0BF21ADA2F5}.Release|ARM.Build.0 = Release|ARM
		{58DAE92B-4A58-4DB1-A691-D0BF21ADA2F5}.Release|ARM.Deploy.0 = Release|ARM
		{58DAE92B-4A58-4DB1-A691-D0BF21ADA2F5}.Release|ARM64.ActiveCfg = Release|ARM64
		{58DAE92B-4A58-4DB1-A691-D0BF21ADA2F5}.Release|ARM64.Build.0 = Release|ARM64
		{58DAE92B-4A58-4DB1-A691-D0BF21ADA2F5}.Release|ARM64.Deploy.0 = Release|ARM64
		{58DAE92B-4A58-4DB1-A691-D0BF21ADA2F5}.Release|x64.ActiveCfg = Release|x64
		{58DAE92B-4A58-4DB1-A691-D0BF21ADA2F5}.Release|x64.Build.0 = Release|x64
		{58DAE92B-4A58-4DB1-A691-D0BF21ADA2F5}.Release|x64.Deploy.0 = Release|x64
		{58DAE92B-4A58-4DB1-A691-D0BF21ADA2F5}.Release|x86.ActiveCfg = Release|Win32
		{58DAE92B-4A58-4DB1-A691-D0BF21ADA2F5}.Release|x86.Build.0 = Release|Win32
		{58DAE92B-4A58-4DB1-A691-D0BF21ADA2F5}.Release|x86.Deploy.0 = Release|Win32
		{C553820A-2D56-45E8-86CC-47E920D1B595}.Debug|ARM.ActiveCfg = Debug|ARM
		{C553820A-2D56-45E8-86CC-47E920D1B595}.Debug|ARM.Build.0 = Debug|ARM
		{C553820A-2D56-45E8-86CC-47E920D1B595}.Debug|ARM.Deploy.0 = Debug|ARM
		{C553820A-2D56-45E8-86CC-47E920D1B595}.Debug|ARM64.ActiveCfg = Debug|ARM64
		{C553820A-2D56-45E8-86CC-47E920D1B595}.Debug|ARM64.Build.0 = Debug|ARM64
		{C553820A-2D56-45E8-86CC-47E920D1B595}.Debug|ARM64.Deploy.0 = Debug|ARM64
		{C553820A-2D56-45E8-86CC-47E920D1B595}.Debug|x64.ActiveCfg = Debug|x64
		{C553820A-2D56-45E8-86CC-47E920D1B595}.Debug|x64.Build.0 = Debug|x64
		{C553820A-2D56-45E8-86CC-47E920D1B595}.Debug|x64.Deploy.0 = Debug|x64
		{C553820A-2D56-45E8-86CC-47E920D1B595}.Debug|x86.ActiveCfg = Debug|Win32
		{C553820A-2D56-45E8-86CC-47E920D1B595}.Debug|x86.Build.0 = Debug|Win32
		{C553820A-2D56-45E8-86CC-47E920D1B595}.Debug|x86.Deploy.0 = Debug|Win32
		{C553820A-2D56-45E8-86CC-47E920D1B595}.Release|ARM.ActiveCfg = Release|ARM
		{C553820A-2D56-45E8-86CC-47E920D1B595}.Release|ARM.Build.0 = Release|ARM
		{C553820A-2D56-45E8-86CC-47E920D1B595}.Release|ARM.Deploy.0 = Release|ARM
		{C553820A-2D56-45E8-86CC-47E920D1B595}.Release|ARM64.ActiveCfg = Release|ARM64
		{C553820A-2D56-45E8-86CC-47E920D1B595}.Release|ARM64.Build.0 = Release|ARM64
		{C553820A-2D56-45E8-86CC-47E920D1B595}.Release|ARM64.Deploy.0 = Release|ARM64
		{C553820A-2D56-45E8-86CC-47E920D1B595}.Release|x64.ActiveCfg = Release|x64
		{C553820A-2D56-45E8-86CC-47E920D1B595}.Release|x64.Build.0 = Release|x64
		{C553820A-2D56-45E8-86CC-47E920D1B595}.Release|x64.Deploy.0 = Release|x64
		{C553820A-2D56-45E8-86CC-47E920D1B595}.Release|x86.ActiveCfg = Release|Win32
		{C553820A-2D56-45E8-86CC-47E920D1B595}.Release|x86.Build.0 = Release|Win32
		{C553820A-2D56-45E8-86CC-47E920D1B595}.Release|x86.Deploy.0 = Release|Win32
		{F2ED7772-F723-4546-80E4-A25166404D62}.Debug|ARM.ActiveCfg = Debug|ARM
		{F2ED7772-F723-4546-80E4-A25166404D62}.Debug|ARM.Build.0 = Debug|ARM
		{F2ED7772-F723-4546-80E4-A25166404D62}.Debug|ARM.Deploy.0 = Debug|ARM
		{F2ED7772-F723-4546-80E4-A25166404D62}.Debug|ARM64.ActiveCfg = Debug|ARM64
		{F2ED7772-F723-4546-80E4-A25166404D62}.Debug|ARM64.Build.0 = Debug|ARM64
		{F2ED7772-F723-4546-80E4-A25166404D62}.Debug|ARM64.Deploy.0 = Debug|ARM64
		{F2ED7772-F723-4546-80E4-A25166404D62}.Debug|x64.ActiveCfg = Debug|x64
		{F2ED7772-F723-4546-80E4-A25166404D62}.Debug|x64.Build.0 = Debug|x64
		{F2ED7772-F723-4546-80E4-A25166404D62}.Debug|x64.Deploy.0 = Debug|x64
		{F2ED7772-F723-4546-80E4-A25166404D62}.Debug|x86.ActiveCfg = Debug|Win32
		{F2ED7772-F723-4546-80E4-A25166404D62}.Debug|x86.Build.0 = Debug|Win32
		{F2ED7772-F723-4546-80E4-A25166404D62}.Debug|x86.Deploy.0 = Debug|Win32
		{F2ED7772-F723-4546-80E4-A25166404D62}.Release|ARM.ActiveCfg = Release|ARM
		{F2ED7772-F723-4546-80E4-A25166404D62}.Release|ARM.Build.0 = Release|ARM
		{F2ED7772-F723-4546-80E4-A25166404D62}.Release|ARM.Deploy.0 = Release|ARM
		{F2ED7772-F723-4546-80E4-A25166404D62}.Release|ARM64.ActiveCfg = Release|ARM64
		{F2ED7772-F723-4546-80E4-A25166404D62}.Release|ARM64.Build.0 = Release|ARM64
		{F2ED7772-F723-4546-80E4-A25166404D62}.Release|ARM64.Deploy.0 = Release|ARM64
		{F2ED7772-F723-4546-80E4-A25166404D62}.Release|x64.ActiveCfg = Release|x64
		{F2ED7772-F723-4546-80E4-A25166404D62}.Release|x64.Build.0 = Release|x64
		{F2ED7772-F723-4546-80E4-A25166404D62}.Release|x64.Deploy.0 = Release|x64
		{F2ED7772-F723-4546-80E4-A25166404D62}.Release|x86.ActiveCfg = Release|Win32
		{F2ED7772-F723-4546-80E4-A25166404D62}.Release|x86.Build.0 = Release|Win32
		{F2ED7772-F723-4546-80E4-A25166404D62}.Release|x86.Deploy.0 = Release|Win32
		{D5EA0B06-AEE8-494C-A52B-9156DB5E2F3C}.Debug|ARM.ActiveCfg = Debug|ARM
		{D5EA0B06-AEE8-494C-A52B-9156DB5E2F3C}.Debug|ARM.Build.0 = Debug|ARM
		{D5EA0B06-AEE8-494C-A52B-9156DB5E2F3C}.Debug|ARM.Deploy.0 = Debug|ARM
		{D5EA0B06-AEE8-494C-A52B-9156DB5E2F3C}.Debug|ARM64.ActiveCfg = Debug|ARM64
		{D5EA0B06-AEE8-494C-A52B-9156DB5E2F3C}.Debug|ARM64.Build.0 = Debug|ARM64
		{D5EA0B06-AEE8-494C-A52B-9156DB5E2F3C}.Debug|ARM64.Deploy.0 = Debug|ARM64
		{D5EA0B06-AEE8-494C-A52B-9156DB5E2F3C}.Debug|x64.ActiveCfg = Debug|x64
		{D5EA0B06-AEE8-494C-A52B-9156DB5E2F3C}.Debug|x64.Build.0 = Debug|x64
		{D5EA0B06-AEE8-494C-A52B-9156DB5E2F3C}.Debug|x64.Deploy.0 = Debug|x64
		{D5EA0B06-AEE8-494C-A52B-9156DB5E2F3C}.Debug|x86.ActiveCfg = Debug|Win32
		{D5EA0B06-AEE8-494C-A52B-9156DB5E2F3C}.Debug|x86.Build.0 = Debug|Win32
		{D5EA0B06-AEE8-494C-A52B-9156DB5E2F3C}.Debug|x86.Deploy.0 = Debug|Win32
		{D5EA0B06-AEE8-494C-A52B-9156DB5E2F3C}.Release|ARM.ActiveCfg = Release|ARM
		{D5EA0B06-AEE8-494C-A52B-9156DB5E2F3C}.Release|ARM.Build.0 = Release|ARM
		{D5EA0B06-AEE8-494C-A52B-9156DB5E2F3C}.Release|ARM.Deploy.0 = Release|ARM
		{D5EA0B06-AEE8-494C-A52B-9156DB5E2F3C}.Release|ARM64.ActiveCfg = Release|ARM64
		{D5EA0B06-AEE8-494C-A52B-9156DB5E2F3C}.Release|ARM64.Build.0 = Release|ARM64
		{D5EA0B06-AEE8-494C-A52B-9156DB5E2F3C}.Release|ARM64.Deploy.0 = Release|ARM64
		{D5EA0B06-AEE8-494C-A52B-9156DB5E2F3C}.Release|x64.ActiveCfg = Release|x64
		{D5EA0B06-AEE8-494C-A52B-9156DB5E2F3C}.Release|x64.Build.0 = Release|x64
		{D5EA0B06-AEE8-494C-A52B-9156DB5E2F3C}.Release|x64.Deploy.0 = Release|x64
		{D5EA0B06-AEE8-494C-A52B-9156DB5E2F3C}.Release|x86.ActiveCfg = Release|Win32
		{D5EA0B06-AEE8-494C-A52B-9156DB5E2F3C}.Release|x86.Build.0 = Release|Win32
		{D5EA0B06-AEE8-494C-A52B-9156DB5E2F3C}.Release|x86.Deploy.0 = Release|Win32
		{933208DF-4391-4802-A006-E608D5EDDFD8}.Debug|ARM.ActiveCfg = Debug|ARM
		{933208DF-4391-4802-A006-E608D5EDDFD8}.Debug|ARM.Build.0 = Debug|ARM
		{933208DF-4391-4802-A006-E608D5EDDFD8}.Debug|ARM.Deploy.0 = Debug|ARM
		{933208DF-4391-4802-A006-E608D5EDDFD8}.Debug|ARM64.ActiveCfg = Debug|ARM64
		{933208DF-4391-4802-A006-E608D5EDDFD8}.Debug|ARM64.Build.0 = Debug|ARM64
		{933208DF-4391-4802-A006-E608D5EDDFD8}.Debug|ARM64.Deploy.0 = Debug|ARM64
		{933208DF-4391-4802-A006-E608D5EDDFD8}.Debug|x64.ActiveCfg = Debug|x64
		{933208DF-4391-4802-A006-E608D5EDDFD8}.Debug|x64.Build.0 = Debug|x64
		{933208DF-4391-4802-A006-E608D5EDDFD8}.Debug|x64.Deploy.0 = Debug|x64
		{933208DF-4391-4802-A006-E608D5EDDFD8}.Debug|x86.ActiveCfg = Debug|Win32
		{933208DF-4391-4802-A006-E608D5EDDFD8}.Debug|x86.Build.0 = Debug|Win32
		{933208DF-4391-4802-A006-E608D5EDDFD8}.Debug|x86.Deploy.0 = Debug|Win32
		{933208DF-4391-4802-A006-E608D5EDDFD8}.Release|ARM.ActiveCfg = Release|ARM
		{933208DF-4391-4802-A006-E608D5EDDFD8}.Release|ARM.Build.0 = Release|ARM
		{933208DF-4391-4802-A006-E608D5EDDFD8}.Release|ARM.Deploy.0 = Release|ARM
		{933208DF-4391-4802-A006-E608D5EDDFD8}.Release|ARM64.ActiveCfg = Release|ARM64
		{933208DF-4391-4802-A006-E608D5EDDFD8}.Release|ARM64.Build.0 = Release|ARM64
		{933208DF-4391-4802-A006-E608D5EDDFD8}.Release|ARM64.Deploy.0 = Release|ARM64
		{933208DF-4391-4802-A006-E608D5EDDFD8}.Release|x64.ActiveCfg = Release|x64
		{933208DF-4391-4802-A006-E608D5EDDFD8}.Release|x64.Build.0 = Release|x64
		{933208DF-4391-4802-A006-E608D5EDDFD8}.Release|x64.Deploy.0 = Release|x64
		{933208DF-4391-4802-A006-E608D5EDDFD8}.Release|x86.ActiveCfg = Release|Win32
		{933208DF-4391-4802-A006-E608D5EDDFD8}.Release|x86.Build.0 = Release|Win32
		{933208DF-4391-4802-A006-E608D5EDDFD8}.Release|x86.Deploy.0 = Release|Win32
		{0117D5A4-DB90-41B5-9693-25920377C39E}.Debug|ARM.ActiveCfg = Debug|ARM
		{0117D5A4-DB90-41B5-9693-25920377C39E}.Debug|ARM.Build.0 = Debug|ARM
		{0117D5A4-DB90-41B5-9693-25920377C39E}.Debug|ARM.Deploy.0 = Debug|ARM
		{0117D5A4-DB90-41B5-9693-25920377C39E}.Debug|ARM64.ActiveCfg = Debug|ARM64
		{0117D5A4-DB90-41B5-9693-25920377C39E}.Debug|ARM64.Build.0 = Debug|ARM64
		{0117D5A4-DB90-41B5-9693-25920377C39E}.Debug|ARM64.Deploy.0 = Debug|ARM64
		{0117D5A4-DB90-41B5-9693-25920377C39E}.Debug|x64.ActiveCfg = Debug|x64
		{0117D5A4-DB90-41B5-9693-25920377C39E}.Debug|x64.Build.0 = Debug|x64
		{0117D5A4-DB90-41B5-9693-25920377C39E}.Debug|x64.Deploy.0 = Debug|x64
		{0117D5A4-DB90-41B5-9693-25920377C39E}.Debug|x86.ActiveCfg = Debug|Win32
		{0117D5A4-DB90-41B5-9693-25920377C39E}.Debug|x86.Build.0 = Debug|Win32
		{0117D5A4-DB90-41B5-9693-25920377C39E}.Debug|x86.Deploy.0 = Debug|Win32
		{0117D5A4-DB90-41B5-9693-25920377C39E}.Release|ARM.ActiveCfg = Release|ARM
		{0117D5A4-DB90-41B5-9693-25920377C39E}.Release|ARM.Build.0 = Release|ARM
		{0117D5A4-DB90-41B5-9693-25920377C39E}.Release|ARM.Deploy.0 = Release|ARM
		{0117D5A4-DB90-41B5-9693-25920377C39E}.Release|ARM64.ActiveCfg = Release|ARM64
		{0117D5A4-DB90-41B5-9693-25920377C39E}.Release|ARM64.Build.0 = Release|ARM64
		{0117D5A4-DB90-41B5-9693-25920377C39E}.Release|ARM64.Deploy.0 = Release|ARM64
		{0117D5A4-DB90-41B5-9693-25920377C39E}.Release|x64.ActiveCfg = Release|x64
		{0117D5A4-DB90-41B5-9693-25920377C39E}.Release|x64.Build.0 = Release|x64
		{0117D5A4-DB90-41B5-9693-25920377C39E}.Release|x64.Deploy.0 = Release|x64
		{0117D5A4-DB90-41B5-9693-25920377C39E}.Release|x86.ActiveCfg = Release|Win32
		{0117D5A4-DB90-41B5-9693-25920377C39E}.Release|x86.Build.0 = Release|Win32
		{0117D5A4-DB90-41B5-9693-25920377C39E}.Release|x86.Deploy.0 = Release|Win32
		{03AAD255-CA20-4FFF-AADF-95D33C9A7CFF}.Debug|ARM.ActiveCfg = Debug|ARM
		{03AAD255-CA20-4FFF-AADF-95D33C9A7CFF}.Debug|ARM.Build.0 = Debug|ARM
		{03AAD255-CA20-4FFF-AADF-95D33C9A7CFF}.Debug|ARM.Deploy.0 = Debug|ARM
		{03AAD255-CA20-4FFF-AADF-95D33C9A7CFF}.Debug|ARM64.ActiveCfg = Debug|ARM64
		{03AAD255-CA20-4FFF-AADF-95D33C9A7CFF}.Debug|ARM64.Build.0 = Debug|ARM64
		{03AAD255-CA20-4FFF-AADF-95D33C9A7CFF}.Debug|ARM64.Deploy.0 = Debug|ARM64
		{03AAD255-CA20-4FFF-AADF-95D33C9A7CFF}.Debug|x64.ActiveCfg = Debug|x64
		{03AAD255-CA20-4FFF-AADF-95D33C9A7CFF}.Debug|x64.Build.0 = Debug|x64
		{03AAD255-CA20-4FFF-AADF-95D33C9A7CFF}.Debug|x64.Deploy.0 = Debug|x64
		{03AAD255-CA20-4FFF-AADF-95D33C9A7CFF}.Debug|x86.ActiveCfg = Debug|Win32
		{03AAD255-CA20-4FFF-AADF-95D33C9A7CFF}.Debug|x86.Build.0 = Debug|Win32
		{03AAD255-CA20-4FFF-AADF-95D33C9A7CFF}.Debug|x86.Deploy.0 = Debug|Win32
		{03AAD255-CA20-4FFF-AADF-95D33C9A7CFF}.Release|ARM.ActiveCfg = Release|ARM
		{03AAD255-CA20-4FFF-AADF-95D33C9A7CFF}.Release|ARM.Build.0 = Release|ARM
		{03AAD255-CA20-4FFF-AADF-95D33C9A7CFF}.Release|ARM.Deploy.0 = Release|ARM
		{03AAD255-CA20-4FFF-AADF-95D33C9A7CFF}.Release|ARM64.ActiveCfg = Release|ARM64
		{03AAD255-CA20-4FFF-AADF-95D33C9A7CFF}.Release|ARM64.Build.0 = Release|ARM64
		{03AAD255-CA20-4FFF-AADF-95D33C9A7CFF}.Release|ARM64.Deploy.0 = Release|ARM64
		{03AAD255-CA20-4FFF-AADF-95D33C9A7CFF}.Release|x64.ActiveCfg = Release|x64
		{03AAD255-CA20-4FFF-AADF-95D33C9A7CFF}.Release|x64.Build.0 = Release|x64
		{03AAD255-CA20-4FFF-AADF-95D33C9A7CFF}.Release|x64.Deploy.0 = Release|x64
		{03AAD255-CA20-4FFF-AADF-95D33C9A7CFF}.Release|x86.ActiveCfg = Release|Win32
		{03AAD255-CA20-4FFF-AADF-95D33C9A7CFF}.Release|x86.Build.0 = Release|Win32
		{03AAD255-CA20-4FFF-AADF-95D33C9A7CFF}.Release|x86.Deploy.0 = Release|Win32
		{64C17049-09C8-4E1F-9EF7-310786433A7D}.Debug|ARM.ActiveCfg = Debug|ARM
		{64C17049-09C8-4E1F-9EF7-310786433A7D}.Debug|ARM.Build.0 = Debug|ARM
		{64C17049-09C8-4E1F-9EF7-310786433A7D}.Debug|ARM.Deploy.0 = Debug|ARM
		{64C17049-09C8-4E1F-9EF7-310786433A7D}.Debug|ARM64.ActiveCfg = Debug|ARM64
		{64C17049-09C8-4E1F-9EF7-310786433A7D}.Debug|ARM64.Build.0 = Debug|ARM64
		{64C17049-09C8-4E1F-9EF7-310786433A7D}.Debug|ARM64.Deploy.0 = Debug|ARM64
		{64C17049-09C8-4E1F-9EF7-310786433A7D}.Debug|x64.ActiveCfg = Debug|x64
		{64C17049-09C8-4E1F-9EF7-310786433A7D}.Debug|x64.Build.0 = Debug|x64
		{64C17049-09C8-4E1F-9EF7-310786433A7D}.Debug|x64.Deploy.0 = Debug|x64
		{64C17049-09C8-4E1F-9EF7-310786433A7D}.Debug|x86.ActiveCfg = Debug|Win32
		{64C17049-09C8-4E1F-9EF7-310786433A7D}.Debug|x86.Build.0 = Debug|Win32
		{64C17049-09C8-4E1F-9EF7-310786433A7D}.Debug|x86.Deploy.0 = Debug|Win32
		{64C17049-09C8-4E1F-9EF7-310786433A7D}.Release|ARM.ActiveCfg = Release|ARM
		{64C17049-09C8-4E1F-9EF7-310786433A7D}.Release|ARM.Build.0 = Release|ARM
		{64C17049-09C8-4E1F-9EF7-310786433A7D}.Release|ARM.Deploy.0 = Release|ARM
		{64C17049-09C8-4E1F-9EF7-310786433A7D}.Release|ARM64.ActiveCfg = Release|ARM64
		{64C17049-09C8-4E1F-9EF7-310786433A7D}.Release|ARM64.Build.0 = Release|ARM64
		{64C17049-09C8-4E1F-9EF7-310786433A7D}.Release|ARM64.Deploy.0 = Release|ARM64
		{64C17049-09C8-4E1F-9EF7-310786433A7D}.Release|x64.ActiveCfg = Release|x64
		{64C17049-09C8-4E1F-9EF7-310786433A7D}.Release|x64.Build.0 = Release|x64
		{64C17049-09C8-4E1F-9EF7-310786433A7D}.Release|x64.Deploy.0 = Release|x64
		{64C17049-09C8-4E1F-9EF7-310786433A7D}.Release|x86.ActiveCfg = Release|Win32
		{64C17049-09C8-4E1F-9EF7-310786433A7D}.Release|x86.Build.0 = Release|Win32
		{64C17049-09C8-4E1F-9EF7-310786433A7D}.Release|x86.Deploy.0 = Release|Win32
		{EC92B77E-5A93-4FA4-8847-682953172B0C}.Debug|ARM.ActiveCfg = Debug|ARM
		{EC92B77E-5A93-4FA4-8847-682953172B0C}.Debug|ARM.Build.0 = Debug|ARM
		{EC92B77E-5A93-4FA4-8847-682953172B0C}.Debug|ARM.Deploy.0 = Debug|ARM
		{EC92B77E-5A93-4FA4-8847-682953172B0C}.Debug|ARM64.ActiveCfg = Debug|ARM64
		{EC92B77E-5A93-4FA4-8847-682953172B0C}.Debug|ARM64.Build.0 = Debug|ARM64
		{EC92B77E-5A93-4FA4-8847-682953172B0C}.Debug|ARM64.Deploy.0 = Debug|ARM64
		{EC92B77E-5A93-4FA4-8847-682953172B0C}.Debug|x64.ActiveCfg = Debug|x64
		{EC92B77E-5A93-4FA4-8847-682953172B0C}.Debug|x64.Build.0 = Debug|x64
		{EC92B77E-5A93-4FA4-8847-682953172B0C}.Debug|x64.Deploy.0 = Debug|x64
		{EC92B77E-5A93-4FA4-8847-682953172B0C}.Debug|x86.ActiveCfg = Debug|Win32
		{EC92B77E-5A93-4FA4-8847-682953172B0C}.Debug|x86.Build.0 = Debug|Win32
		{EC92B77E-5A93-4FA4-8847-682953172B0C}.Debug|x86.Deploy.0 = Debug|Win32
		{EC92B77E-5A93-4FA4-8847-682953172B0C}.Release|ARM.ActiveCfg = Release|ARM
		{EC92B77E-5A93-4FA4-8847-682953172B0C}.Release|ARM.Build.0 = Release|ARM
		{EC92B77E-5A93-4FA4-8847-682953172B0C}.Release|ARM.Deploy.0 = Release|ARM
		{EC92B77E-5A93-4FA4-8847-682953172B0C}.Release|ARM64.ActiveCfg = Release|ARM64
		{EC92B77E-5A93-4FA4-8847-682953172B0C}.Release|ARM64.Build.0 = Release|ARM64
		{EC92B77E-5A93-4FA4-8847-682953172B0C}.Release|ARM64.Deploy.0 = Release|ARM64
		{EC92B77E-5A93-4FA4-8847-682953172B0C}.Release|x64.ActiveCfg = Release|x64
		{EC92B77E-5A93-4FA4-8847-682953172B0C}.Release|x64.Build.0 = Release|x64
		{EC92B77E-5A93-4FA4-8847-682953172B0C}.Release|x64.Deploy.0 = Release|x64
		{EC92B77E-5A93-4FA4-8847-682953172B0C}.Release|x86.ActiveCfg = Release|Win32
		{EC92B77E-5A93-4FA4-8847-682953172B0C}.Release|x86.Build.0 = Release|Win32
		{EC92B77E-5A93-4FA4-8847-682953172B0C}.Release|x86.Deploy.0 = Release|Win32
		{4822319B-E153-4623-8AAA-95A36305A7AB}.Debug|ARM.ActiveCfg = Debug|ARM
		{4822319B-E153-4623-8AAA-95A36305A7AB}.Debug|ARM.Build.0 = Debug|ARM
		{4822319B-E153-4623-8AAA-95A36305A7AB}.Debug|ARM.Deploy.0 = Debug|ARM
		{4822319B-E153-4623-8AAA-95A36305A7AB}.Debug|ARM64.ActiveCfg = Debug|ARM64
		{4822319B-E153-4623-8AAA-95A36305A7AB}.Debug|ARM64.Build.0 = Debug|ARM64
		{4822319B-E153-4623-8AAA-95A36305A7AB}.Debug|ARM64.Deploy.0 = Debug|ARM64
		{4822319B-E153-4623-8AAA-95A36305A7AB}.Debug|x64.ActiveCfg = Debug|x64
		{4822319B-E153-4623-8AAA-95A36305A7AB}.Debug|x64.Build.0 = Debug|x64
		{4822319B-E153-4623-8AAA-95A36305A7AB}.Debug|x64.Deploy.0 = Debug|x64
		{4822319B-E153-4623-8AAA-95A36305A7AB}.Debug|x86.ActiveCfg = Debug|Win32
		{4822319B-E153-4623-8AAA-95A36305A7AB}.Debug|x86.Build.0 = Debug|Win32
		{4822319B-E153-4623-8AAA-95A36305A7AB}.Debug|x86.Deploy.0 = Debug|Win32
		{4822319B-E153-4623-8AAA-95A36305A7AB}.Release|ARM.ActiveCfg = Release|ARM
		{4822319B-E153-4623-8AAA-95A36305A7AB}.Release|ARM.Build.0 = Release|ARM
		{4822319B-E153-4623-8AAA-95A36305A7AB}.Release|ARM.Deploy.0 = Release|ARM
		{4822319B-E153-4623-8AAA-95A36305A7AB}.Release|ARM64.ActiveCfg = Release|ARM64
		{4822319B-E153-4623-8AAA-95A36305A7AB}.Release|ARM64.Build.0 = Release|ARM64
		{4822319B-E153-4623-8AAA-95A36305A7AB}.Release|ARM64.Deploy.0 = Release|ARM64
		{4822319B-E153-4623-8AAA-95A36305A7AB}.Release|x64.ActiveCfg = Release|x64
		{4822319B-E153-4623-8AAA-95A36305A7AB}.Release|x64.Build.0 = Release|x64
		{4822319B-E153-4623-8AAA-95A36305A7AB}.Release|x64.Deploy.0 = Release|x64
		{4822319B-E153-4623-8AAA-95A36305A7AB}.Release|x86.ActiveCfg = Release|Win32
		{4822319B-E153-4623-8AAA-95A36305A7AB}.Release|x86.Build.0 = Release|Win32
		{4822319B-E153-4623-8AAA-95A36305A7AB}.Release|x86.Deploy.0 = Release|Win32
		{721C6820-8CDD-464E-B5B6-A53DE5C6D17C}.Debug|ARM.ActiveCfg = Debug|ARM
		{721C6820-8CDD-464E-B5B6-A53DE5C6D17C}.Debug|ARM.Build.0 = Debug|ARM
		{721C6820-8CDD-464E-B5B6-A53DE5C6D17C}.Debug|ARM.Deploy.0 = Debug|ARM
		{721C6820-8CDD-464E-B5B6-A53DE5C6D17C}.Debug|ARM64.ActiveCfg = Debug|ARM64
		{721C6820-8CDD-464E-B5B6-A53DE5C6D17C}.Debug|ARM64.Build.0 = Debug|ARM64
		{721C6820-8CDD-464E-B5B6-A53DE5C6D17C}.Debug|ARM64.Deploy.0 = Debug|ARM64
		{721C6820-8CDD-464E-B5B6-A53DE5C6D17C}.Debug|x64.ActiveCfg = Debug|x64
		{721C6820-8CDD-464E-B5B6-A53DE5C6D17C}.Debug|x64.Build.0 = Debug|x64
		{721C6820-8CDD-464E-B5B6-A53DE5C6D17C}.Debug|x64.Deploy.0 = Debug|x64
		{721C6820-8CDD-464E-B5B6-A53DE5C6D17C}.Debug|x86.ActiveCfg = Debug|Win32
		{721C6820-8CDD-464E-B5B6-A53DE5C6D17C}.Debug|x86.Build.0 = Debug|Win32
		{721C6820-8CDD-464E-B5B6-A53DE5C6D17C}.Debug|x86.Deploy.0 = Debug|Win32
		{721C6820-8CDD-464E-B5B6-A53DE5C6D17C}.Release|ARM.ActiveCfg = Release|ARM
		{721C6820-8CDD-464E-B5B6-A53DE5C6D17C}.Release|ARM.Build.0 = Release|ARM
		{721C6820-8CDD-464E-B5B6-A53DE5C6D17C}.Release|ARM.Deploy.0 = Release|ARM
		{721C6820-8CDD-464E-B5B6-A53DE5C6D17C}.Release|ARM64.ActiveCfg = Release|ARM64
		{721C6820-8CDD-464E-B5B6-A53DE5C6D17C}.Release|ARM64.Build.0 = Release|ARM64
		{721C6820-8CDD-464E-B5B6-A53DE5C6D17C}.Release|ARM64.Deploy.0 = Release|ARM64
		{721C6820-8CDD-464E-B5B6-A53DE5C6D17C}.Release|x64.ActiveCfg = Release|x64
		{721C6820-8CDD-464E-B5B6-A53DE5C6D17C}.Release|x64.Build.0 = Release|x64
		{721C6820-8CDD-464E-B5B6-A53DE5C6D17C}.Release|x64.Deploy.0 = Release|x64
		{721C6820-8CDD-464E-B5B6-A53DE5C6D17C}.Release|x86.ActiveCfg = Release|Win32
		{721C6820-8CDD-464E-B5B6-A53DE5C6D17C}.Release|x86.Build.0 = Release|Win32
		{721C6820-8CDD-464E-B5B6-A53DE5C6D17C}.Release|x86.Deploy.0 = Release|Win32
		{12A25C83-2BA6-49CC-9DCB-074B410EB6C4}.Debug|ARM.ActiveCfg = Debug|ARM
		{12A25C83-2BA6-49CC-9DCB-074B410EB6C4}.Debug|ARM.Build.0 = Debug|ARM
		{12A25C83-2BA6-49CC-9DCB-074B410EB6C4}.Debug|ARM.Deploy.0 = Debug|ARM
		{12A25C83-2BA6-49CC-9DCB-074B410EB6C4}.Debug|ARM64.ActiveCfg = Debug|ARM64
		{12A25C83-2BA6-49CC-9DCB-074B410EB6C4}.Debug|ARM64.Build.0 = Debug|ARM64
		{12A25C83-2BA6-49CC-9DCB-074B410EB6C4}.Debug|ARM64.Deploy.0 = Debug|ARM64
		{12A25C83-2BA6-49CC-9DCB-074B410EB6C4}.Debug|x64.ActiveCfg = Debug|x64
		{12A25C83-2BA6-49CC-9DCB-074B410EB6C4}.Debug|x64.Build.0 = Debug|x64
		{12A25C83-2BA6-49CC-9DCB-074B410EB6C4}.Debug|x64.Deploy.0 = Debug|x64
		{12A25C83-2BA6-49CC-9DCB-074B410EB6C4}.Debug|x86.ActiveCfg = Debug|Win32
		{12A25C83-2BA6-49CC-9DCB-074B410EB6C4}.Debug|x86.Build.0 = Debug|Win32
		{12A25C83-2BA6-49CC-9DCB-074B410EB6C4}.Debug|x86.Deploy.0 = Debug|Win32
		{12A25C83-2BA6-49CC-9DCB-074B410EB6C4}.Release|ARM.ActiveCfg = Release|ARM
		{12A25C83-2BA6-49CC-9DCB-074B410EB6C4}.Release|ARM.Build.0 = Release|ARM
		{12A25C83-2BA6-49CC-9DCB-074B410EB6C4}.Release|ARM.Deploy.0 = Release|ARM
		{12A25C83-2BA6-49CC-9DCB-074B410EB6C4}.Release|ARM64.ActiveCfg = Release|ARM64
		{12A25C83-2BA6-49CC-9DCB-074B410EB6C4}.Release|ARM64.Build.0 = Release|ARM64
		{12A25C83-2BA6-49CC-9DCB-074B410EB6C4}.Release|ARM64.Deploy.0 = Release|ARM64
		{12A25C83-2BA6-49CC-9DCB-074B410EB6C4}.Release|x64.ActiveCfg = Release|x64
		{12A25C83-2BA6-49CC-9DCB-074B410EB6C4}.Release|x64.Build.0 = Release|x64
		{12A25C83-2BA6-49CC-9DCB-074B410EB6C4}.Release|x64.Deploy.0 = Release|x64
		{12A25C83-2BA6-49CC-9DCB-074B410EB6C4}.Release|x86.ActiveCfg = Release|Win32
		{12A25C83-2BA6-49CC-9DCB-074B410EB6C4}.Release|x86.Build.0 = Release|Win32
		{12A25C83-2BA6-49CC-9DCB-074B410EB6C4}.Release|x86.Deploy.0 = Release|Win32
		{E527E4BD-665A-4732-8FD8-65574DF0C0B2}.Debug|ARM.ActiveCfg = Debug|ARM
		{E527E4BD-665A-4732-8FD8-65574DF0C0B2}.Debug|ARM.Build.0 = Debug|ARM
		{E527E4BD-665A-4732-8FD8-65574DF0C0B2}.Debug|ARM.Deploy.0 = Debug|ARM
		{E527E4BD-665A-4732-8FD8-65574DF0C0B2}.Debug|ARM64.ActiveCfg = Debug|ARM64
		{E527E4BD-665A-4732-8FD8-65574DF0C0B2}.Debug|ARM64.Build.0 = Debug|ARM64
		{E527E4BD-665A-4732-8FD8-65574DF0C0B2}.Debug|ARM64.Deploy.0 = Debug|ARM64
		{E527E4BD-665A-4732-8FD8-65574DF0C0B2}.Debug|x64.ActiveCfg = Debug|x64
		{E527E4BD-665A-4732-8FD8-65574DF0C0B2}.Debug|x64.Build.0 = Debug|x64
		{E527E4BD-665A-4732-8FD8-65574DF0C0B2}.Debug|x64.Deploy.0 = Debug|x64
		{E527E4BD-665A-4732-8FD8-65574DF0C0B2}.Debug|x86.ActiveCfg = Debug|Win32
		{E527E4BD-665A-4732-8FD8-65574DF0C0B2}.Debug|x86.Build.0 = Debug|Win32
		{E527E4BD-665A-4732-8FD8-65574DF0C0B2}.Debug|x86.Deploy.0 = Debug|Win32
		{E527E4BD-665A-4732-8FD8-65574DF0C0B2}.Release|ARM.ActiveCfg = Release|ARM
		{E527E4BD-665A-4732-8FD8-65574DF0C0B2}.Release|ARM.Build.0 = Release|ARM
		{E527E4BD-665A-4732-8FD8-65574DF0C0B2}.Release|ARM.Deploy.0 = Release|ARM
		{E527E4BD-665A-4732-8FD8-65574DF0C0B2}.Release|ARM64.ActiveCfg = Release|ARM64
		{E527E4BD-665A-4732-8FD8-65574DF0C0B2}.Release|ARM64.Build.0 = Release|ARM64
		{E527E4BD-665A-4732-8FD8-65574DF0C0B2}.Release|ARM64.Deploy.0 = Release|ARM64
		{E527E4BD-665A-4732-8FD8-65574DF0C0B2}.Release|x64.ActiveCfg = Release|x64
		{E527E4BD-665A-4732-8FD8-65574DF0C0B2}.Release|x64.Build.0 = Release|x64
		{E527E4BD-665A-4732-8FD8-65574DF0C0B2}.Release|x64.Deploy.0 = Release|x64
		{E527E4BD-665A-4732-8FD8-65574DF0C0B2}.Release|x86.ActiveCfg = Release|Win32
		{E527E4BD-665A-4732-8FD8-65574DF0C0B2}.Release|x86.Build.0 = Release|Win32
		{E527E4BD-665A-4732-8FD8-65574DF0C0B2}.Release|x86.Deploy.0 = Release|Win32
		{B9CBEABA-7973-4E59-A57B-2827A1228C6D}.Debug|ARM.ActiveCfg = Debug|ARM
		{B9CBEABA-7973-4E59-A57B-2827A1228C6D}.Debug|ARM.Build.0 = Debug|ARM
		{B9CBEABA-7973-4E59-A57B-2827A1228C6D}.Debug|ARM.Deploy.0 = Debug|ARM
		{B9CBEABA-7973-4E59-A57B-2827A1228C6D}.Debug|ARM64.ActiveCfg = Debug|ARM64
		{B9CBEABA-7973-4E59-A57B-2827A1228C6D}.Debug|ARM64.Build.0 = Debug|ARM64
		{B9CBEABA-7973-4E59-A57B-2827A1228C6D}.Debug|ARM64.Deploy.0 = Debug|ARM64
		{B9CBEABA-7973-4E59-A57B-2827A1228C6D}.Debug|x64.ActiveCfg = Debug|x64
		{B9CBEABA-7973-4E59-A57B-2827A1228C6D}.Debug|x64.Build.0 = Debug|x64
		{B9CBEABA-7973-4E59-A57B-2827A1228C6D}.Debug|x64.Deploy.0 = Debug|x64
		{B9CBEABA-7973-4E59-A57B-2827A1228C6D}.Debug|x86.ActiveCfg = Debug|Win32
		{B9CBEABA-7973-4E59-A57B-2827A1228C6D}.Debug|x86.Build.0 = Debug|Win32
		{B9CBEABA-7973-4E59-A57B-2827A1228C6D}.Debug|x86.Deploy.0 = Debug|Win32
		{B9CBEABA-7973-4E59-A57B-2827A1228C6D}.Release|ARM.ActiveCfg = Release|ARM
		{B9CBEABA-7973-4E59-A57B-2827A1228C6D}.Release|ARM.Build.0 = Release|ARM
		{B9CBEABA-7973-4E59-A57B-2827A1228C6D}.Release|ARM.Deploy.0 = Release|ARM
		{B9CBEABA-7973-4E59-A57B-2827A1228C6D}.Release|ARM64.ActiveCfg = Release|ARM64
		{B9CBEABA-7973-4E59-A57B-2827A1228C6D}.Release|ARM64.Build.0 = Release|ARM64
		{B9CBEABA-7973-4E59-A57B-2827A1228C6D}.Release|ARM64.Deploy.0 = Release|ARM64
		{B9CBEABA-7973-4E59-A57B-2827A1228C6D}.Release|x64.ActiveCfg = Release|x64
		{B9CBEABA-7973-4E59-A57B-2827A1228C6D}.Release|x64.Build.0 = Release|x64
		{B9CBEABA-7973-4E59-A57B-2827A1228C6D}.Release|x64.Deploy.0 = Release|x64
		{B9CBEABA-7973-4E59-A57B-2827A1228C6D}.Release|x86.ActiveCfg = Release|Win32
		{B9CBEABA-7973-4E59-A57B-2827A1228C6D}.Release|x86.Build.0 = Release|Win32
		{B9CBEABA-7973-4E59-A57B-2827A1228C6D}.Release|x86.Deploy.0 = Release|Win32
		{97219A66-9C70-4509-9B43-78584D19B34D}.Debug|ARM.ActiveCfg = Debug|ARM
		{97219A66-9C70-4509-9B43-78584D19B34D}.Debug|ARM.Build.0 = Debug|ARM
		{97219A66-9C70-4509-9B43-78584D19B34D}.Debug|ARM.Deploy.0 = Debug|ARM
		{97219A66-9C70-4509-9B43-78584D19B34D}.Debug|ARM64.ActiveCfg = Debug|ARM64
		{97219A66-9C70-4509-9B43-78584D19B34D}.Debug|ARM64.Build.0 = Debug|ARM64
		{97219A66-9C70-4509-9B43-78584D19B34D}.Debug|ARM64.Deploy.0 = Debug|ARM64
		{97219A66-9C70-4509-9B43-78584D19B34D}.Debug|x64.ActiveCfg = Debug|x64
		{97219A66-9C70-4509-9B43-78584D19B34D}.Debug|x64.Build.0 = Debug|x64
		{97219A66-9C70-4509-9B43-78584D19B34D}.Debug|x64.Deploy.0 = Debug|x64
		{97219A66-9C70-4509-9B43-78584D19B34D}.Debug|x86.ActiveCfg = Debug|Win32
		{97219A66-9C70-4509-9B43-78584D19B34D}.Debug|x86.Build.0 = Debug|Win32
		{97219A66-9C70-4509-9B43-78584D19B34D}.Debug|x86.Deploy.0 = Debug|Win32
		{97219A66-9C70-4509-9B43-78584D19B34D}.Release|ARM.ActiveCfg = Release|ARM
		{97219A66-9C70-4509-9B43-78584D19B34D}.Release|ARM.Build.0 = Release|ARM
		{97219A66-9C70-4509-9B43-78584D19B34D}.Release|ARM.Deploy.0 = Release|ARM
		{97219A66-9C70-4509-9B43-78584D19B34D}.Release|ARM64.ActiveCfg = Release|ARM64
		{97219A66-9C70-4509-9B43-78584D19B34D}.Release|ARM64.Build.0 = Release|ARM64
		{97219A66-9C70-4509-9B43-78584D19B34D}.Release|ARM64.Deploy.0 = Release|ARM64
		{97219A66-9C70-4509-9B43-78584D19B34D}.Release|x64.ActiveCfg = Release|x64
		{97219A66-9C70-4509-9B43-78584D19B34D}.Release|x64.Build.0 = Release|x64
		{97219A66-9C70-4509-9B43-78584D19B34D}.Release|x64.Deploy.0 = Release|x64
		{97219A66-9C70-4509-9B43-78584D19B34D}.Release|x86.ActiveCfg = Release|Win32
		{97219A66-9C70-4509-9B43-78584D19B34D}.Release|x86.Build.0 = Release|Win32
		{97219A66-9C70-4509-9B43-78584D19B34D}.Release|x86.Deploy.0 = Release|Win32
	EndGlobalSection
	GlobalSection(SolutionProperties) = preSolution
		HideSolutionNode = FALSE
	EndGlobalSection
	GlobalSection(NestedProjects) = preSolution
		{70AA9C7E-9EF9-40BD-9490-29D395FAC820} = {91743623-2C82-4825-B518-60470957082D}
		{1BDC589F-054B-40B1-8D94-4D14B59DEC95} = {38918EFB-8D82-4782-A842-54460D84DAC6}
		{8A103F71-2471-490E-9495-CDD5726B18D2} = {38918EFB-8D82-4782-A842-54460D84DAC6}
		{513A7B5A-05CE-4811-981C-646708FB7BBB} = {38918EFB-8D82-4782-A842-54460D84DAC6}
		{58DAE92B-4A58-4DB1-A691-D0BF21ADA2F5} = {91743623-2C82-4825-B518-60470957082D}
		{C553820A-2D56-45E8-86CC-47E920D1B595} = {91743623-2C82-4825-B518-60470957082D}
		{F2ED7772-F723-4546-80E4-A25166404D62} = {91743623-2C82-4825-B518-60470957082D}
		{D5EA0B06-AEE8-494C-A52B-9156DB5E2F3C} = {91743623-2C82-4825-B518-60470957082D}
		{933208DF-4391-4802-A006-E608D5EDDFD8} = {91743623-2C82-4825-B518-60470957082D}
		{0117D5A4-DB90-41B5-9693-25920377C39E} = {91743623-2C82-4825-B518-60470957082D}
		{03AAD255-CA20-4FFF-AADF-95D33C9A7CFF} = {91743623-2C82-4825-B518-60470957082D}
		{64C17049-09C8-4E1F-9EF7-310786433A7D} = {87989B14-27D6-4AB0-AFDD-620A4A678130}
		{EC92B77E-5A93-4FA4-8847-682953172B0C} = {91743623-2C82-4825-B518-60470957082D}
		{4822319B-E153-4623-8AAA-95A36305A7AB} = {91743623-2C82-4825-B518-60470957082D}
		{721C6820-8CDD-464E-B5B6-A53DE5C6D17C} = {87989B14-27D6-4AB0-AFDD-620A4A678130}
		{12A25C83-2BA6-49CC-9DCB-074B410EB6C4} = {91743623-2C82-4825-B518-60470957082D}
		{E527E4BD-665A-4732-8FD8-65574DF0C0B2} = {91743623-2C82-4825-B518-60470957082D}
		{B9CBEABA-7973-4E59-A57B-2827A1228C6D} = {91743623-2C82-4825-B518-60470957082D}
		{97219A66-9C70-4509-9B43-78584D19B34D} = {91743623-2C82-4825-B518-60470957082D}
	EndGlobalSection
	GlobalSection(ExtensibilityGlobals) = postSolution
		SolutionGuid = {A4D9A73D-6818-4D9D-B0FD-38FF8C480751}
	EndGlobalSection
EndGlobal
