
Microsoft Visual Studio Solution File, Format Version 12.00
# Visual Studio 15
VisualStudioVersion = 15.0.28307.1585
MinimumVisualStudioVersion = 10.0.40219.1
Project("{8BC9CEB8-8B4A-11D0-8D11-00A0C91BC942}") = "DGSLTest_XboxOneXDK_2017", "DGSLTest_XboxOneXDK_2017.vcxproj", "{CA8827E7-C89F-4A81-A58B-639E9A3B8220}"
EndProject
Project("{8BC9CEB8-8B4A-11D0-8D11-00A0C91BC942}") = "DirectXTK_XboxOneXDK_2017", "..\..\DirectXTK_XboxOneXDK_2017.vcxproj", "{4FDFDCCD-EE2E-415C-B458-1E8FDB0D85F2}"
EndProject
Project("{2150E333-8FDC-42A3-9474-1A3956D46DE8}") = "Solution Items", "Solution Items", "{65D3FE51-9CE1-4DD1-B485-495328C4D0D5}"
	ProjectSection(SolutionItems) = preProject
		..\..\.editorconfig = ..\..\.editorconfig
	EndProjectSection
EndProject
Global
	GlobalSection(SolutionConfigurationPlatforms) = preSolution
		Debug|Durango = Debug|Durango
		Profile|Durango = Profile|Durango
		Release|Durango = Release|Durango
	EndGlobalSection
	GlobalSection(ProjectConfigurationPlatforms) = postSolution
		{CA8827E7-C89F-4A81-A58B-639E9A3B8220}.Debug|Durango.ActiveCfg = Debug|Durango
		{CA8827E7-C89F-4A81-A58B-639E9A3B8220}.Debug|Durango.Build.0 = Debug|Durango
		{CA8827E7-C89F-4A81-A58B-639E9A3B8220}.Debug|Durango.Deploy.0 = Debug|Durango
		{CA8827E7-C89F-4A81-A58B-639E9A3B8220}.Profile|Durango.ActiveCfg = Profile|Durango
		{CA8827E7-C89F-4A81-A58B-639E9A3B8220}.Profile|Durango.Build.0 = Profile|Durango
		{CA8827E7-C89F-4A81-A58B-639E9A3B8220}.Profile|Durango.Deploy.0 = Profile|Durango
		{CA8827E7-C89F-4A81-A58B-639E9A3B8220}.Release|Durango.ActiveCfg = Release|Durango
		{CA8827E7-C89F-4A81-A58B-639E9A3B8220}.Release|Durango.Build.0 = Release|Durango
		{CA8827E7-C89F-4A81-A58B-639E9A3B8220}.Release|Durango.Deploy.0 = Release|Durango
		{4FDFDCCD-EE2E-415C-B458-1E8FDB0D85F2}.Debug|Durango.ActiveCfg = Debug|Durango
		{4FDFDCCD-EE2E-415C-B458-1E8FDB0D85F2}.Debug|Durango.Build.0 = Debug|Durango
		{4FDFDCCD-EE2E-415C-B458-1E8FDB0D85F2}.Profile|Durango.ActiveCfg = Profile|Durango
		{4FDFDCCD-EE2E-415C-B458-1E8FDB0D85F2}.Profile|Durango.Build.0 = Profile|Durango
		{4FDFDCCD-EE2E-415C-B458-1E8FDB0D85F2}.Release|Durango.ActiveCfg = Release|Durango
		{4FDFDCCD-EE2E-415C-B458-1E8FDB0D85F2}.Release|Durango.Build.0 = Release|Durango
	EndGlobalSection
	GlobalSection(SolutionProperties) = preSolution
		HideSolutionNode = FALSE
	EndGlobalSection
	GlobalSection(ExtensibilityGlobals) = postSolution
		SolutionGuid = {C217B5A6-EB5A-4FF4-806E-4AF016D850D6}
	EndGlobalSection
EndGlobal
