<?xml version="1.0" encoding="utf-8"?>
<Project ToolsVersion="14.0" xmlns="http://schemas.microsoft.com/developer/msbuild/2003">
  <ItemGroup>
    <ClInclude Include="Game.h" />
    <ClInclude Include="pch.h" />
    <ClInclude Include="..\Common\DeviceResourcesXDK.h">
      <Filter>Common</Filter>
    </ClInclude>
    <ClInclude Include="..\Common\StepTimer.h">
      <Filter>Common</Filter>
    </ClInclude>
  </ItemGroup>
  <ItemGroup>
    <ClCompile Include="Game.cpp" />
    <ClCompile Include="pch.cpp" />
    <ClCompile Include="..\Common\DeviceResourcesXDK.cpp">
      <Filter>Common</Filter>
    </ClCompile>
    <ClCompile Include="..\Common\MainXDK.cpp">
      <Filter>Common</Filter>
    </ClCompile>
  </ItemGroup>
  <ItemGroup>
    <AppxManifest Include="PackageXDK.appxmanifest" />
  </ItemGroup>
  <ItemGroup>
    <Filter Include="Assets">
      <UniqueIdentifier>{5bbd9b8f-ae61-46e6-a8ad-fa5c531b583d}</UniqueIdentifier>
    </Filter>
    <Filter Include="Common">
      <UniqueIdentifier>{e478dc08-49b8-42f6-99d4-ca28d4dddf9b}</UniqueIdentifier>
    </Filter>
    <Filter Include="Assets\Logos">
      <UniqueIdentifier>{ddaa4057-808a-4d29-a0ed-109039eab86e}</UniqueIdentifier>
    </Filter>
    <Filter Include="Assets\CmoShip">
      <UniqueIdentifier>{cce0525c-60a1-4e94-89aa-3e557e6786cf}</UniqueIdentifier>
    </Filter>
    <Filter Include="Assets\VSStarter">
      <UniqueIdentifier>{e5417a25-8c30-452d-a44f-ce6dc6ef72b9}</UniqueIdentifier>
    </Filter>
    <Filter Include="Assets\Soldier">
      <UniqueIdentifier>{83a94116-c155-4caa-b455-1bd809e0de2c}</UniqueIdentifier>
    </Filter>
  </ItemGroup>
  <ItemGroup>
    <Image Include="..\Common\WideLogo.scale-100.png">
      <Filter>Assets\Logos</Filter>
    </Image>
    <Image Include="..\Common\Logo.scale-100.png">
      <Filter>Assets\Logos</Filter>
    </Image>
    <Image Include="..\Common\SmallLogo.scale-100.png">
      <Filter>Assets\Logos</Filter>
    </Image>
    <Image Include="..\Common\SplashScreen.scale-100.png">
      <Filter>Assets\Logos</Filter>
    </Image>
    <Image Include="..\Common\StoreLogo.scale-100.png">
      <Filter>Assets\Logos</Filter>
    </Image>
    <Image Include="_Users_Shaun_Desktop_Transfer_Model Generation_CMO_Ships_StarFire_25ab10e8-621a-47d4-a63d-f65a00bc1549__texture__01.png.dds">
      <Filter>Assets\CmoShip</Filter>
    </Image>
    <Image Include="_Users_Shaun_Desktop_Transfer_Model Generation_CMO_Ships_StarFire_25ab10e8-621a-47d4-a63d-f65a00bc1549__texture__03.png.dds">
      <Filter>Assets\CmoShip</Filter>
    </Image>
    <Image Include="_Users_Shaun_Desktop_Transfer_Model Generation_CMO_Ships_StarFire_25ab10e8-621a-47d4-a63d-f65a00bc1549__texture__04.png.dds">
      <Filter>Assets\CmoShip</Filter>
    </Image>
    <Image Include="_USERS_CHUCKW.WINGROUP_DESKTOP_VS 3D STARTER KIT_STARTERKIT_ASSETS_CUBEUVIMAGE.PNG.DDS">
      <Filter>Assets\VSStarter</Filter>
    </Image>
    <Image Include="head_diff.dds">
      <Filter>Assets\Soldier</Filter>
    </Image>
    <Image Include="jacket_diff.dds">
      <Filter>Assets\Soldier</Filter>
    </Image>
    <Image Include="pants_diff.dds">
      <Filter>Assets\Soldier</Filter>
    </Image>
    <Image Include="upBody_diff.dds">
      <Filter>Assets\Soldier</Filter>
    </Image>
  </ItemGroup>
  <ItemGroup>
    <None Include="25ab10e8-621a-47d4-a63d-f65a00bc1549_model.cmo">
      <Filter>Assets\CmoShip</Filter>
    </None>
    <None Include="gamelevel.cmo">
      <Filter>Assets\VSStarter</Filter>
    </None>
    <None Include="teapot.cmo">
      <Filter>Assets\VSStarter</Filter>
    </None>
    <None Include="teapot_lambert.cmo">
      <Filter>Assets\VSStarter</Filter>
    </None>
    <None Include="teapot_phong.cmo">
      <Filter>Assets\VSStarter</Filter>
    </None>
    <None Include="teapot_unlit.cmo">
      <Filter>Assets\VSStarter</Filter>
    </None>
    <None Include="_Users_ChuckW.WINGROUP_Desktop_VS 3D Starter Kit_StarterKit_Assets_GlowEffect.dgsl.cso">
      <Filter>Assets\VSStarter</Filter>
    </None>
    <None Include="GlowEffect.cso">
      <Filter>Assets\VSStarter</Filter>
    </None>
    <None Include="soldier.sdkmesh">
      <Filter>Assets\Soldier</Filter>
    </None>
  </ItemGroup>
</Project>