<?xml version="1.0" encoding="utf-8"?>
<Project ToolsVersion="4.0" xmlns="http://schemas.microsoft.com/developer/msbuild/2003">
  <ItemGroup>
    <ClCompile Include="Audio3DTest.cpp" />
  </ItemGroup>
  <ItemGroup>
    <Filter Include="Assets">
      <UniqueIdentifier>{e524cd03-98aa-4374-870d-889ece68069e}</UniqueIdentifier>
    </Filter>
  </ItemGroup>
  <ItemGroup>
    <Image Include="earth_A2B10G10R10.dds">
      <Filter>Assets</Filter>
    </Image>
    <Image Include="win95.bmp">
      <Filter>Assets</Filter>
    </Image>
  </ItemGroup>
</Project>