<?xml version="1.0" encoding="utf-8"?>
<Project ToolsVersion="14.0" xmlns="http://schemas.microsoft.com/developer/msbuild/2003">
  <ItemGroup>
    <ClInclude Include="Game.h" />
    <ClInclude Include="pch.h" />
    <ClInclude Include="..\Common\DeviceResourcesXDK.h">
      <Filter>Common</Filter>
    </ClInclude>
    <ClInclude Include="..\Common\StepTimer.h">
      <Filter>Common</Filter>
    </ClInclude>
  </ItemGroup>
  <ItemGroup>
    <ClCompile Include="Game.cpp" />
    <ClCompile Include="pch.cpp" />
    <ClCompile Include="..\Common\DeviceResourcesXDK.cpp">
      <Filter>Common</Filter>
    </ClCompile>
    <ClCompile Include="..\Common\MainXDK.cpp">
      <Filter>Common</Filter>
    </ClCompile>
  </ItemGroup>
  <ItemGroup>
    <AppxManifest Include="PackageXDK.appxmanifest" />
  </ItemGroup>
  <ItemGroup>
    <Filter Include="Assets">
      <UniqueIdentifier>{02ccbbe0-10eb-4c4c-95d3-d1170297f979}</UniqueIdentifier>
    </Filter>
    <Filter Include="Common">
      <UniqueIdentifier>{4a361f8d-21be-47e2-8aff-c23a47769354}</UniqueIdentifier>
    </Filter>
  </ItemGroup>
  <ItemGroup>
    <Image Include="..\Common\Logo.scale-100.png">
      <Filter>Assets</Filter>
    </Image>
    <Image Include="..\Common\SmallLogo.scale-100.png">
      <Filter>Assets</Filter>
    </Image>
    <Image Include="..\Common\SplashScreen.scale-100.png">
      <Filter>Assets</Filter>
    </Image>
    <Image Include="..\Common\StoreLogo.scale-100.png">
      <Filter>Assets</Filter>
    </Image>
    <Image Include="..\Common\WideLogo.scale-100.png">
      <Filter>Assets</Filter>
    </Image>
  </ItemGroup>
  <ItemGroup>
    <None Include="comic.spritefont">
      <Filter>Assets</Filter>
    </None>
    <None Include="consolas.spritefont">
      <Filter>Assets</Filter>
    </None>
    <None Include="italic.spritefont">
      <Filter>Assets</Filter>
    </None>
    <None Include="japanese.spritefont">
      <Filter>Assets</Filter>
    </None>
    <None Include="multicolored.spritefont">
      <Filter>Assets</Filter>
    </None>
    <None Include="nonproportional.spritefont">
      <Filter>Assets</Filter>
    </None>
    <None Include="script.spritefont">
      <Filter>Assets</Filter>
    </None>
    <None Include="xboxController.spritefont">
      <Filter>Assets</Filter>
    </None>
    <None Include="XboxOneController.spritefont">
      <Filter>Assets</Filter>
    </None>
  </ItemGroup>
</Project>