<?xml version="1.0" encoding="utf-8"?>
<Project ToolsVersion="14.0" xmlns="http://schemas.microsoft.com/developer/msbuild/2003">
  <ItemGroup>
    <Filter Include="Common">
      <UniqueIdentifier>6666e2c7-7d2f-44bd-a9e4-25045735293a</UniqueIdentifier>
    </Filter>
    <Filter Include="Assets">
      <UniqueIdentifier>cb1ae3b3-4b66-4ce3-9d99-9b69e12ae59c</UniqueIdentifier>
      <Extensions>bmp;dds;fbx;gif;jpg;jpeg;tga;tiff;tif;png</Extensions>
    </Filter>
    <Filter Include="Assets\IBL">
      <UniqueIdentifier>{7e548642-f144-46a4-b8f5-08ec4468fda1}</UniqueIdentifier>
    </Filter>
    <Filter Include="Assets\BrokenCube">
      <UniqueIdentifier>{bd15d903-8426-4d98-a60c-b5a8410a9b8a}</UniqueIdentifier>
    </Filter>
    <Filter Include="Assets\Sphere">
      <UniqueIdentifier>{f79259cc-c2ff-4e9e-9cc8-2e1a4bdfe24d}</UniqueIdentifier>
    </Filter>
    <Filter Include="Assets\Logos">
      <UniqueIdentifier>{43e38169-2953-4f06-83dd-2701493cd57b}</UniqueIdentifier>
    </Filter>
  </ItemGroup>
  <ItemGroup>
    <ClInclude Include="pch.h" />
    <ClInclude Include="Game.h" />
    <ClInclude Include="..\Common\DeviceResourcesXDK.h">
      <Filter>Common</Filter>
    </ClInclude>
    <ClInclude Include="..\Common\RenderTexture.h">
      <Filter>Common</Filter>
    </ClInclude>
    <ClInclude Include="..\Common\StepTimer.h">
      <Filter>Common</Filter>
    </ClInclude>
    <ClInclude Include="..\Common\DirectXTKTest.h">
      <Filter>Common</Filter>
    </ClInclude>
  </ItemGroup>
  <ItemGroup>
    <ClCompile Include="pch.cpp" />
    <ClCompile Include="Game.cpp" />
    <ClCompile Include="..\Common\DeviceResourcesXDK.cpp">
      <Filter>Common</Filter>
    </ClCompile>
    <ClCompile Include="..\Common\MainXDK.cpp">
      <Filter>Common</Filter>
    </ClCompile>
    <ClCompile Include="..\Common\RenderTexture.cpp">
      <Filter>Common</Filter>
    </ClCompile>
  </ItemGroup>
  <ItemGroup>
    <Image Include="Atrium_diffuseIBL.dds">
      <Filter>Assets\IBL</Filter>
    </Image>
    <Image Include="Atrium_specularIBL.dds">
      <Filter>Assets\IBL</Filter>
    </Image>
    <Image Include="Garage_diffuseIBL.dds">
      <Filter>Assets\IBL</Filter>
    </Image>
    <Image Include="Garage_specularIBL.dds">
      <Filter>Assets\IBL</Filter>
    </Image>
    <Image Include="SunSubMixer_diffuseIBL.dds">
      <Filter>Assets\IBL</Filter>
    </Image>
    <Image Include="SunSubMixer_specularIBL.dds">
      <Filter>Assets\IBL</Filter>
    </Image>
    <Image Include="BrokenCube_baseColor.png">
      <Filter>Assets\BrokenCube</Filter>
    </Image>
    <Image Include="BrokenCube_emissive.png">
      <Filter>Assets\BrokenCube</Filter>
    </Image>
    <Image Include="BrokenCube_normal.png">
      <Filter>Assets\BrokenCube</Filter>
    </Image>
    <Image Include="BrokenCube_occlusionRoughnessMetallic.png">
      <Filter>Assets\BrokenCube</Filter>
    </Image>
    <Image Include="Sphere2Mat_baseColor.png">
      <Filter>Assets\Sphere</Filter>
    </Image>
    <Image Include="Sphere2Mat_emissive.png">
      <Filter>Assets\Sphere</Filter>
    </Image>
    <Image Include="Sphere2Mat_normal.png">
      <Filter>Assets\Sphere</Filter>
    </Image>
    <Image Include="Sphere2Mat_occlusionRoughnessMetallic.png">
      <Filter>Assets\Sphere</Filter>
    </Image>
    <Image Include="SphereMat_baseColor.png">
      <Filter>Assets\Sphere</Filter>
    </Image>
    <Image Include="SphereMat_normal.png">
      <Filter>Assets\Sphere</Filter>
    </Image>
    <Image Include="SphereMat_occlusionRoughnessMetallic.png">
      <Filter>Assets\Sphere</Filter>
    </Image>
    <Image Include="..\Common\Logo.scale-100.png">
      <Filter>Assets\Logos</Filter>
    </Image>
    <Image Include="..\Common\SmallLogo.scale-100.png">
      <Filter>Assets\Logos</Filter>
    </Image>
    <Image Include="..\Common\SplashScreen.scale-100.png">
      <Filter>Assets\Logos</Filter>
    </Image>
    <Image Include="..\Common\StoreLogo.scale-100.png">
      <Filter>Assets\Logos</Filter>
    </Image>
    <Image Include="..\Common\WideLogo.scale-100.png">
      <Filter>Assets\Logos</Filter>
    </Image>
  </ItemGroup>
  <ItemGroup>
    <AppxManifest Include="PackageXDK.appxmanifest" />
  </ItemGroup>
  <ItemGroup>
    <None Include="comic.spritefont">
      <Filter>Assets</Filter>
    </None>
    <None Include="BrokenCube.vbo">
      <Filter>Assets\BrokenCube</Filter>
    </None>
  </ItemGroup>
</Project>