
Microsoft Visual Studio Solution File, Format Version 12.00
# Visual Studio 15
VisualStudioVersion = 15.0.28307.1585
MinimumVisualStudioVersion = 10.0.40219.1
Project("{8BC9CEB8-8B4A-11D0-8D11-00A0C91BC942}") = "SimpleAudioTest_XboxOneXDK_2017", "SimpleAudioTest_XboxOneXDK_2017.vcxproj", "{1BAD9750-62E9-4D9E-A59D-2B09C5AE74A1}"
EndProject
Project("{8BC9CEB8-8B4A-11D0-8D11-00A0C91BC942}") = "DirectXTK_XboxOneXDK_2017", "..\..\DirectXTK_XboxOneXDK_2017.vcxproj", "{4FDFDCCD-EE2E-415C-B458-1E8FDB0D85F2}"
EndProject
Project("{2150E333-8FDC-42A3-9474-1A3956D46DE8}") = "Solution Items", "Solution Items", "{A3981D86-9833-446E-AC25-0770D4DEF2CD}"
	ProjectSection(SolutionItems) = preProject
		..\..\.editorconfig = ..\..\.editorconfig
	EndProjectSection
EndProject
Global
	GlobalSection(SolutionConfigurationPlatforms) = preSolution
		Debug|Durango = Debug|Durango
		Profile|Durango = Profile|Durango
		Release|Durango = Release|Durango
	EndGlobalSection
	GlobalSection(ProjectConfigurationPlatforms) = postSolution
		{1BAD9750-62E9-4D9E-A59D-2B09C5AE74A1}.Debug|Durango.ActiveCfg = Debug|Durango
		{1BAD9750-62E9-4D9E-A59D-2B09C5AE74A1}.Debug|Durango.Build.0 = Debug|Durango
		{1BAD9750-62E9-4D9E-A59D-2B09C5AE74A1}.Debug|Durango.Deploy.0 = Debug|Durango
		{1BAD9750-62E9-4D9E-A59D-2B09C5AE74A1}.Profile|Durango.ActiveCfg = Profile|Durango
		{1BAD9750-62E9-4D9E-A59D-2B09C5AE74A1}.Profile|Durango.Build.0 = Profile|Durango
		{1BAD9750-62E9-4D9E-A59D-2B09C5AE74A1}.Profile|Durango.Deploy.0 = Profile|Durango
		{1BAD9750-62E9-4D9E-A59D-2B09C5AE74A1}.Release|Durango.ActiveCfg = Release|Durango
		{1BAD9750-62E9-4D9E-A59D-2B09C5AE74A1}.Release|Durango.Build.0 = Release|Durango
		{1BAD9750-62E9-4D9E-A59D-2B09C5AE74A1}.Release|Durango.Deploy.0 = Release|Durango
		{4FDFDCCD-EE2E-415C-B458-1E8FDB0D85F2}.Debug|Durango.ActiveCfg = Debug|Durango
		{4FDFDCCD-EE2E-415C-B458-1E8FDB0D85F2}.Debug|Durango.Build.0 = Debug|Durango
		{4FDFDCCD-EE2E-415C-B458-1E8FDB0D85F2}.Profile|Durango.ActiveCfg = Profile|Durango
		{4FDFDCCD-EE2E-415C-B458-1E8FDB0D85F2}.Profile|Durango.Build.0 = Profile|Durango
		{4FDFDCCD-EE2E-415C-B458-1E8FDB0D85F2}.Release|Durango.ActiveCfg = Release|Durango
		{4FDFDCCD-EE2E-415C-B458-1E8FDB0D85F2}.Release|Durango.Build.0 = Release|Durango
	EndGlobalSection
	GlobalSection(SolutionProperties) = preSolution
		HideSolutionNode = FALSE
	EndGlobalSection
	GlobalSection(ExtensibilityGlobals) = postSolution
		SolutionGuid = {7C84217D-0EE7-4C66-8333-ACF7B9B2E57B}
	EndGlobalSection
EndGlobal
