<?xml version="1.0" encoding="utf-8"?>
<Project ToolsVersion="4.0" xmlns="http://schemas.microsoft.com/developer/msbuild/2003">
  <ItemGroup>
    <Filter Include="Common">
      <UniqueIdentifier>514f7c6c-00ef-48c2-aee4-f74f130bbe34</UniqueIdentifier>
    </Filter>
    <Filter Include="Assets">
      <UniqueIdentifier>16057d4d-a4db-42a3-9ab4-7bba19e124b9</UniqueIdentifier>
      <Extensions>ico;cur;bmp;dds;dlg;fbx;rct;bin;rgs;gif;jpg;jpeg;jpe;resx;tga;tiff;tif;png;wav;mfcribbon-ms</Extensions>
    </Filter>
  </ItemGroup>
  <ItemGroup>
    <ClInclude Include="pch.h" />
    <ClInclude Include="Game.h" />
    <ClInclude Include="..\Common\DeviceResourcesPC.h">
      <Filter>Common</Filter>
    </ClInclude>
    <ClInclude Include="..\Common\StepTimer.h">
      <Filter>Common</Filter>
    </ClInclude>
    <ClInclude Include="..\Common\TextConsole.h">
      <Filter>Common</Filter>
    </ClInclude>
  </ItemGroup>
  <ItemGroup>
    <ClCompile Include="pch.cpp" />
    <ClCompile Include="Game.cpp" />
    <ClCompile Include="..\Common\DeviceResourcesPC.cpp">
      <Filter>Common</Filter>
    </ClCompile>
    <ClCompile Include="..\Common\MainPC.cpp">
      <Filter>Common</Filter>
    </ClCompile>
    <ClCompile Include="..\Common\TextConsole.cpp">
      <Filter>Common</Filter>
    </ClCompile>
  </ItemGroup>
  <ItemGroup>
    <None Include="..\BasicAudioTest\ADPCMdroid.xwb">
      <Filter>Assets</Filter>
    </None>
    <None Include="..\BasicAudioTest\droid.xwb">
      <Filter>Assets</Filter>
    </None>
    <None Include="..\BasicAudioTest\xwmadroid.xwb">
      <Filter>Assets</Filter>
    </None>
    <None Include="comic.spritefont">
      <Filter>Assets</Filter>
    </None>
    <None Include="Courier_16.spritefont">
      <Filter>Assets</Filter>
    </None>
  </ItemGroup>
  <ItemGroup>
    <Media Include="..\BasicAudioTest\Alarm01.wav">
      <Filter>Assets</Filter>
    </Media>
    <Media Include="..\BasicAudioTest\Alarm01_adpcm.wav">
      <Filter>Assets</Filter>
    </Media>
    <Media Include="..\BasicAudioTest\Alarm01_float.wav">
      <Filter>Assets</Filter>
    </Media>
    <Media Include="..\BasicAudioTest\Alarm01_xwma.wav">
      <Filter>Assets</Filter>
    </Media>
  </ItemGroup>
  <ItemGroup>
    <Manifest Include="..\Common\settings.manifest">
      <Filter>Common</Filter>
    </Manifest>
  </ItemGroup>
</Project>