<?xml version="1.0" encoding="utf-8"?>
<Project ToolsVersion="14.0" xmlns="http://schemas.microsoft.com/developer/msbuild/2003">
  <ItemGroup>
    <ClInclude Include="Game.h" />
    <ClInclude Include="pch.h" />
    <ClInclude Include="..\Common\DeviceResourcesXDK.h">
      <Filter>Common</Filter>
    </ClInclude>
    <ClInclude Include="..\Common\TextConsole.h">
      <Filter>Common</Filter>
    </ClInclude>
    <ClInclude Include="..\Common\DirectXTKTest.h">
      <Filter>Common</Filter>
    </ClInclude>
  </ItemGroup>
  <ItemGroup>
    <ClCompile Include="Game.cpp" />
    <ClCompile Include="pch.cpp" />
    <ClCompile Include="..\Common\DeviceResourcesXDK.cpp">
      <Filter>Common</Filter>
    </ClCompile>
    <ClCompile Include="..\Common\MainXDK.cpp">
      <Filter>Common</Filter>
    </ClCompile>
    <ClCompile Include="..\Common\TextConsole.cpp">
      <Filter>Common</Filter>
    </ClCompile>
  </ItemGroup>
  <ItemGroup>
    <AppxManifest Include="PackageXDK.appxmanifest" />
  </ItemGroup>
  <ItemGroup>
    <Filter Include="Assets">
      <UniqueIdentifier>{82b8fc16-3fdb-4e5f-87e6-935bebd4ecd9}</UniqueIdentifier>
    </Filter>
    <Filter Include="Assets\Logos">
      <UniqueIdentifier>{91c081e5-1068-4736-81fd-4663f2f25492}</UniqueIdentifier>
    </Filter>
    <Filter Include="Common">
      <UniqueIdentifier>{e75cbcac-4be0-482f-80d2-2b73b4bbc47e}</UniqueIdentifier>
    </Filter>
  </ItemGroup>
  <ItemGroup>
    <Image Include="..\Common\WideLogo.scale-100.png">
      <Filter>Assets\Logos</Filter>
    </Image>
    <Image Include="..\Common\Logo.scale-100.png">
      <Filter>Assets\Logos</Filter>
    </Image>
    <Image Include="..\Common\SmallLogo.scale-100.png">
      <Filter>Assets\Logos</Filter>
    </Image>
    <Image Include="..\Common\SplashScreen.scale-100.png">
      <Filter>Assets\Logos</Filter>
    </Image>
    <Image Include="..\Common\StoreLogo.scale-100.png">
      <Filter>Assets\Logos</Filter>
    </Image>
  </ItemGroup>
  <ItemGroup>
    <None Include="..\BasicAudioTest\ADPCMdroid.xwb">
      <Filter>Assets</Filter>
    </None>
    <None Include="..\BasicAudioTest\droid.xwb">
      <Filter>Assets</Filter>
    </None>
    <None Include="..\BasicAudioTest\xwmadroid.xwb">
      <Filter>Assets</Filter>
    </None>
    <None Include="comic.spritefont">
      <Filter>Assets</Filter>
    </None>
    <None Include="xmadroid.xwb">
      <Filter>Assets</Filter>
    </None>
    <None Include="Courier_16.spritefont">
      <Filter>Assets</Filter>
    </None>
    <None Include="..\StreamingAudioTest\WaveBankADPCM.xwb">
      <Filter>Assets</Filter>
    </None>
    <None Include="..\StreamingAudioTest\WaveBankXMA2.xwb">
      <Filter>Assets</Filter>
    </None>
    <None Include="..\StreamingAudioTest\WaveBankxWMA.xwb">
      <Filter>Assets</Filter>
    </None>
  </ItemGroup>
  <ItemGroup>
    <Media Include="..\BasicAudioTest\Alarm01.wav">
      <Filter>Assets</Filter>
    </Media>
    <Media Include="..\BasicAudioTest\Alarm01_adpcm.wav">
      <Filter>Assets</Filter>
    </Media>
    <Media Include="..\BasicAudioTest\Alarm01_float.wav">
      <Filter>Assets</Filter>
    </Media>
    <Media Include="..\BasicAudioTest\Alarm01_xwma.wav">
      <Filter>Assets</Filter>
    </Media>
    <Media Include="Alarm01_xma.wav">
      <Filter>Assets</Filter>
    </Media>
    <Media Include="tada.wav">
      <Filter>Assets</Filter>
    </Media>
  </ItemGroup>
</Project>