
Microsoft Visual Studio Solution File, Format Version 12.00
# Visual Studio 15
VisualStudioVersion = 15.0.28307.1585
MinimumVisualStudioVersion = 10.0.40219.1
Project("{8BC9CEB8-8B4A-11D0-8D11-00A0C91BC942}") = "SpriteBatchTest_XboxOneXDK_2017", "SpriteBatchTest_XboxOneXDK_2017.vcxproj", "{D83BE27B-9621-4678-9B3A-97A7A400B436}"
EndProject
Project("{8BC9CEB8-8B4A-11D0-8D11-00A0C91BC942}") = "DirectXTK_XboxOneXDK_2017", "..\..\DirectXTK_XboxOneXDK_2017.vcxproj", "{4FDFDCCD-EE2E-415C-B458-1E8FDB0D85F2}"
EndProject
Project("{2150E333-8FDC-42A3-9474-1A3956D46DE8}") = "Solution Items", "Solution Items", "{5CC30404-4C64-45B1-B635-A0A03B5862E1}"
	ProjectSection(SolutionItems) = preProject
		..\..\.editorconfig = ..\..\.editorconfig
	EndProjectSection
EndProject
Global
	GlobalSection(SolutionConfigurationPlatforms) = preSolution
		Debug|Durango = Debug|Durango
		Profile|Durango = Profile|Durango
		Release|Durango = Release|Durango
	EndGlobalSection
	GlobalSection(ProjectConfigurationPlatforms) = postSolution
		{D83BE27B-9621-4678-9B3A-97A7A400B436}.Debug|Durango.ActiveCfg = Debug|Durango
		{D83BE27B-9621-4678-9B3A-97A7A400B436}.Debug|Durango.Build.0 = Debug|Durango
		{D83BE27B-9621-4678-9B3A-97A7A400B436}.Debug|Durango.Deploy.0 = Debug|Durango
		{D83BE27B-9621-4678-9B3A-97A7A400B436}.Profile|Durango.ActiveCfg = Profile|Durango
		{D83BE27B-9621-4678-9B3A-97A7A400B436}.Profile|Durango.Build.0 = Profile|Durango
		{D83BE27B-9621-4678-9B3A-97A7A400B436}.Profile|Durango.Deploy.0 = Profile|Durango
		{D83BE27B-9621-4678-9B3A-97A7A400B436}.Release|Durango.ActiveCfg = Release|Durango
		{D83BE27B-9621-4678-9B3A-97A7A400B436}.Release|Durango.Build.0 = Release|Durango
		{D83BE27B-9621-4678-9B3A-97A7A400B436}.Release|Durango.Deploy.0 = Release|Durango
		{4FDFDCCD-EE2E-415C-B458-1E8FDB0D85F2}.Debug|Durango.ActiveCfg = Debug|Durango
		{4FDFDCCD-EE2E-415C-B458-1E8FDB0D85F2}.Debug|Durango.Build.0 = Debug|Durango
		{4FDFDCCD-EE2E-415C-B458-1E8FDB0D85F2}.Profile|Durango.ActiveCfg = Profile|Durango
		{4FDFDCCD-EE2E-415C-B458-1E8FDB0D85F2}.Profile|Durango.Build.0 = Profile|Durango
		{4FDFDCCD-EE2E-415C-B458-1E8FDB0D85F2}.Release|Durango.ActiveCfg = Release|Durango
		{4FDFDCCD-EE2E-415C-B458-1E8FDB0D85F2}.Release|Durango.Build.0 = Release|Durango
	EndGlobalSection
	GlobalSection(SolutionProperties) = preSolution
		HideSolutionNode = FALSE
	EndGlobalSection
	GlobalSection(ExtensibilityGlobals) = postSolution
		SolutionGuid = {5D930101-0F42-4CBA-9AC9-FB861080D8D7}
	EndGlobalSection
EndGlobal
