<?xml version="1.0" encoding="utf-8"?>
<Project ToolsVersion="4.0" xmlns="http://schemas.microsoft.com/developer/msbuild/2003">
  <ItemGroup>
    <ClCompile Include="ModelLoadOBJ.cpp" />
    <ClCompile Include="Game.cpp" />
    <ClCompile Include="pch.cpp" />
    <ClCompile Include="..\Common\DeviceResourcesPC.cpp">
      <Filter>Common</Filter>
    </ClCompile>
    <ClCompile Include="..\Common\MainPC.cpp">
      <Filter>Common</Filter>
    </ClCompile>
  </ItemGroup>
  <ItemGroup>
    <Filter Include="Assets">
      <UniqueIdentifier>{49d32f73-f9f1-402d-8561-7ae95827b1cf}</UniqueIdentifier>
    </Filter>
    <Filter Include="Assets\Dwarf">
      <UniqueIdentifier>{805a6130-3ee7-4d73-9238-0c9f9bf93b25}</UniqueIdentifier>
    </Filter>
    <Filter Include="Assets\VSStarter">
      <UniqueIdentifier>{378f7c0e-2021-455d-88e2-1dfe0b00ce8b}</UniqueIdentifier>
    </Filter>
    <Filter Include="Assets\Cup">
      <UniqueIdentifier>{5effa643-d878-425e-abe7-3b047c08d303}</UniqueIdentifier>
    </Filter>
    <Filter Include="Assets\Lightmap">
      <UniqueIdentifier>{b927e2eb-207d-4969-8f74-2975781a7f29}</UniqueIdentifier>
    </Filter>
    <Filter Include="Assets\Soldier">
      <UniqueIdentifier>{6a510c27-43c9-43b8-abfa-bb95eb21712d}</UniqueIdentifier>
    </Filter>
    <Filter Include="Assets\Tiny">
      <UniqueIdentifier>{70b94936-d498-4db2-9870-67307f422c98}</UniqueIdentifier>
    </Filter>
    <Filter Include="Assets\CmoShip">
      <UniqueIdentifier>{65dddf36-152a-43fc-9ee7-cfff5965479c}</UniqueIdentifier>
    </Filter>
    <Filter Include="Common">
      <UniqueIdentifier>{eb97af36-4760-4e16-9ede-c4a7c865a162}</UniqueIdentifier>
    </Filter>
    <Filter Include="Assets\Normalmap">
      <UniqueIdentifier>{3d7f7b7d-e58d-499e-a0f0-e39ca4aa51f5}</UniqueIdentifier>
    </Filter>
  </ItemGroup>
  <ItemGroup>
    <None Include="player_ship_a.vbo">
      <Filter>Assets</Filter>
    </None>
    <None Include="dwarf.sdkmesh">
      <Filter>Assets\Dwarf</Filter>
    </None>
    <None Include="teapot.cmo">
      <Filter>Assets\VSStarter</Filter>
    </None>
    <None Include="cup._obj">
      <Filter>Assets\Cup</Filter>
    </None>
    <None Include="cup.mtl">
      <Filter>Assets\Cup</Filter>
    </None>
    <None Include="gamelevel.cmo">
      <Filter>Assets\VSStarter</Filter>
    </None>
    <None Include="tiny.sdkmesh">
      <Filter>Assets\Tiny</Filter>
    </None>
    <None Include="SimpleLightMap.sdkmesh">
      <Filter>Assets\Lightmap</Filter>
    </None>
    <None Include="soldier.sdkmesh">
      <Filter>Assets\Soldier</Filter>
    </None>
    <None Include="25ab10e8-621a-47d4-a63d-f65a00bc1549_model.cmo">
      <Filter>Assets\CmoShip</Filter>
    </None>
    <None Include="cup.sdkmesh">
      <Filter>Assets\Cup</Filter>
    </None>
    <None Include="Helmet.sdkmesh">
      <Filter>Assets\Normalmap</Filter>
    </None>
  </ItemGroup>
  <ItemGroup>
    <Image Include="cubemap.dds">
      <Filter>Assets</Filter>
    </Image>
    <Image Include="default.dds">
      <Filter>Assets</Filter>
    </Image>
    <Image Include="Armor.dds">
      <Filter>Assets\Dwarf</Filter>
    </Image>
    <Image Include="Body.dds">
      <Filter>Assets\Dwarf</Filter>
    </Image>
    <Image Include="DwarfHead.dds">
      <Filter>Assets\Dwarf</Filter>
    </Image>
    <Image Include="Headgear.dds">
      <Filter>Assets\Dwarf</Filter>
    </Image>
    <Image Include="Helmet.dds">
      <Filter>Assets\Dwarf</Filter>
    </Image>
    <Image Include="Pack.dds">
      <Filter>Assets\Dwarf</Filter>
    </Image>
    <Image Include="Weapons.dds">
      <Filter>Assets\Dwarf</Filter>
    </Image>
    <Image Include="_USERS_CHUCKW.WINGROUP_DESKTOP_VS 3D STARTER KIT_STARTERKIT_ASSETS_CUBEUVIMAGE.PNG.DDS">
      <Filter>Assets\VSStarter</Filter>
    </Image>
    <Image Include="cup.jpg">
      <Filter>Assets\Cup</Filter>
    </Image>
    <Image Include="Tiny_skin.dds">
      <Filter>Assets\Tiny</Filter>
    </Image>
    <Image Include="Cement.dds">
      <Filter>Assets\Lightmap</Filter>
    </Image>
    <Image Include="Plane001LightingMap.dds">
      <Filter>Assets\Lightmap</Filter>
    </Image>
    <Image Include="StripeConcrete.dds">
      <Filter>Assets\Lightmap</Filter>
    </Image>
    <Image Include="Text001LightingMap.dds">
      <Filter>Assets\Lightmap</Filter>
    </Image>
    <Image Include="upBody_diff.dds">
      <Filter>Assets\Soldier</Filter>
    </Image>
    <Image Include="pants_diff.dds">
      <Filter>Assets\Soldier</Filter>
    </Image>
    <Image Include="jacket_diff.dds">
      <Filter>Assets\Soldier</Filter>
    </Image>
    <Image Include="head_diff.dds">
      <Filter>Assets\Soldier</Filter>
    </Image>
    <Image Include="_Users_Shaun_Desktop_Transfer_Model Generation_CMO_Ships_StarFire_25ab10e8-621a-47d4-a63d-f65a00bc1549__texture__01.png.dds">
      <Filter>Assets\CmoShip</Filter>
    </Image>
    <Image Include="_Users_Shaun_Desktop_Transfer_Model Generation_CMO_Ships_StarFire_25ab10e8-621a-47d4-a63d-f65a00bc1549__texture__03.png.dds">
      <Filter>Assets\CmoShip</Filter>
    </Image>
    <Image Include="_Users_Shaun_Desktop_Transfer_Model Generation_CMO_Ships_StarFire_25ab10e8-621a-47d4-a63d-f65a00bc1549__texture__04.png.dds">
      <Filter>Assets\CmoShip</Filter>
    </Image>
    <Image Include="Helmet_diff.dds">
      <Filter>Assets\Normalmap</Filter>
    </Image>
    <Image Include="Helmet_norm.dds">
      <Filter>Assets\Normalmap</Filter>
    </Image>
    <Image Include="Helmet_spec.dds">
      <Filter>Assets\Normalmap</Filter>
    </Image>
  </ItemGroup>
  <ItemGroup>
    <ClInclude Include="Game.h" />
    <ClInclude Include="pch.h" />
    <ClInclude Include="..\Common\DeviceResourcesPC.h">
      <Filter>Common</Filter>
    </ClInclude>
    <ClInclude Include="..\Common\StepTimer.h">
      <Filter>Common</Filter>
    </ClInclude>
    <ClInclude Include="WaveFrontReader.h" />
  </ItemGroup>
  <ItemGroup>
    <Manifest Include="..\Common\settings.manifest">
      <Filter>Common</Filter>
    </Manifest>
  </ItemGroup>
</Project>