<?xml version="1.0" encoding="utf-8"?>
<Project ToolsVersion="14.0" xmlns="http://schemas.microsoft.com/developer/msbuild/2003">
  <ItemGroup>
    <ClInclude Include="Game.h" />
    <ClInclude Include="pch.h" />
    <ClInclude Include="..\Common\DeviceResourcesXDK.h">
      <Filter>Common</Filter>
    </ClInclude>
    <ClInclude Include="..\Common\StepTimer.h">
      <Filter>Common</Filter>
    </ClInclude>
    <ClInclude Include="WaveFrontReader.h" />
    <ClInclude Include="..\Common\DirectXTKTest.h">
      <Filter>Common</Filter>
    </ClInclude>
  </ItemGroup>
  <ItemGroup>
    <ClCompile Include="pch.cpp" />
    <ClCompile Include="Game.cpp" />
    <ClCompile Include="..\Common\DeviceResourcesXDK.cpp">
      <Filter>Common</Filter>
    </ClCompile>
    <ClCompile Include="..\Common\MainXDK.cpp">
      <Filter>Common</Filter>
    </ClCompile>
    <ClCompile Include="ModelLoadOBJ.cpp" />
  </ItemGroup>
  <ItemGroup>
    <Filter Include="Assets">
      <UniqueIdentifier>{e7b5d688-d888-4663-a54e-48fe7442763f}</UniqueIdentifier>
    </Filter>
    <Filter Include="Common">
      <UniqueIdentifier>{990f3f19-ce13-4af5-a043-2856a35aacb6}</UniqueIdentifier>
    </Filter>
    <Filter Include="Assets\Dwarf">
      <UniqueIdentifier>{08d9fde8-a885-4ff1-8fa7-e9f246e64b82}</UniqueIdentifier>
    </Filter>
    <Filter Include="Assets\VSStarter">
      <UniqueIdentifier>{b8c8b4f1-e138-4dd9-abb0-5c5cb83794a6}</UniqueIdentifier>
    </Filter>
    <Filter Include="Assets\Cup">
      <UniqueIdentifier>{d67c56bb-890e-4498-a6c6-0d59bca80873}</UniqueIdentifier>
    </Filter>
    <Filter Include="Assets\Tiny">
      <UniqueIdentifier>{dbb45d5c-7bb8-4414-9545-4d02616623b1}</UniqueIdentifier>
    </Filter>
    <Filter Include="Assets\CmoShip">
      <UniqueIdentifier>{b1d983ed-7a33-4b99-ad25-3f72608235f2}</UniqueIdentifier>
    </Filter>
    <Filter Include="Assets\Soldier">
      <UniqueIdentifier>{cd724b4b-c815-460c-9ec1-28a45a59e838}</UniqueIdentifier>
    </Filter>
    <Filter Include="Assets\Lightmap">
      <UniqueIdentifier>{0ad3868e-99c4-45c4-b4d0-991f0b0fac1b}</UniqueIdentifier>
    </Filter>
    <Filter Include="Assets\Logos">
      <UniqueIdentifier>{81bc8e54-805e-48cf-9a55-c687b6cecd65}</UniqueIdentifier>
    </Filter>
    <Filter Include="Assets\Normalmap">
      <UniqueIdentifier>{c605ffca-dca9-4eb3-816c-c8fbf6a0bc66}</UniqueIdentifier>
    </Filter>
  </ItemGroup>
  <ItemGroup>
    <Image Include="Armor.dds">
      <Filter>Assets\Dwarf</Filter>
    </Image>
    <Image Include="Body.dds">
      <Filter>Assets\Dwarf</Filter>
    </Image>
    <Image Include="DwarfHead.dds">
      <Filter>Assets\Dwarf</Filter>
    </Image>
    <Image Include="Headgear.dds">
      <Filter>Assets\Dwarf</Filter>
    </Image>
    <Image Include="Helmet.dds">
      <Filter>Assets\Dwarf</Filter>
    </Image>
    <Image Include="Pack.dds">
      <Filter>Assets\Dwarf</Filter>
    </Image>
    <Image Include="Weapons.dds">
      <Filter>Assets\Dwarf</Filter>
    </Image>
    <Image Include="_USERS_CHUCKW.WINGROUP_DESKTOP_VS 3D STARTER KIT_STARTERKIT_ASSETS_CUBEUVIMAGE.PNG.DDS">
      <Filter>Assets\VSStarter</Filter>
    </Image>
    <Image Include="cup.jpg">
      <Filter>Assets\Cup</Filter>
    </Image>
    <Image Include="Tiny_skin.dds">
      <Filter>Assets\Tiny</Filter>
    </Image>
    <Image Include="_Users_Shaun_Desktop_Transfer_Model Generation_CMO_Ships_StarFire_25ab10e8-621a-47d4-a63d-f65a00bc1549__texture__01.png.dds">
      <Filter>Assets\CmoShip</Filter>
    </Image>
    <Image Include="_Users_Shaun_Desktop_Transfer_Model Generation_CMO_Ships_StarFire_25ab10e8-621a-47d4-a63d-f65a00bc1549__texture__03.png.dds">
      <Filter>Assets\CmoShip</Filter>
    </Image>
    <Image Include="_Users_Shaun_Desktop_Transfer_Model Generation_CMO_Ships_StarFire_25ab10e8-621a-47d4-a63d-f65a00bc1549__texture__04.png.dds">
      <Filter>Assets\CmoShip</Filter>
    </Image>
    <Image Include="head_diff.dds">
      <Filter>Assets\Soldier</Filter>
    </Image>
    <Image Include="jacket_diff.dds">
      <Filter>Assets\Soldier</Filter>
    </Image>
    <Image Include="pants_diff.dds">
      <Filter>Assets\Soldier</Filter>
    </Image>
    <Image Include="upBody_diff.dds">
      <Filter>Assets\Soldier</Filter>
    </Image>
    <Image Include="cubemap.dds">
      <Filter>Assets</Filter>
    </Image>
    <Image Include="default.dds">
      <Filter>Assets</Filter>
    </Image>
    <Image Include="Plane001LightingMap.dds">
      <Filter>Assets\Lightmap</Filter>
    </Image>
    <Image Include="StripeConcrete.dds">
      <Filter>Assets\Lightmap</Filter>
    </Image>
    <Image Include="Text001LightingMap.dds">
      <Filter>Assets\Lightmap</Filter>
    </Image>
    <Image Include="..\Common\WideLogo.scale-100.png">
      <Filter>Assets\Logos</Filter>
    </Image>
    <Image Include="..\Common\StoreLogo.scale-100.png">
      <Filter>Assets\Logos</Filter>
    </Image>
    <Image Include="..\Common\SplashScreen.scale-100.png">
      <Filter>Assets\Logos</Filter>
    </Image>
    <Image Include="..\Common\SmallLogo.scale-100.png">
      <Filter>Assets\Logos</Filter>
    </Image>
    <Image Include="..\Common\Logo.scale-100.png">
      <Filter>Assets\Logos</Filter>
    </Image>
    <Image Include="Cement.dds">
      <Filter>Assets\Lightmap</Filter>
    </Image>
    <Image Include="Helmet_diff.dds">
      <Filter>Assets\Normalmap</Filter>
    </Image>
    <Image Include="Helmet_norm.dds">
      <Filter>Assets\Normalmap</Filter>
    </Image>
    <Image Include="Helmet_spec.dds">
      <Filter>Assets\Normalmap</Filter>
    </Image>
    <Image Include="normalMap.dds">
      <Filter>Assets</Filter>
    </Image>
  </ItemGroup>
  <ItemGroup>
    <AppxManifest Include="PackageXDK.appxmanifest" />
  </ItemGroup>
  <ItemGroup>
    <None Include="dwarf.sdkmesh">
      <Filter>Assets\Dwarf</Filter>
    </None>
    <None Include="gamelevel.cmo">
      <Filter>Assets\VSStarter</Filter>
    </None>
    <None Include="teapot.cmo">
      <Filter>Assets\VSStarter</Filter>
    </None>
    <None Include="cup._obj">
      <Filter>Assets\Cup</Filter>
    </None>
    <None Include="cup.mtl">
      <Filter>Assets\Cup</Filter>
    </None>
    <None Include="cup.sdkmesh">
      <Filter>Assets\Cup</Filter>
    </None>
    <None Include="tiny.sdkmesh">
      <Filter>Assets\Tiny</Filter>
    </None>
    <None Include="25ab10e8-621a-47d4-a63d-f65a00bc1549_model.cmo">
      <Filter>Assets\CmoShip</Filter>
    </None>
    <None Include="soldier.sdkmesh">
      <Filter>Assets\Soldier</Filter>
    </None>
    <None Include="SimpleLightMap.sdkmesh">
      <Filter>Assets\Lightmap</Filter>
    </None>
    <None Include="player_ship_a.vbo">
      <Filter>Assets</Filter>
    </None>
    <None Include="Helmet.sdkmesh">
      <Filter>Assets\Normalmap</Filter>
    </None>
  </ItemGroup>
</Project>