
Microsoft Visual Studio Solution File, Format Version 12.00
# Visual Studio Version 17
VisualStudioVersion = 17.14.37111.16 d17.14
MinimumVisualStudioVersion = 10.0.40219.1
Project("{8BC9CEB8-8B4A-11D0-8D11-00A0C91BC942}") = "D3D11Test_GDKW_2022", "D3D11Test_GDKW_2022.vcxproj", "{A66C50CA-7194-4F0D-80D0-9BB70C886170}"
EndProject
Project("{8BC9CEB8-8B4A-11D0-8D11-00A0C91BC942}") = "DirectXTK", "..\..\DirectXTK_GDKW_2022.vcxproj", "{26BE66BD-6E77-43BA-B363-725F9FC827C1}"
EndProject
Global
	GlobalSection(SolutionConfigurationPlatforms) = preSolution
		Debug|ARM64 = Debug|ARM64
		Debug|x64 = Debug|x64
		Profile|ARM64 = Profile|ARM64
		Profile|x64 = Profile|x64
		Release|ARM64 = Release|ARM64
		Release|x64 = Release|x64
	EndGlobalSection
	GlobalSection(ProjectConfigurationPlatforms) = postSolution
		{A66C50CA-7194-4F0D-80D0-9BB70C886170}.Debug|ARM64.ActiveCfg = Debug|ARM64
		{A66C50CA-7194-4F0D-80D0-9BB70C886170}.Debug|ARM64.Build.0 = Debug|ARM64
		{A66C50CA-7194-4F0D-80D0-9BB70C886170}.Debug|x64.ActiveCfg = Debug|x64
		{A66C50CA-7194-4F0D-80D0-9BB70C886170}.Debug|x64.Build.0 = Debug|x64
		{A66C50CA-7194-4F0D-80D0-9BB70C886170}.Profile|ARM64.ActiveCfg = Profile|ARM64
		{A66C50CA-7194-4F0D-80D0-9BB70C886170}.Profile|ARM64.Build.0 = Profile|ARM64
		{A66C50CA-7194-4F0D-80D0-9BB70C886170}.Profile|x64.ActiveCfg = Profile|x64
		{A66C50CA-7194-4F0D-80D0-9BB70C886170}.Profile|x64.Build.0 = Profile|x64
		{A66C50CA-7194-4F0D-80D0-9BB70C886170}.Release|ARM64.ActiveCfg = Release|ARM64
		{A66C50CA-7194-4F0D-80D0-9BB70C886170}.Release|ARM64.Build.0 = Release|ARM64
		{A66C50CA-7194-4F0D-80D0-9BB70C886170}.Release|x64.ActiveCfg = Release|x64
		{A66C50CA-7194-4F0D-80D0-9BB70C886170}.Release|x64.Build.0 = Release|x64
		{26BE66BD-6E77-43BA-B363-725F9FC827C1}.Debug|ARM64.ActiveCfg = Debug|ARM64
		{26BE66BD-6E77-43BA-B363-725F9FC827C1}.Debug|ARM64.Build.0 = Debug|ARM64
		{26BE66BD-6E77-43BA-B363-725F9FC827C1}.Debug|x64.ActiveCfg = Debug|x64
		{26BE66BD-6E77-43BA-B363-725F9FC827C1}.Debug|x64.Build.0 = Debug|x64
		{26BE66BD-6E77-43BA-B363-725F9FC827C1}.Profile|ARM64.ActiveCfg = Profile|ARM64
		{26BE66BD-6E77-43BA-B363-725F9FC827C1}.Profile|ARM64.Build.0 = Profile|ARM64
		{26BE66BD-6E77-43BA-B363-725F9FC827C1}.Profile|x64.ActiveCfg = Profile|x64
		{26BE66BD-6E77-43BA-B363-725F9FC827C1}.Profile|x64.Build.0 = Profile|x64
		{26BE66BD-6E77-43BA-B363-725F9FC827C1}.Release|ARM64.ActiveCfg = Release|ARM64
		{26BE66BD-6E77-43BA-B363-725F9FC827C1}.Release|ARM64.Build.0 = Release|ARM64
		{26BE66BD-6E77-43BA-B363-725F9FC827C1}.Release|x64.ActiveCfg = Release|x64
		{26BE66BD-6E77-43BA-B363-725F9FC827C1}.Release|x64.Build.0 = Release|x64
	EndGlobalSection
	GlobalSection(SolutionProperties) = preSolution
		HideSolutionNode = FALSE
	EndGlobalSection
	GlobalSection(ExtensibilityGlobals) = postSolution
		SolutionGuid = {A0A93319-789D-4B33-9BBF-D427A0163F9F}
	EndGlobalSection
EndGlobal
