<?xml version="1.0" encoding="utf-8"?>
<Project ToolsVersion="4.0" xmlns="http://schemas.microsoft.com/developer/msbuild/2003">
  <ItemGroup>
    <Filter Include="Common">
      <UniqueIdentifier>74e7fe26-ab0b-4406-8db6-aa38229b7190</UniqueIdentifier>
    </Filter>
    <Filter Include="Assets">
      <UniqueIdentifier>107fde13-2ed2-4668-b179-62cfc40eb407</UniqueIdentifier>
      <Extensions>bmp;dds;fbx;gif;jpg;jpeg;tga;tiff;tif;png</Extensions>
    </Filter>
  </ItemGroup>
  <ItemGroup>
    <ClCompile Include="pch.cpp" />
    <ClCompile Include="Game.cpp" />
    <ClCompile Include="..\Common\DeviceResourcesUWP.cpp">
      <Filter>Common</Filter>
    </ClCompile>
    <ClCompile Include="..\Common\MainUWP.cpp">
      <Filter>Common</Filter>
    </ClCompile>
  </ItemGroup>
  <ItemGroup>
    <ClInclude Include="pch.h" />
    <ClInclude Include="Game.h" />
    <ClInclude Include="..\Common\DeviceResourcesUWP.h">
      <Filter>Common</Filter>
    </ClInclude>
    <ClInclude Include="..\Common\DirectXTKTest.h">
      <Filter>Common</Filter>
    </ClInclude>
    <ClInclude Include="..\Common\FindMedia.h">
      <Filter>Common</Filter>
    </ClInclude>
    <ClInclude Include="..\Common\StepTimer.h">
      <Filter>Common</Filter>
    </ClInclude>
  </ItemGroup>
  <ItemGroup>
    <Image Include="..\Common\LargeLogo.png">
      <Filter>Assets</Filter>
    </Image>
    <Image Include="..\Common\Logo.scale-100.png">
      <Filter>Assets</Filter>
    </Image>
    <Image Include="..\Common\SmallLogo.scale-100.png">
      <Filter>Assets</Filter>
    </Image>
    <Image Include="..\Common\SplashScreen.scale-100.png">
      <Filter>Assets</Filter>
    </Image>
    <Image Include="..\Common\StoreLogo.scale-100.png">
      <Filter>Assets</Filter>
    </Image>
    <Image Include="..\Common\WideLogo.scale-100.png">
      <Filter>Assets</Filter>
    </Image>
  </ItemGroup>
  <ItemGroup>
    <AppxManifest Include="PackageUWP.appxmanifest" />
  </ItemGroup>
</Project>