<?xml version="1.0" encoding="utf-8"?>
<Project ToolsVersion="4.0" xmlns="http://schemas.microsoft.com/developer/msbuild/2003">
  <ItemGroup>
    <Filter Include="Common">
      <UniqueIdentifier>81e1b81b-de7f-4d65-86b9-fc57ab2d3297</UniqueIdentifier>
    </Filter>
    <Filter Include="Assets">
      <UniqueIdentifier>e55fcab7-b8d1-4e51-ad96-c231c5d6b451</UniqueIdentifier>
      <Extensions>bmp;dds;fbx;gif;jpg;jpeg;tga;tiff;tif;png</Extensions>
    </Filter>
    <Filter Include="Assets\Logos">
      <UniqueIdentifier>{8bb003ed-1b90-46f9-bdcc-77e3118805c3}</UniqueIdentifier>
    </Filter>
  </ItemGroup>
  <ItemGroup>
    <ClCompile Include="pch.cpp" />
    <ClCompile Include="Game.cpp" />
    <ClCompile Include="..\Common\DeviceResourcesUWP.cpp">
      <Filter>Common</Filter>
    </ClCompile>
    <ClCompile Include="..\Common\MainUWP.cpp">
      <Filter>Common</Filter>
    </ClCompile>
  </ItemGroup>
  <ItemGroup>
    <ClInclude Include="pch.h" />
    <ClInclude Include="Game.h" />
    <ClInclude Include="..\Common\DeviceResourcesUWP.h">
      <Filter>Common</Filter>
    </ClInclude>
    <ClInclude Include="..\Common\StepTimer.h">
      <Filter>Common</Filter>
    </ClInclude>
    <ClInclude Include="..\Common\DirectXTKTest.h">
      <Filter>Common</Filter>
    </ClInclude>
    <ClInclude Include="..\Common\ReadData.h">
      <Filter>Common</Filter>
    </ClInclude>
  </ItemGroup>
  <ItemGroup>
    <AppxManifest Include="PackageUWP.appxmanifest" />
  </ItemGroup>
  <ItemGroup>
    <Image Include="..\Common\WideLogo.scale-100.png">
      <Filter>Assets\Logos</Filter>
    </Image>
    <Image Include="..\Common\Logo.scale-100.png">
      <Filter>Assets\Logos</Filter>
    </Image>
    <Image Include="..\Common\SmallLogo.scale-100.png">
      <Filter>Assets\Logos</Filter>
    </Image>
    <Image Include="..\Common\SplashScreen.scale-100.png">
      <Filter>Assets\Logos</Filter>
    </Image>
    <Image Include="..\Common\StoreLogo.scale-100.png">
      <Filter>Assets\Logos</Filter>
    </Image>
    <Image Include="win95.bmp">
      <Filter>Assets</Filter>
    </Image>
    <Image Include="dx5_logo.dds">
      <Filter>Assets</Filter>
    </Image>
    <Image Include="dx5_logo_autogen.dds">
      <Filter>Assets</Filter>
    </Image>
    <Image Include="earth_A2B10G10R10.dds">
      <Filter>Assets</Filter>
    </Image>
    <Image Include="io_R8G8B8A8_UNORM_SRGB_SRV_DIMENSION_TEXTURE1D_MipOff.DDS">
      <Filter>Assets</Filter>
    </Image>
    <Image Include="io_R8G8B8A8_UNORM_SRGB_SRV_DIMENSION_TEXTURE1DArray_MipOff.DDS">
      <Filter>Assets</Filter>
    </Image>
    <Image Include="io_R8G8B8A8_UNORM_SRGB_SRV_DIMENSION_TEXTURE2DArray_MipOff.DDS">
      <Filter>Assets</Filter>
    </Image>
    <Image Include="io_R8G8B8A8_UNORM_SRGB_SRV_DIMENSION_TEXTURE3D_MipOff.DDS">
      <Filter>Assets</Filter>
    </Image>
    <Image Include="tree02S_pmalpha.dds">
      <Filter>Assets</Filter>
    </Image>
    <Image Include="cup_small.jpg">
      <Filter>Assets</Filter>
    </Image>
    <Image Include="lenaNV12.dds">
      <Filter>Assets</Filter>
    </Image>
    <Image Include="testpattern.png">
      <Filter>Assets</Filter>
    </Image>
    <Image Include="pentagon.tiff">
      <Filter>Assets</Filter>
    </Image>
    <Image Include="text.tif">
      <Filter>Assets</Filter>
    </Image>
    <Image Include="World8192.dds">
      <Filter>Assets</Filter>
    </Image>
  </ItemGroup>
</Project>