<?xml version="1.0" encoding="utf-8"?>
<Project ToolsVersion="4.0" xmlns="http://schemas.microsoft.com/developer/msbuild/2003">
  <ItemGroup>
    <ClCompile Include="AnimTest.cpp" />
  </ItemGroup>
  <ItemGroup>
    <Filter Include="Assets">
      <UniqueIdentifier>{8b3a42a6-46eb-4c40-994f-492f1159845d}</UniqueIdentifier>
    </Filter>
  </ItemGroup>
  <ItemGroup>
    <None Include="soldier.sdkmesh">
      <Filter>Assets</Filter>
    </None>
    <None Include="teapot.cmo">
      <Filter>Assets</Filter>
    </None>
    <None Include="upBody_diff.dds">
      <Filter>Assets</Filter>
    </None>
    <None Include="head_diff.dds">
      <Filter>Assets</Filter>
    </None>
    <None Include="jacket_diff.dds">
      <Filter>Assets</Filter>
    </None>
    <None Include="pants_diff.dds">
      <Filter>Assets</Filter>
    </None>
    <None Include="soldier.sdkmesh_anim">
      <Filter>Assets</Filter>
    </None>
  </ItemGroup>
</Project>